<?xml version="1.0" encoding="utf-8"?>
<Project ToolsVersion="16.0" xmlns="http://schemas.microsoft.com/developer/msbuild/2003">
  <ItemGroup>
    <ClCompile Include="F:\quicNew\folly-2021.03.15.00\folly\logging\example\lib.cpp">
      <Filter>Source Files</Filter>
    </ClCompile>
  </ItemGroup>
  <ItemGroup>
    <CustomBuild Include="F:\quicNew\folly-2021.03.15.00\folly\logging\example\CMakeLists.txt" />
  </ItemGroup>
  <ItemGroup>
    <Filter Include="Source Files">
      <UniqueIdentifier>{69F3399A-0930-3C5B-8206-A5F39FD4D80A}</UniqueIdentifier>
    </Filter>
  </ItemGroup>
</Project>
