
Microsoft Visual Studio Solution File, Format Version 12.00
# Visual Studio Version 16
Project("{8BC9CEB8-8B4A-11D0-8D11-00A0C91BC942}") = "ALL_BUILD", "ALL_BUILD.vcxproj", "{E5FF673D-2D76-3DF5-9D15-21D7996B11DB}"
	ProjectSection(ProjectDependencies) = postProject
		{78443B5D-A896-3098-8424-72B107D0CD9B} = {78443B5D-A896-3098-8424-72B107D0CD9B}
		{B613A805-5ACB-3E0A-B1D7-A174C674EDB7} = {B613A805-5ACB-3E0A-B1D7-A174C674EDB7}
		{380EB5CA-A0E2-3499-B363-6329158B5346} = {380EB5CA-A0E2-3499-B363-6329158B5346}
		{AED3CE5E-38B2-36B7-8566-0535E8FE290F} = {AED3CE5E-38B2-36B7-8566-0535E8FE290F}
		{1959668A-484D-33F6-9738-4D4703494C7E} = {1959668A-484D-33F6-9738-4D4703494C7E}
		{E2E12525-848C-3C25-ADD2-FE5E805B833F} = {E2E12525-848C-3C25-ADD2-FE5E805B833F}
		{63F3F505-3835-3D90-B6FB-523DCA8988C0} = {63F3F505-3835-3D90-B6FB-523DCA8988C0}
		{6882835E-E283-3E38-BDC4-D78C81A5729F} = {6882835E-E283-3E38-BDC4-D78C81A5729F}
		{C43CDFEC-BFE7-390A-A26A-34BB48F5F217} = {C43CDFEC-BFE7-390A-A26A-34BB48F5F217}
		{5BB35362-5C34-36BC-99A1-189D99DCCB33} = {5BB35362-5C34-36BC-99A1-189D99DCCB33}
		{8D8CE9AE-4628-3DCF-BD50-158140178A48} = {8D8CE9AE-4628-3DCF-BD50-158140178A48}
		{AF880040-C745-308B-9FAE-EE1B2BFDCB4A} = {AF880040-C745-308B-9FAE-EE1B2BFDCB4A}
		{66E49DCA-26AC-3929-93FA-D0AB63671830} = {66E49DCA-26AC-3929-93FA-D0AB63671830}
		{6CEA293A-7022-3EBC-ACD8-511841928BC2} = {6CEA293A-7022-3EBC-ACD8-511841928BC2}
		{A5D8734F-CBCF-3389-958A-23CD8436D83F} = {A5D8734F-CBCF-3389-958A-23CD8436D83F}
		{771697E5-C6E9-3C04-B47C-B263D2DD614B} = {771697E5-C6E9-3C04-B47C-B263D2DD614B}
		{B3B31C0B-350F-3080-8D4C-B2E4B18ED47B} = {B3B31C0B-350F-3080-8D4C-B2E4B18ED47B}
		{8AB27722-2865-3F99-9AFC-ED4FC0C54D58} = {8AB27722-2865-3F99-9AFC-ED4FC0C54D58}
		{76BF60B8-F1B7-3409-A964-D4ADC595BEA3} = {76BF60B8-F1B7-3409-A964-D4ADC595BEA3}
		{F9BBF053-0938-342F-BDBC-62ED5F4B29F8} = {F9BBF053-0938-342F-BDBC-62ED5F4B29F8}
		{E803D24F-906D-3013-92DB-0E2595BB8BD6} = {E803D24F-906D-3013-92DB-0E2595BB8BD6}
		{05BD40BE-65C3-3501-A99F-1FDD4C18EAED} = {05BD40BE-65C3-3501-A99F-1FDD4C18EAED}
		{C5D5C599-8647-3E51-BCA0-D3E3862CCF14} = {C5D5C599-8647-3E51-BCA0-D3E3862CCF14}
		{178AC78A-B627-3B30-B014-75D87936F2B9} = {178AC78A-B627-3B30-B014-75D87936F2B9}
		{31F01151-2435-3FEB-8D20-3C5DD4C72971} = {31F01151-2435-3FEB-8D20-3C5DD4C72971}
	EndProjectSection
EndProject
Project("{8BC9CEB8-8B4A-11D0-8D11-00A0C91BC942}") = "Continuous", "Continuous.vcxproj", "{A254947D-AF00-3F68-A877-691A510FA5B6}"
	ProjectSection(ProjectDependencies) = postProject
		{78443B5D-A896-3098-8424-72B107D0CD9B} = {78443B5D-A896-3098-8424-72B107D0CD9B}
	EndProjectSection
EndProject
Project("{8BC9CEB8-8B4A-11D0-8D11-00A0C91BC942}") = "Experimental", "Experimental.vcxproj", "{71821574-C48C-364E-9827-CE21342C9319}"
	ProjectSection(ProjectDependencies) = postProject
		{78443B5D-A896-3098-8424-72B107D0CD9B} = {78443B5D-A896-3098-8424-72B107D0CD9B}
	EndProjectSection
EndProject
Project("{8BC9CEB8-8B4A-11D0-8D11-00A0C91BC942}") = "INSTALL", "INSTALL.vcxproj", "{159FDE13-DC71-38B6-AD44-64DFA45DDE1A}"
	ProjectSection(ProjectDependencies) = postProject
		{E5FF673D-2D76-3DF5-9D15-21D7996B11DB} = {E5FF673D-2D76-3DF5-9D15-21D7996B11DB}
		{78443B5D-A896-3098-8424-72B107D0CD9B} = {78443B5D-A896-3098-8424-72B107D0CD9B}
	EndProjectSection
EndProject
Project("{8BC9CEB8-8B4A-11D0-8D11-00A0C91BC942}") = "Nightly", "Nightly.vcxproj", "{56FBB6C5-96E9-390E-92C4-279B83EE9CC8}"
	ProjectSection(ProjectDependencies) = postProject
		{78443B5D-A896-3098-8424-72B107D0CD9B} = {78443B5D-A896-3098-8424-72B107D0CD9B}
	EndProjectSection
EndProject
Project("{8BC9CEB8-8B4A-11D0-8D11-00A0C91BC942}") = "NightlyMemoryCheck", "NightlyMemoryCheck.vcxproj", "{3710D9FA-2209-3D65-8CCF-18F57229EEBF}"
	ProjectSection(ProjectDependencies) = postProject
		{78443B5D-A896-3098-8424-72B107D0CD9B} = {78443B5D-A896-3098-8424-72B107D0CD9B}
	EndProjectSection
EndProject
Project("{8BC9CEB8-8B4A-11D0-8D11-00A0C91BC942}") = "RUN_TESTS", "RUN_TESTS.vcxproj", "{0522DCA5-8EE6-3FC7-852F-FE94D3E2CDEE}"
	ProjectSection(ProjectDependencies) = postProject
		{78443B5D-A896-3098-8424-72B107D0CD9B} = {78443B5D-A896-3098-8424-72B107D0CD9B}
	EndProjectSection
EndProject
Project("{8BC9CEB8-8B4A-11D0-8D11-00A0C91BC942}") = "ZERO_CHECK", "ZERO_CHECK.vcxproj", "{78443B5D-A896-3098-8424-72B107D0CD9B}"
	ProjectSection(ProjectDependencies) = postProject
	EndProjectSection
EndProject
Project("{8BC9CEB8-8B4A-11D0-8D11-00A0C91BC942}") = "bench", "bench.vcxproj", "{B613A805-5ACB-3E0A-B1D7-A174C674EDB7}"
	ProjectSection(ProjectDependencies) = postProject
		{78443B5D-A896-3098-8424-72B107D0CD9B} = {78443B5D-A896-3098-8424-72B107D0CD9B}
		{6882835E-E283-3E38-BDC4-D78C81A5729F} = {6882835E-E283-3E38-BDC4-D78C81A5729F}
		{C43CDFEC-BFE7-390A-A26A-34BB48F5F217} = {C43CDFEC-BFE7-390A-A26A-34BB48F5F217}
	EndProjectSection
EndProject
Project("{8BC9CEB8-8B4A-11D0-8D11-00A0C91BC942}") = "bench_cascade", "bench_cascade.vcxproj", "{380EB5CA-A0E2-3499-B363-6329158B5346}"
	ProjectSection(ProjectDependencies) = postProject
		{78443B5D-A896-3098-8424-72B107D0CD9B} = {78443B5D-A896-3098-8424-72B107D0CD9B}
		{6882835E-E283-3E38-BDC4-D78C81A5729F} = {6882835E-E283-3E38-BDC4-D78C81A5729F}
		{C43CDFEC-BFE7-390A-A26A-34BB48F5F217} = {C43CDFEC-BFE7-390A-A26A-34BB48F5F217}
	EndProjectSection
EndProject
Project("{8BC9CEB8-8B4A-11D0-8D11-00A0C91BC942}") = "bench_http", "bench_http.vcxproj", "{AED3CE5E-38B2-36B7-8566-0535E8FE290F}"
	ProjectSection(ProjectDependencies) = postProject
		{78443B5D-A896-3098-8424-72B107D0CD9B} = {78443B5D-A896-3098-8424-72B107D0CD9B}
		{6882835E-E283-3E38-BDC4-D78C81A5729F} = {6882835E-E283-3E38-BDC4-D78C81A5729F}
		{C43CDFEC-BFE7-390A-A26A-34BB48F5F217} = {C43CDFEC-BFE7-390A-A26A-34BB48F5F217}
	EndProjectSection
EndProject
Project("{8BC9CEB8-8B4A-11D0-8D11-00A0C91BC942}") = "bench_httpclient", "bench_httpclient.vcxproj", "{1959668A-484D-33F6-9738-4D4703494C7E}"
	ProjectSection(ProjectDependencies) = postProject
		{78443B5D-A896-3098-8424-72B107D0CD9B} = {78443B5D-A896-3098-8424-72B107D0CD9B}
		{6882835E-E283-3E38-BDC4-D78C81A5729F} = {6882835E-E283-3E38-BDC4-D78C81A5729F}
		{C43CDFEC-BFE7-390A-A26A-34BB48F5F217} = {C43CDFEC-BFE7-390A-A26A-34BB48F5F217}
	EndProjectSection
EndProject
Project("{8BC9CEB8-8B4A-11D0-8D11-00A0C91BC942}") = "dns-example", "dns-example.vcxproj", "{E2E12525-848C-3C25-ADD2-FE5E805B833F}"
	ProjectSection(ProjectDependencies) = postProject
		{78443B5D-A896-3098-8424-72B107D0CD9B} = {78443B5D-A896-3098-8424-72B107D0CD9B}
		{6882835E-E283-3E38-BDC4-D78C81A5729F} = {6882835E-E283-3E38-BDC4-D78C81A5729F}
		{C43CDFEC-BFE7-390A-A26A-34BB48F5F217} = {C43CDFEC-BFE7-390A-A26A-34BB48F5F217}
	EndProjectSection
EndProject
Project("{8BC9CEB8-8B4A-11D0-8D11-00A0C91BC942}") = "event-read-fifo", "event-read-fifo.vcxproj", "{63F3F505-3835-3D90-B6FB-523DCA8988C0}"
	ProjectSection(ProjectDependencies) = postProject
		{78443B5D-A896-3098-8424-72B107D0CD9B} = {78443B5D-A896-3098-8424-72B107D0CD9B}
		{6882835E-E283-3E38-BDC4-D78C81A5729F} = {6882835E-E283-3E38-BDC4-D78C81A5729F}
		{C43CDFEC-BFE7-390A-A26A-34BB48F5F217} = {C43CDFEC-BFE7-390A-A26A-34BB48F5F217}
	EndProjectSection
EndProject
Project("{8BC9CEB8-8B4A-11D0-8D11-00A0C91BC942}") = "event_core_shared", "event_core_shared.vcxproj", "{6882835E-E283-3E38-BDC4-D78C81A5729F}"
	ProjectSection(ProjectDependencies) = postProject
		{78443B5D-A896-3098-8424-72B107D0CD9B} = {78443B5D-A896-3098-8424-72B107D0CD9B}
	EndProjectSection
EndProject
Project("{8BC9CEB8-8B4A-11D0-8D11-00A0C91BC942}") = "event_extra_shared", "event_extra_shared.vcxproj", "{C43CDFEC-BFE7-390A-A26A-34BB48F5F217}"
	ProjectSection(ProjectDependencies) = postProject
		{78443B5D-A896-3098-8424-72B107D0CD9B} = {78443B5D-A896-3098-8424-72B107D0CD9B}
		{6882835E-E283-3E38-BDC4-D78C81A5729F} = {6882835E-E283-3E38-BDC4-D78C81A5729F}
	EndProjectSection
EndProject
Project("{8BC9CEB8-8B4A-11D0-8D11-00A0C91BC942}") = "event_shared", "event_shared.vcxproj", "{5BB35362-5C34-36BC-99A1-189D99DCCB33}"
	ProjectSection(ProjectDependencies) = postProject
		{78443B5D-A896-3098-8424-72B107D0CD9B} = {78443B5D-A896-3098-8424-72B107D0CD9B}
		{6882835E-E283-3E38-BDC4-D78C81A5729F} = {6882835E-E283-3E38-BDC4-D78C81A5729F}
	EndProjectSection
EndProject
Project("{8BC9CEB8-8B4A-11D0-8D11-00A0C91BC942}") = "hello-world", "hello-world.vcxproj", "{8D8CE9AE-4628-3DCF-BD50-158140178A48}"
	ProjectSection(ProjectDependencies) = postProject
		{78443B5D-A896-3098-8424-72B107D0CD9B} = {78443B5D-A896-3098-8424-72B107D0CD9B}
		{6882835E-E283-3E38-BDC4-D78C81A5729F} = {6882835E-E283-3E38-BDC4-D78C81A5729F}
		{C43CDFEC-BFE7-390A-A26A-34BB48F5F217} = {C43CDFEC-BFE7-390A-A26A-34BB48F5F217}
	EndProjectSection
EndProject
Project("{8BC9CEB8-8B4A-11D0-8D11-00A0C91BC942}") = "http-connect", "http-connect.vcxproj", "{AF880040-C745-308B-9FAE-EE1B2BFDCB4A}"
	ProjectSection(ProjectDependencies) = postProject
		{78443B5D-A896-3098-8424-72B107D0CD9B} = {78443B5D-A896-3098-8424-72B107D0CD9B}
		{6882835E-E283-3E38-BDC4-D78C81A5729F} = {6882835E-E283-3E38-BDC4-D78C81A5729F}
		{C43CDFEC-BFE7-390A-A26A-34BB48F5F217} = {C43CDFEC-BFE7-390A-A26A-34BB48F5F217}
	EndProjectSection
EndProject
Project("{8BC9CEB8-8B4A-11D0-8D11-00A0C91BC942}") = "http-server", "http-server.vcxproj", "{66E49DCA-26AC-3929-93FA-D0AB63671830}"
	ProjectSection(ProjectDependencies) = postProject
		{78443B5D-A896-3098-8424-72B107D0CD9B} = {78443B5D-A896-3098-8424-72B107D0CD9B}
		{6882835E-E283-3E38-BDC4-D78C81A5729F} = {6882835E-E283-3E38-BDC4-D78C81A5729F}
		{C43CDFEC-BFE7-390A-A26A-34BB48F5F217} = {C43CDFEC-BFE7-390A-A26A-34BB48F5F217}
	EndProjectSection
EndProject
Project("{8BC9CEB8-8B4A-11D0-8D11-00A0C91BC942}") = "regress", "regress.vcxproj", "{6CEA293A-7022-3EBC-ACD8-511841928BC2}"
	ProjectSection(ProjectDependencies) = postProject
		{78443B5D-A896-3098-8424-72B107D0CD9B} = {78443B5D-A896-3098-8424-72B107D0CD9B}
		{6882835E-E283-3E38-BDC4-D78C81A5729F} = {6882835E-E283-3E38-BDC4-D78C81A5729F}
		{C43CDFEC-BFE7-390A-A26A-34BB48F5F217} = {C43CDFEC-BFE7-390A-A26A-34BB48F5F217}
	EndProjectSection
EndProject
Project("{8BC9CEB8-8B4A-11D0-8D11-00A0C91BC942}") = "signal-test", "signal-test.vcxproj", "{A5D8734F-CBCF-3389-958A-23CD8436D83F}"
	ProjectSection(ProjectDependencies) = postProject
		{78443B5D-A896-3098-8424-72B107D0CD9B} = {78443B5D-A896-3098-8424-72B107D0CD9B}
		{6882835E-E283-3E38-BDC4-D78C81A5729F} = {6882835E-E283-3E38-BDC4-D78C81A5729F}
		{C43CDFEC-BFE7-390A-A26A-34BB48F5F217} = {C43CDFEC-BFE7-390A-A26A-34BB48F5F217}
	EndProjectSection
EndProject
Project("{8BC9CEB8-8B4A-11D0-8D11-00A0C91BC942}") = "test-changelist", "test-changelist.vcxproj", "{771697E5-C6E9-3C04-B47C-B263D2DD614B}"
	ProjectSection(ProjectDependencies) = postProject
		{78443B5D-A896-3098-8424-72B107D0CD9B} = {78443B5D-A896-3098-8424-72B107D0CD9B}
		{6882835E-E283-3E38-BDC4-D78C81A5729F} = {6882835E-E283-3E38-BDC4-D78C81A5729F}
		{C43CDFEC-BFE7-390A-A26A-34BB48F5F217} = {C43CDFEC-BFE7-390A-A26A-34BB48F5F217}
	EndProjectSection
EndProject
Project("{8BC9CEB8-8B4A-11D0-8D11-00A0C91BC942}") = "test-closed", "test-closed.vcxproj", "{B3B31C0B-350F-3080-8D4C-B2E4B18ED47B}"
	ProjectSection(ProjectDependencies) = postProject
		{78443B5D-A896-3098-8424-72B107D0CD9B} = {78443B5D-A896-3098-8424-72B107D0CD9B}
		{6882835E-E283-3E38-BDC4-D78C81A5729F} = {6882835E-E283-3E38-BDC4-D78C81A5729F}
		{C43CDFEC-BFE7-390A-A26A-34BB48F5F217} = {C43CDFEC-BFE7-390A-A26A-34BB48F5F217}
	EndProjectSection
EndProject
Project("{8BC9CEB8-8B4A-11D0-8D11-00A0C91BC942}") = "test-dumpevents", "test-dumpevents.vcxproj", "{8AB27722-2865-3F99-9AFC-ED4FC0C54D58}"
	ProjectSection(ProjectDependencies) = postProject
		{78443B5D-A896-3098-8424-72B107D0CD9B} = {78443B5D-A896-3098-8424-72B107D0CD9B}
		{6882835E-E283-3E38-BDC4-D78C81A5729F} = {6882835E-E283-3E38-BDC4-D78C81A5729F}
		{C43CDFEC-BFE7-390A-A26A-34BB48F5F217} = {C43CDFEC-BFE7-390A-A26A-34BB48F5F217}
	EndProjectSection
EndProject
Project("{8BC9CEB8-8B4A-11D0-8D11-00A0C91BC942}") = "test-eof", "test-eof.vcxproj", "{76BF60B8-F1B7-3409-A964-D4ADC595BEA3}"
	ProjectSection(ProjectDependencies) = postProject
		{78443B5D-A896-3098-8424-72B107D0CD9B} = {78443B5D-A896-3098-8424-72B107D0CD9B}
		{6882835E-E283-3E38-BDC4-D78C81A5729F} = {6882835E-E283-3E38-BDC4-D78C81A5729F}
		{C43CDFEC-BFE7-390A-A26A-34BB48F5F217} = {C43CDFEC-BFE7-390A-A26A-34BB48F5F217}
	EndProjectSection
EndProject
Project("{8BC9CEB8-8B4A-11D0-8D11-00A0C91BC942}") = "test-fdleak", "test-fdleak.vcxproj", "{F9BBF053-0938-342F-BDBC-62ED5F4B29F8}"
	ProjectSection(ProjectDependencies) = postProject
		{78443B5D-A896-3098-8424-72B107D0CD9B} = {78443B5D-A896-3098-8424-72B107D0CD9B}
		{6882835E-E283-3E38-BDC4-D78C81A5729F} = {6882835E-E283-3E38-BDC4-D78C81A5729F}
		{C43CDFEC-BFE7-390A-A26A-34BB48F5F217} = {C43CDFEC-BFE7-390A-A26A-34BB48F5F217}
	EndProjectSection
EndProject
Project("{8BC9CEB8-8B4A-11D0-8D11-00A0C91BC942}") = "test-init", "test-init.vcxproj", "{E803D24F-906D-3013-92DB-0E2595BB8BD6}"
	ProjectSection(ProjectDependencies) = postProject
		{78443B5D-A896-3098-8424-72B107D0CD9B} = {78443B5D-A896-3098-8424-72B107D0CD9B}
		{6882835E-E283-3E38-BDC4-D78C81A5729F} = {6882835E-E283-3E38-BDC4-D78C81A5729F}
		{C43CDFEC-BFE7-390A-A26A-34BB48F5F217} = {C43CDFEC-BFE7-390A-A26A-34BB48F5F217}
	EndProjectSection
EndProject
Project("{8BC9CEB8-8B4A-11D0-8D11-00A0C91BC942}") = "test-ratelim", "test-ratelim.vcxproj", "{05BD40BE-65C3-3501-A99F-1FDD4C18EAED}"
	ProjectSection(ProjectDependencies) = postProject
		{78443B5D-A896-3098-8424-72B107D0CD9B} = {78443B5D-A896-3098-8424-72B107D0CD9B}
		{6882835E-E283-3E38-BDC4-D78C81A5729F} = {6882835E-E283-3E38-BDC4-D78C81A5729F}
		{C43CDFEC-BFE7-390A-A26A-34BB48F5F217} = {C43CDFEC-BFE7-390A-A26A-34BB48F5F217}
	EndProjectSection
EndProject
Project("{8BC9CEB8-8B4A-11D0-8D11-00A0C91BC942}") = "test-time", "test-time.vcxproj", "{C5D5C599-8647-3E51-BCA0-D3E3862CCF14}"
	ProjectSection(ProjectDependencies) = postProject
		{78443B5D-A896-3098-8424-72B107D0CD9B} = {78443B5D-A896-3098-8424-72B107D0CD9B}
		{6882835E-E283-3E38-BDC4-D78C81A5729F} = {6882835E-E283-3E38-BDC4-D78C81A5729F}
		{C43CDFEC-BFE7-390A-A26A-34BB48F5F217} = {C43CDFEC-BFE7-390A-A26A-34BB48F5F217}
	EndProjectSection
EndProject
Project("{8BC9CEB8-8B4A-11D0-8D11-00A0C91BC942}") = "test-weof", "test-weof.vcxproj", "{178AC78A-B627-3B30-B014-75D87936F2B9}"
	ProjectSection(ProjectDependencies) = postProject
		{78443B5D-A896-3098-8424-72B107D0CD9B} = {78443B5D-A896-3098-8424-72B107D0CD9B}
		{6882835E-E283-3E38-BDC4-D78C81A5729F} = {6882835E-E283-3E38-BDC4-D78C81A5729F}
		{C43CDFEC-BFE7-390A-A26A-34BB48F5F217} = {C43CDFEC-BFE7-390A-A26A-34BB48F5F217}
	EndProjectSection
EndProject
Project("{8BC9CEB8-8B4A-11D0-8D11-00A0C91BC942}") = "time-test", "time-test.vcxproj", "{31F01151-2435-3FEB-8D20-3C5DD4C72971}"
	ProjectSection(ProjectDependencies) = postProject
		{78443B5D-A896-3098-8424-72B107D0CD9B} = {78443B5D-A896-3098-8424-72B107D0CD9B}
		{6882835E-E283-3E38-BDC4-D78C81A5729F} = {6882835E-E283-3E38-BDC4-D78C81A5729F}
		{C43CDFEC-BFE7-390A-A26A-34BB48F5F217} = {C43CDFEC-BFE7-390A-A26A-34BB48F5F217}
	EndProjectSection
EndProject
Project("{8BC9CEB8-8B4A-11D0-8D11-00A0C91BC942}") = "uninstall", "uninstall.vcxproj", "{A18D8F48-30F7-3B06-A9E9-4AFC7F4945E8}"
	ProjectSection(ProjectDependencies) = postProject
		{78443B5D-A896-3098-8424-72B107D0CD9B} = {78443B5D-A896-3098-8424-72B107D0CD9B}
	EndProjectSection
EndProject
Project("{8BC9CEB8-8B4A-11D0-8D11-00A0C91BC942}") = "verify", "verify.vcxproj", "{8A4080FC-316B-38B1-826C-E21B2A8E7599}"
	ProjectSection(ProjectDependencies) = postProject
		{78443B5D-A896-3098-8424-72B107D0CD9B} = {78443B5D-A896-3098-8424-72B107D0CD9B}
		{6CEA293A-7022-3EBC-ACD8-511841928BC2} = {6CEA293A-7022-3EBC-ACD8-511841928BC2}
		{771697E5-C6E9-3C04-B47C-B263D2DD614B} = {771697E5-C6E9-3C04-B47C-B263D2DD614B}
		{B3B31C0B-350F-3080-8D4C-B2E4B18ED47B} = {B3B31C0B-350F-3080-8D4C-B2E4B18ED47B}
		{8AB27722-2865-3F99-9AFC-ED4FC0C54D58} = {8AB27722-2865-3F99-9AFC-ED4FC0C54D58}
		{76BF60B8-F1B7-3409-A964-D4ADC595BEA3} = {76BF60B8-F1B7-3409-A964-D4ADC595BEA3}
		{F9BBF053-0938-342F-BDBC-62ED5F4B29F8} = {F9BBF053-0938-342F-BDBC-62ED5F4B29F8}
		{E803D24F-906D-3013-92DB-0E2595BB8BD6} = {E803D24F-906D-3013-92DB-0E2595BB8BD6}
		{05BD40BE-65C3-3501-A99F-1FDD4C18EAED} = {05BD40BE-65C3-3501-A99F-1FDD4C18EAED}
		{C5D5C599-8647-3E51-BCA0-D3E3862CCF14} = {C5D5C599-8647-3E51-BCA0-D3E3862CCF14}
		{178AC78A-B627-3B30-B014-75D87936F2B9} = {178AC78A-B627-3B30-B014-75D87936F2B9}
	EndProjectSection
EndProject
Global
	GlobalSection(SolutionConfigurationPlatforms) = preSolution
		Debug|x64 = Debug|x64
		Release|x64 = Release|x64
	EndGlobalSection
	GlobalSection(ProjectConfigurationPlatforms) = postSolution
		{E5FF673D-2D76-3DF5-9D15-21D7996B11DB}.Debug|x64.ActiveCfg = Debug|x64
		{E5FF673D-2D76-3DF5-9D15-21D7996B11DB}.Debug|x64.Build.0 = Debug|x64
		{E5FF673D-2D76-3DF5-9D15-21D7996B11DB}.Release|x64.ActiveCfg = Release|x64
		{E5FF673D-2D76-3DF5-9D15-21D7996B11DB}.Release|x64.Build.0 = Release|x64
		{A254947D-AF00-3F68-A877-691A510FA5B6}.Debug|x64.ActiveCfg = Debug|x64
		{A254947D-AF00-3F68-A877-691A510FA5B6}.Release|x64.ActiveCfg = Release|x64
		{71821574-C48C-364E-9827-CE21342C9319}.Debug|x64.ActiveCfg = Debug|x64
		{71821574-C48C-364E-9827-CE21342C9319}.Release|x64.ActiveCfg = Release|x64
		{159FDE13-DC71-38B6-AD44-64DFA45DDE1A}.Debug|x64.ActiveCfg = Debug|x64
		{159FDE13-DC71-38B6-AD44-64DFA45DDE1A}.Release|x64.ActiveCfg = Release|x64
		{56FBB6C5-96E9-390E-92C4-279B83EE9CC8}.Debug|x64.ActiveCfg = Debug|x64
		{56FBB6C5-96E9-390E-92C4-279B83EE9CC8}.Release|x64.ActiveCfg = Release|x64
		{3710D9FA-2209-3D65-8CCF-18F57229EEBF}.Debug|x64.ActiveCfg = Debug|x64
		{3710D9FA-2209-3D65-8CCF-18F57229EEBF}.Release|x64.ActiveCfg = Release|x64
		{0522DCA5-8EE6-3FC7-852F-FE94D3E2CDEE}.Debug|x64.ActiveCfg = Debug|x64
		{0522DCA5-8EE6-3FC7-852F-FE94D3E2CDEE}.Release|x64.ActiveCfg = Release|x64
		{78443B5D-A896-3098-8424-72B107D0CD9B}.Debug|x64.ActiveCfg = Debug|x64
		{78443B5D-A896-3098-8424-72B107D0CD9B}.Debug|x64.Build.0 = Debug|x64
		{78443B5D-A896-3098-8424-72B107D0CD9B}.Release|x64.ActiveCfg = Release|x64
		{78443B5D-A896-3098-8424-72B107D0CD9B}.Release|x64.Build.0 = Release|x64
		{B613A805-5ACB-3E0A-B1D7-A174C674EDB7}.Debug|x64.ActiveCfg = Debug|x64
		{B613A805-5ACB-3E0A-B1D7-A174C674EDB7}.Debug|x64.Build.0 = Debug|x64
		{B613A805-5ACB-3E0A-B1D7-A174C674EDB7}.Release|x64.ActiveCfg = Release|x64
		{B613A805-5ACB-3E0A-B1D7-A174C674EDB7}.Release|x64.Build.0 = Release|x64
		{380EB5CA-A0E2-3499-B363-6329158B5346}.Debug|x64.ActiveCfg = Debug|x64
		{380EB5CA-A0E2-3499-B363-6329158B5346}.Debug|x64.Build.0 = Debug|x64
		{380EB5CA-A0E2-3499-B363-6329158B5346}.Release|x64.ActiveCfg = Release|x64
		{380EB5CA-A0E2-3499-B363-6329158B5346}.Release|x64.Build.0 = Release|x64
		{AED3CE5E-38B2-36B7-8566-0535E8FE290F}.Debug|x64.ActiveCfg = Debug|x64
		{AED3CE5E-38B2-36B7-8566-0535E8FE290F}.Debug|x64.Build.0 = Debug|x64
		{AED3CE5E-38B2-36B7-8566-0535E8FE290F}.Release|x64.ActiveCfg = Release|x64
		{AED3CE5E-38B2-36B7-8566-0535E8FE290F}.Release|x64.Build.0 = Release|x64
		{1959668A-484D-33F6-9738-4D4703494C7E}.Debug|x64.ActiveCfg = Debug|x64
		{1959668A-484D-33F6-9738-4D4703494C7E}.Debug|x64.Build.0 = Debug|x64
		{1959668A-484D-33F6-9738-4D4703494C7E}.Release|x64.ActiveCfg = Release|x64
		{1959668A-484D-33F6-9738-4D4703494C7E}.Release|x64.Build.0 = Release|x64
		{E2E12525-848C-3C25-ADD2-FE5E805B833F}.Debug|x64.ActiveCfg = Debug|x64
		{E2E12525-848C-3C25-ADD2-FE5E805B833F}.Debug|x64.Build.0 = Debug|x64
		{E2E12525-848C-3C25-ADD2-FE5E805B833F}.Release|x64.ActiveCfg = Release|x64
		{E2E12525-848C-3C25-ADD2-FE5E805B833F}.Release|x64.Build.0 = Release|x64
		{63F3F505-3835-3D90-B6FB-523DCA8988C0}.Debug|x64.ActiveCfg = Debug|x64
		{63F3F505-3835-3D90-B6FB-523DCA8988C0}.Debug|x64.Build.0 = Debug|x64
		{63F3F505-3835-3D90-B6FB-523DCA8988C0}.Release|x64.ActiveCfg = Release|x64
		{63F3F505-3835-3D90-B6FB-523DCA8988C0}.Release|x64.Build.0 = Release|x64
		{6882835E-E283-3E38-BDC4-D78C81A5729F}.Debug|x64.ActiveCfg = Debug|x64
		{6882835E-E283-3E38-BDC4-D78C81A5729F}.Debug|x64.Build.0 = Debug|x64
		{6882835E-E283-3E38-BDC4-D78C81A5729F}.Release|x64.ActiveCfg = Release|x64
		{6882835E-E283-3E38-BDC4-D78C81A5729F}.Release|x64.Build.0 = Release|x64
		{C43CDFEC-BFE7-390A-A26A-34BB48F5F217}.Debug|x64.ActiveCfg = Debug|x64
		{C43CDFEC-BFE7-390A-A26A-34BB48F5F217}.Debug|x64.Build.0 = Debug|x64
		{C43CDFEC-BFE7-390A-A26A-34BB48F5F217}.Release|x64.ActiveCfg = Release|x64
		{C43CDFEC-BFE7-390A-A26A-34BB48F5F217}.Release|x64.Build.0 = Release|x64
		{5BB35362-5C34-36BC-99A1-189D99DCCB33}.Debug|x64.ActiveCfg = Debug|x64
		{5BB35362-5C34-36BC-99A1-189D99DCCB33}.Debug|x64.Build.0 = Debug|x64
		{5BB35362-5C34-36BC-99A1-189D99DCCB33}.Release|x64.ActiveCfg = Release|x64
		{5BB35362-5C34-36BC-99A1-189D99DCCB33}.Release|x64.Build.0 = Release|x64
		{8D8CE9AE-4628-3DCF-BD50-158140178A48}.Debug|x64.ActiveCfg = Debug|x64
		{8D8CE9AE-4628-3DCF-BD50-158140178A48}.Debug|x64.Build.0 = Debug|x64
		{8D8CE9AE-4628-3DCF-BD50-158140178A48}.Release|x64.ActiveCfg = Release|x64
		{8D8CE9AE-4628-3DCF-BD50-158140178A48}.Release|x64.Build.0 = Release|x64
		{AF880040-C745-308B-9FAE-EE1B2BFDCB4A}.Debug|x64.ActiveCfg = Debug|x64
		{AF880040-C745-308B-9FAE-EE1B2BFDCB4A}.Debug|x64.Build.0 = Debug|x64
		{AF880040-C745-308B-9FAE-EE1B2BFDCB4A}.Release|x64.ActiveCfg = Release|x64
		{AF880040-C745-308B-9FAE-EE1B2BFDCB4A}.Release|x64.Build.0 = Release|x64
		{66E49DCA-26AC-3929-93FA-D0AB63671830}.Debug|x64.ActiveCfg = Debug|x64
		{66E49DCA-26AC-3929-93FA-D0AB63671830}.Debug|x64.Build.0 = Debug|x64
		{66E49DCA-26AC-3929-93FA-D0AB63671830}.Release|x64.ActiveCfg = Release|x64
		{66E49DCA-26AC-3929-93FA-D0AB63671830}.Release|x64.Build.0 = Release|x64
		{6CEA293A-7022-3EBC-ACD8-511841928BC2}.Debug|x64.ActiveCfg = Debug|x64
		{6CEA293A-7022-3EBC-ACD8-511841928BC2}.Debug|x64.Build.0 = Debug|x64
		{6CEA293A-7022-3EBC-ACD8-511841928BC2}.Release|x64.ActiveCfg = Release|x64
		{6CEA293A-7022-3EBC-ACD8-511841928BC2}.Release|x64.Build.0 = Release|x64
		{A5D8734F-CBCF-3389-958A-23CD8436D83F}.Debug|x64.ActiveCfg = Debug|x64
		{A5D8734F-CBCF-3389-958A-23CD8436D83F}.Debug|x64.Build.0 = Debug|x64
		{A5D8734F-CBCF-3389-958A-23CD8436D83F}.Release|x64.ActiveCfg = Release|x64
		{A5D8734F-CBCF-3389-958A-23CD8436D83F}.Release|x64.Build.0 = Release|x64
		{771697E5-C6E9-3C04-B47C-B263D2DD614B}.Debug|x64.ActiveCfg = Debug|x64
		{771697E5-C6E9-3C04-B47C-B263D2DD614B}.Debug|x64.Build.0 = Debug|x64
		{771697E5-C6E9-3C04-B47C-B263D2DD614B}.Release|x64.ActiveCfg = Release|x64
		{771697E5-C6E9-3C04-B47C-B263D2DD614B}.Release|x64.Build.0 = Release|x64
		{B3B31C0B-350F-3080-8D4C-B2E4B18ED47B}.Debug|x64.ActiveCfg = Debug|x64
		{B3B31C0B-350F-3080-8D4C-B2E4B18ED47B}.Debug|x64.Build.0 = Debug|x64
		{B3B31C0B-350F-3080-8D4C-B2E4B18ED47B}.Release|x64.ActiveCfg = Release|x64
		{B3B31C0B-350F-3080-8D4C-B2E4B18ED47B}.Release|x64.Build.0 = Release|x64
		{8AB27722-2865-3F99-9AFC-ED4FC0C54D58}.Debug|x64.ActiveCfg = Debug|x64
		{8AB27722-2865-3F99-9AFC-ED4FC0C54D58}.Debug|x64.Build.0 = Debug|x64
		{8AB27722-2865-3F99-9AFC-ED4FC0C54D58}.Release|x64.ActiveCfg = Release|x64
		{8AB27722-2865-3F99-9AFC-ED4FC0C54D58}.Release|x64.Build.0 = Release|x64
		{76BF60B8-F1B7-3409-A964-D4ADC595BEA3}.Debug|x64.ActiveCfg = Debug|x64
		{76BF60B8-F1B7-3409-A964-D4ADC595BEA3}.Debug|x64.Build.0 = Debug|x64
		{76BF60B8-F1B7-3409-A964-D4ADC595BEA3}.Release|x64.ActiveCfg = Release|x64
		{76BF60B8-F1B7-3409-A964-D4ADC595BEA3}.Release|x64.Build.0 = Release|x64
		{F9BBF053-0938-342F-BDBC-62ED5F4B29F8}.Debug|x64.ActiveCfg = Debug|x64
		{F9BBF053-0938-342F-BDBC-62ED5F4B29F8}.Debug|x64.Build.0 = Debug|x64
		{F9BBF053-0938-342F-BDBC-62ED5F4B29F8}.Release|x64.ActiveCfg = Release|x64
		{F9BBF053-0938-342F-BDBC-62ED5F4B29F8}.Release|x64.Build.0 = Release|x64
		{E803D24F-906D-3013-92DB-0E2595BB8BD6}.Debug|x64.ActiveCfg = Debug|x64
		{E803D24F-906D-3013-92DB-0E2595BB8BD6}.Debug|x64.Build.0 = Debug|x64
		{E803D24F-906D-3013-92DB-0E2595BB8BD6}.Release|x64.ActiveCfg = Release|x64
		{E803D24F-906D-3013-92DB-0E2595BB8BD6}.Release|x64.Build.0 = Release|x64
		{05BD40BE-65C3-3501-A99F-1FDD4C18EAED}.Debug|x64.ActiveCfg = Debug|x64
		{05BD40BE-65C3-3501-A99F-1FDD4C18EAED}.Debug|x64.Build.0 = Debug|x64
		{05BD40BE-65C3-3501-A99F-1FDD4C18EAED}.Release|x64.ActiveCfg = Release|x64
		{05BD40BE-65C3-3501-A99F-1FDD4C18EAED}.Release|x64.Build.0 = Release|x64
		{C5D5C599-8647-3E51-BCA0-D3E3862CCF14}.Debug|x64.ActiveCfg = Debug|x64
		{C5D5C599-8647-3E51-BCA0-D3E3862CCF14}.Debug|x64.Build.0 = Debug|x64
		{C5D5C599-8647-3E51-BCA0-D3E3862CCF14}.Release|x64.ActiveCfg = Release|x64
		{C5D5C599-8647-3E51-BCA0-D3E3862CCF14}.Release|x64.Build.0 = Release|x64
		{178AC78A-B627-3B30-B014-75D87936F2B9}.Debug|x64.ActiveCfg = Debug|x64
		{178AC78A-B627-3B30-B014-75D87936F2B9}.Debug|x64.Build.0 = Debug|x64
		{178AC78A-B627-3B30-B014-75D87936F2B9}.Release|x64.ActiveCfg = Release|x64
		{178AC78A-B627-3B30-B014-75D87936F2B9}.Release|x64.Build.0 = Release|x64
		{31F01151-2435-3FEB-8D20-3C5DD4C72971}.Debug|x64.ActiveCfg = Debug|x64
		{31F01151-2435-3FEB-8D20-3C5DD4C72971}.Debug|x64.Build.0 = Debug|x64
		{31F01151-2435-3FEB-8D20-3C5DD4C72971}.Release|x64.ActiveCfg = Release|x64
		{31F01151-2435-3FEB-8D20-3C5DD4C72971}.Release|x64.Build.0 = Release|x64
		{A18D8F48-30F7-3B06-A9E9-4AFC7F4945E8}.Debug|x64.ActiveCfg = Debug|x64
		{A18D8F48-30F7-3B06-A9E9-4AFC7F4945E8}.Release|x64.ActiveCfg = Release|x64
		{8A4080FC-316B-38B1-826C-E21B2A8E7599}.Debug|x64.ActiveCfg = Debug|x64
		{8A4080FC-316B-38B1-826C-E21B2A8E7599}.Release|x64.ActiveCfg = Release|x64
	EndGlobalSection
	GlobalSection(ExtensibilityGlobals) = postSolution
		SolutionGuid = {959C0473-01E8-3B53-89F0-DCD46BB6DCB3}
	EndGlobalSection
	GlobalSection(ExtensibilityAddIns) = postSolution
	EndGlobalSection
EndGlobal
