<?xml version="1.0" encoding="utf-8"?>
<Project ToolsVersion="16.0" xmlns="http://schemas.microsoft.com/developer/msbuild/2003">
  <ItemGroup>
    <ClCompile Include="F:\quicNew\double-conversion\double-conversion\bignum.cc">
      <Filter>Source Files</Filter>
    </ClCompile>
    <ClCompile Include="F:\quicNew\double-conversion\double-conversion\bignum-dtoa.cc">
      <Filter>Source Files</Filter>
    </ClCompile>
    <ClCompile Include="F:\quicNew\double-conversion\double-conversion\cached-powers.cc">
      <Filter>Source Files</Filter>
    </ClCompile>
    <ClCompile Include="F:\quicNew\double-conversion\double-conversion\double-to-string.cc">
      <Filter>Source Files</Filter>
    </ClCompile>
    <ClCompile Include="F:\quicNew\double-conversion\double-conversion\fast-dtoa.cc">
      <Filter>Source Files</Filter>
    </ClCompile>
    <ClCompile Include="F:\quicNew\double-conversion\double-conversion\fixed-dtoa.cc">
      <Filter>Source Files</Filter>
    </ClCompile>
    <ClCompile Include="F:\quicNew\double-conversion\double-conversion\string-to-double.cc">
      <Filter>Source Files</Filter>
    </ClCompile>
    <ClCompile Include="F:\quicNew\double-conversion\double-conversion\strtod.cc">
      <Filter>Source Files</Filter>
    </ClCompile>
  </ItemGroup>
  <ItemGroup>
    <ClInclude Include="F:\quicNew\double-conversion\double-conversion\bignum.h">
      <Filter>Header Files</Filter>
    </ClInclude>
    <ClInclude Include="F:\quicNew\double-conversion\double-conversion\cached-powers.h">
      <Filter>Header Files</Filter>
    </ClInclude>
    <ClInclude Include="F:\quicNew\double-conversion\double-conversion\diy-fp.h">
      <Filter>Header Files</Filter>
    </ClInclude>
    <ClInclude Include="F:\quicNew\double-conversion\double-conversion\double-conversion.h">
      <Filter>Header Files</Filter>
    </ClInclude>
    <ClInclude Include="F:\quicNew\double-conversion\double-conversion\double-to-string.h">
      <Filter>Header Files</Filter>
    </ClInclude>
    <ClInclude Include="F:\quicNew\double-conversion\double-conversion\fast-dtoa.h">
      <Filter>Header Files</Filter>
    </ClInclude>
    <ClInclude Include="F:\quicNew\double-conversion\double-conversion\fixed-dtoa.h">
      <Filter>Header Files</Filter>
    </ClInclude>
    <ClInclude Include="F:\quicNew\double-conversion\double-conversion\ieee.h">
      <Filter>Header Files</Filter>
    </ClInclude>
    <ClInclude Include="F:\quicNew\double-conversion\double-conversion\string-to-double.h">
      <Filter>Header Files</Filter>
    </ClInclude>
    <ClInclude Include="F:\quicNew\double-conversion\double-conversion\strtod.h">
      <Filter>Header Files</Filter>
    </ClInclude>
    <ClInclude Include="F:\quicNew\double-conversion\double-conversion\utils.h">
      <Filter>Header Files</Filter>
    </ClInclude>
  </ItemGroup>
  <ItemGroup>
    <CustomBuild Include="F:\quicNew\double-conversion\CMakeLists.txt" />
  </ItemGroup>
  <ItemGroup>
    <Filter Include="Header Files">
      <UniqueIdentifier>{FA899290-41FE-3C97-88EB-7B61E8C1CC91}</UniqueIdentifier>
    </Filter>
    <Filter Include="Source Files">
      <UniqueIdentifier>{007721F1-7D65-3611-B0F7-C188045C4E43}</UniqueIdentifier>
    </Filter>
  </ItemGroup>
</Project>
