<?xml version="1.0" encoding="utf-8"?>
<Project ToolsVersion="16.0" xmlns="http://schemas.microsoft.com/developer/msbuild/2003">
  <ItemGroup>
    <ClCompile Include="F:\quicNew\mvfst\quic\congestion_control\Bandwidth.cpp">
      <Filter>Source Files</Filter>
    </ClCompile>
    <ClCompile Include="F:\quicNew\mvfst\quic\congestion_control\Bbr.cpp">
      <Filter>Source Files</Filter>
    </ClCompile>
    <ClCompile Include="F:\quicNew\mvfst\quic\congestion_control\BbrBandwidthSampler.cpp">
      <Filter>Source Files</Filter>
    </ClCompile>
    <ClCompile Include="F:\quicNew\mvfst\quic\congestion_control\BbrRttSampler.cpp">
      <Filter>Source Files</Filter>
    </ClCompile>
    <ClCompile Include="F:\quicNew\mvfst\quic\congestion_control\CongestionControlFunctions.cpp">
      <Filter>Source Files</Filter>
    </ClCompile>
    <ClCompile Include="F:\quicNew\mvfst\quic\congestion_control\CongestionControllerFactory.cpp">
      <Filter>Source Files</Filter>
    </ClCompile>
    <ClCompile Include="F:\quicNew\mvfst\quic\congestion_control\Copa.cpp">
      <Filter>Source Files</Filter>
    </ClCompile>
    <ClCompile Include="F:\quicNew\mvfst\quic\congestion_control\Copa2.cpp">
      <Filter>Source Files</Filter>
    </ClCompile>
    <ClCompile Include="F:\quicNew\mvfst\quic\congestion_control\NewReno.cpp">
      <Filter>Source Files</Filter>
    </ClCompile>
    <ClCompile Include="F:\quicNew\mvfst\quic\congestion_control\QuicCubic.cpp">
      <Filter>Source Files</Filter>
    </ClCompile>
    <ClCompile Include="F:\quicNew\mvfst\quic\congestion_control\QuicCCP.cpp">
      <Filter>Source Files</Filter>
    </ClCompile>
    <ClCompile Include="F:\quicNew\mvfst\quic\congestion_control\ServerCongestionControllerFactory.cpp">
      <Filter>Source Files</Filter>
    </ClCompile>
    <ClCompile Include="F:\quicNew\mvfst\quic\congestion_control\TokenlessPacer.cpp">
      <Filter>Source Files</Filter>
    </ClCompile>
  </ItemGroup>
  <ItemGroup>
    <CustomBuild Include="F:\quicNew\mvfst\quic\congestion_control\CMakeLists.txt" />
  </ItemGroup>
  <ItemGroup>
    <Filter Include="Source Files">
      <UniqueIdentifier>{7DD7B8CE-6375-3C7D-9852-88748174496C}</UniqueIdentifier>
    </Filter>
  </ItemGroup>
</Project>
