<?xml version="1.0" encoding="utf-8"?>
<Project ToolsVersion="16.0" xmlns="http://schemas.microsoft.com/developer/msbuild/2003">
  <ItemGroup>
    <CustomBuild Include="F:\quicNew\glog\vs2019\CMakeFiles\bcd90b4b26dafd1901d4c023a6fcacdf\generate.stamp.rule">
      <Filter>CMake Rules</Filter>
    </CustomBuild>
  </ItemGroup>
  <ItemGroup>
    <Filter Include="CMake Rules">
      <UniqueIdentifier>{B9257488-875D-3722-A939-B190B47149B7}</UniqueIdentifier>
    </Filter>
  </ItemGroup>
</Project>
