<?xml version="1.0" encoding="utf-8"?>
<Project ToolsVersion="16.0" xmlns="http://schemas.microsoft.com/developer/msbuild/2003">
  <ItemGroup>
    <ClCompile Include="F:\quicNew\gflags\src\gflags.cc">
      <Filter>Source Files</Filter>
    </ClCompile>
    <ClCompile Include="F:\quicNew\gflags\src\gflags_reporting.cc">
      <Filter>Source Files</Filter>
    </ClCompile>
    <ClCompile Include="F:\quicNew\gflags\src\gflags_completions.cc">
      <Filter>Source Files</Filter>
    </ClCompile>
    <ClCompile Include="F:\quicNew\gflags\src\windows_port.cc">
      <Filter>Source Files</Filter>
    </ClCompile>
  </ItemGroup>
  <ItemGroup>
    <ClInclude Include="F:\quicNew\gflags\vs2019\include\gflags\defines.h">
      <Filter>Header Files</Filter>
    </ClInclude>
    <ClInclude Include="F:\quicNew\gflags\src\config.h">
      <Filter>Header Files</Filter>
    </ClInclude>
    <ClInclude Include="F:\quicNew\gflags\src\util.h">
      <Filter>Header Files</Filter>
    </ClInclude>
    <ClInclude Include="F:\quicNew\gflags\src\mutex.h">
      <Filter>Header Files</Filter>
    </ClInclude>
    <ClInclude Include="F:\quicNew\gflags\src\windows_port.h">
      <Filter>Header Files</Filter>
    </ClInclude>
    <ClInclude Include="F:\quicNew\gflags\vs2019\include\gflags\gflags.h">
      <Filter>Header Files</Filter>
    </ClInclude>
    <ClInclude Include="F:\quicNew\gflags\vs2019\include\gflags\gflags_declare.h">
      <Filter>Header Files</Filter>
    </ClInclude>
    <ClInclude Include="F:\quicNew\gflags\vs2019\include\gflags\gflags_completions.h">
      <Filter>Header Files</Filter>
    </ClInclude>
    <ClInclude Include="F:\quicNew\gflags\vs2019\include\gflags\gflags_gflags.h">
      <Filter>Header Files</Filter>
    </ClInclude>
  </ItemGroup>
  <ItemGroup>
    <CustomBuild Include="F:\quicNew\gflags\CMakeLists.txt" />
  </ItemGroup>
  <ItemGroup>
    <Filter Include="Header Files">
      <UniqueIdentifier>{385927C8-BB81-3212-9121-18FA070DA352}</UniqueIdentifier>
    </Filter>
    <Filter Include="Source Files">
      <UniqueIdentifier>{FD7EF772-A1C9-30FF-8632-F939C44BDD75}</UniqueIdentifier>
    </Filter>
  </ItemGroup>
</Project>
