<?xml version="1.0" encoding="utf-8"?>
<Project ToolsVersion="16.0" xmlns="http://schemas.microsoft.com/developer/msbuild/2003">
  <ItemGroup>
    <CustomBuild Include="F:\quicNew\googletest\vs2019\CMakeFiles\40b6ab2ec74f1733a4bbbc72a52162b2\INSTALL_force.rule">
      <Filter>CMake Rules</Filter>
    </CustomBuild>
  </ItemGroup>
  <ItemGroup>
    <Filter Include="CMake Rules">
      <UniqueIdentifier>{1CFD542D-B439-3369-9F5C-54879FAC93B2}</UniqueIdentifier>
    </Filter>
  </ItemGroup>
</Project>
