
Microsoft Visual Studio Solution File, Format Version 12.00
# Visual Studio Version 16
VisualStudioVersion = 16.0.31112.23
MinimumVisualStudioVersion = 10.0.40219.1
Project("{8BC9CEB8-8B4A-11D0-8D11-00A0C91BC942}") = "ALL_BUILD", "ALL_BUILD.vcxproj", "{7B92365F-B5CD-3F63-B4E3-A526A3348C6C}"
	ProjectSection(ProjectDependencies) = postProject
		{4AF9F8B5-0D1C-3E5B-9253-DBD72747D6D9} = {4AF9F8B5-0D1C-3E5B-9253-DBD72747D6D9}
		{35B5DDDB-D43A-34DC-AC91-C44072B74009} = {35B5DDDB-D43A-34DC-AC91-C44072B74009}
		{17FE56C1-7FCC-3764-BF3D-5ABDD91200DF} = {17FE56C1-7FCC-3764-BF3D-5ABDD91200DF}
		{EAC17CCD-7BBF-3D13-87C9-58BEC81C5B89} = {EAC17CCD-7BBF-3D13-87C9-58BEC81C5B89}
		{8C577FCF-09FF-31C3-8C5C-386A47228C36} = {8C577FCF-09FF-31C3-8C5C-386A47228C36}
		{727C53CC-D3C6-33FA-AB3B-7975330EED54} = {727C53CC-D3C6-33FA-AB3B-7975330EED54}
		{F6153ED5-D5FB-355C-8E4C-5E7FC3BEB9EE} = {F6153ED5-D5FB-355C-8E4C-5E7FC3BEB9EE}
		{B911BE9E-D01B-3321-A556-22D4D1496F40} = {B911BE9E-D01B-3321-A556-22D4D1496F40}
		{715CA54D-B7F7-3087-8D15-8D50B8CACADA} = {715CA54D-B7F7-3087-8D15-8D50B8CACADA}
		{E67D6C90-CBA3-38CA-8F4D-C6D671AA6159} = {E67D6C90-CBA3-38CA-8F4D-C6D671AA6159}
		{B4FC53BE-5825-3562-A16F-F6A1A41ED8BE} = {B4FC53BE-5825-3562-A16F-F6A1A41ED8BE}
		{83A76BD8-AEA0-319D-8D16-482A720313A1} = {83A76BD8-AEA0-319D-8D16-482A720313A1}
		{9A84E771-4D6A-3B8D-8F0E-D1FE5F2C64E0} = {9A84E771-4D6A-3B8D-8F0E-D1FE5F2C64E0}
		{00FF0D86-C1F6-34A5-986B-EA7C9D3F47B6} = {00FF0D86-C1F6-34A5-986B-EA7C9D3F47B6}
		{FEC1853A-4BD8-39A3-B8B6-4C1DA17B50EE} = {FEC1853A-4BD8-39A3-B8B6-4C1DA17B50EE}
		{3A5A0B01-8191-3178-ACF9-AEA4DD5927A5} = {3A5A0B01-8191-3178-ACF9-AEA4DD5927A5}
		{E8DA0E6E-F6ED-3E26-90B3-C6258B0F284D} = {E8DA0E6E-F6ED-3E26-90B3-C6258B0F284D}
		{1C053C4F-11C7-3281-ABFF-D8173BDE17FC} = {1C053C4F-11C7-3281-ABFF-D8173BDE17FC}
		{6352B205-5873-3FD7-89EA-C480A8A32EC2} = {6352B205-5873-3FD7-89EA-C480A8A32EC2}
		{31BFE22F-2D69-39E6-8E1B-8007B8C2FC80} = {31BFE22F-2D69-39E6-8E1B-8007B8C2FC80}
		{6CA83470-3D76-3791-89A4-6700AC9E26D0} = {6CA83470-3D76-3791-89A4-6700AC9E26D0}
		{148E3B45-6F67-3E56-BD6E-C0872BD1C6CD} = {148E3B45-6F67-3E56-BD6E-C0872BD1C6CD}
		{060FE19B-6D8A-36B4-8FE3-4D1EAA5431C2} = {060FE19B-6D8A-36B4-8FE3-4D1EAA5431C2}
		{9163CF7A-6DA3-3DAB-8B39-5CB6EC37147E} = {9163CF7A-6DA3-3DAB-8B39-5CB6EC37147E}
		{CBBC0664-DE4B-34DE-A867-18414584B9C6} = {CBBC0664-DE4B-34DE-A867-18414584B9C6}
		{4F30BB95-45FC-3DCE-B14D-33E2AD56CBEC} = {4F30BB95-45FC-3DCE-B14D-33E2AD56CBEC}
		{093D21AA-6FBD-3DC0-A6D8-D1A92B8D8A36} = {093D21AA-6FBD-3DC0-A6D8-D1A92B8D8A36}
		{06F27592-917A-30EF-BEC8-34422CBC4401} = {06F27592-917A-30EF-BEC8-34422CBC4401}
		{A6958E23-6A44-3672-ADE1-E51E5310C147} = {A6958E23-6A44-3672-ADE1-E51E5310C147}
		{CADF8993-B8D7-3917-AD64-2551E8D239DD} = {CADF8993-B8D7-3917-AD64-2551E8D239DD}
		{F3E1981B-8B8C-35DB-93AF-1FA154776D31} = {F3E1981B-8B8C-35DB-93AF-1FA154776D31}
		{B21D8596-0D69-3526-825C-2EEC30ED52F5} = {B21D8596-0D69-3526-825C-2EEC30ED52F5}
		{38BA505C-2B54-374B-A7E6-5C4AFD22DC28} = {38BA505C-2B54-374B-A7E6-5C4AFD22DC28}
		{9ACB8AC8-3E0C-31F6-8B84-F4A4884FE1E9} = {9ACB8AC8-3E0C-31F6-8B84-F4A4884FE1E9}
	EndProjectSection
EndProject
Project("{8BC9CEB8-8B4A-11D0-8D11-00A0C91BC942}") = "INSTALL", "INSTALL.vcxproj", "{FE854073-1207-3B6C-B33B-A38E059E2FC3}"
	ProjectSection(ProjectDependencies) = postProject
		{7B92365F-B5CD-3F63-B4E3-A526A3348C6C} = {7B92365F-B5CD-3F63-B4E3-A526A3348C6C}
		{4AF9F8B5-0D1C-3E5B-9253-DBD72747D6D9} = {4AF9F8B5-0D1C-3E5B-9253-DBD72747D6D9}
	EndProjectSection
EndProject
Project("{8BC9CEB8-8B4A-11D0-8D11-00A0C91BC942}") = "ZERO_CHECK", "ZERO_CHECK.vcxproj", "{4AF9F8B5-0D1C-3E5B-9253-DBD72747D6D9}"
EndProject
Project("{8BC9CEB8-8B4A-11D0-8D11-00A0C91BC942}") = "mvfst_buf_accessor", "quic\common\mvfst_buf_accessor.vcxproj", "{35B5DDDB-D43A-34DC-AC91-C44072B74009}"
	ProjectSection(ProjectDependencies) = postProject
		{4AF9F8B5-0D1C-3E5B-9253-DBD72747D6D9} = {4AF9F8B5-0D1C-3E5B-9253-DBD72747D6D9}
	EndProjectSection
EndProject
Project("{8BC9CEB8-8B4A-11D0-8D11-00A0C91BC942}") = "mvfst_bufutil", "quic\common\mvfst_bufutil.vcxproj", "{17FE56C1-7FCC-3764-BF3D-5ABDD91200DF}"
	ProjectSection(ProjectDependencies) = postProject
		{4AF9F8B5-0D1C-3E5B-9253-DBD72747D6D9} = {4AF9F8B5-0D1C-3E5B-9253-DBD72747D6D9}
	EndProjectSection
EndProject
Project("{8BC9CEB8-8B4A-11D0-8D11-00A0C91BC942}") = "mvfst_cc_algo", "quic\congestion_control\mvfst_cc_algo.vcxproj", "{EAC17CCD-7BBF-3D13-87C9-58BEC81C5B89}"
	ProjectSection(ProjectDependencies) = postProject
		{4AF9F8B5-0D1C-3E5B-9253-DBD72747D6D9} = {4AF9F8B5-0D1C-3E5B-9253-DBD72747D6D9}
		{17FE56C1-7FCC-3764-BF3D-5ABDD91200DF} = {17FE56C1-7FCC-3764-BF3D-5ABDD91200DF}
		{727C53CC-D3C6-33FA-AB3B-7975330EED54} = {727C53CC-D3C6-33FA-AB3B-7975330EED54}
		{F6153ED5-D5FB-355C-8E4C-5E7FC3BEB9EE} = {F6153ED5-D5FB-355C-8E4C-5E7FC3BEB9EE}
		{B911BE9E-D01B-3321-A556-22D4D1496F40} = {B911BE9E-D01B-3321-A556-22D4D1496F40}
		{715CA54D-B7F7-3087-8D15-8D50B8CACADA} = {715CA54D-B7F7-3087-8D15-8D50B8CACADA}
		{B4FC53BE-5825-3562-A16F-F6A1A41ED8BE} = {B4FC53BE-5825-3562-A16F-F6A1A41ED8BE}
		{83A76BD8-AEA0-319D-8D16-482A720313A1} = {83A76BD8-AEA0-319D-8D16-482A720313A1}
		{00FF0D86-C1F6-34A5-986B-EA7C9D3F47B6} = {00FF0D86-C1F6-34A5-986B-EA7C9D3F47B6}
		{FEC1853A-4BD8-39A3-B8B6-4C1DA17B50EE} = {FEC1853A-4BD8-39A3-B8B6-4C1DA17B50EE}
		{1C053C4F-11C7-3281-ABFF-D8173BDE17FC} = {1C053C4F-11C7-3281-ABFF-D8173BDE17FC}
		{6352B205-5873-3FD7-89EA-C480A8A32EC2} = {6352B205-5873-3FD7-89EA-C480A8A32EC2}
		{060FE19B-6D8A-36B4-8FE3-4D1EAA5431C2} = {060FE19B-6D8A-36B4-8FE3-4D1EAA5431C2}
		{093D21AA-6FBD-3DC0-A6D8-D1A92B8D8A36} = {093D21AA-6FBD-3DC0-A6D8-D1A92B8D8A36}
		{06F27592-917A-30EF-BEC8-34422CBC4401} = {06F27592-917A-30EF-BEC8-34422CBC4401}
		{F3E1981B-8B8C-35DB-93AF-1FA154776D31} = {F3E1981B-8B8C-35DB-93AF-1FA154776D31}
		{B21D8596-0D69-3526-825C-2EEC30ED52F5} = {B21D8596-0D69-3526-825C-2EEC30ED52F5}
	EndProjectSection
EndProject
Project("{8BC9CEB8-8B4A-11D0-8D11-00A0C91BC942}") = "mvfst_client", "quic\client\mvfst_client.vcxproj", "{8C577FCF-09FF-31C3-8C5C-386A47228C36}"
	ProjectSection(ProjectDependencies) = postProject
		{4AF9F8B5-0D1C-3E5B-9253-DBD72747D6D9} = {4AF9F8B5-0D1C-3E5B-9253-DBD72747D6D9}
		{35B5DDDB-D43A-34DC-AC91-C44072B74009} = {35B5DDDB-D43A-34DC-AC91-C44072B74009}
		{17FE56C1-7FCC-3764-BF3D-5ABDD91200DF} = {17FE56C1-7FCC-3764-BF3D-5ABDD91200DF}
		{EAC17CCD-7BBF-3D13-87C9-58BEC81C5B89} = {EAC17CCD-7BBF-3D13-87C9-58BEC81C5B89}
		{727C53CC-D3C6-33FA-AB3B-7975330EED54} = {727C53CC-D3C6-33FA-AB3B-7975330EED54}
		{F6153ED5-D5FB-355C-8E4C-5E7FC3BEB9EE} = {F6153ED5-D5FB-355C-8E4C-5E7FC3BEB9EE}
		{B911BE9E-D01B-3321-A556-22D4D1496F40} = {B911BE9E-D01B-3321-A556-22D4D1496F40}
		{715CA54D-B7F7-3087-8D15-8D50B8CACADA} = {715CA54D-B7F7-3087-8D15-8D50B8CACADA}
		{E67D6C90-CBA3-38CA-8F4D-C6D671AA6159} = {E67D6C90-CBA3-38CA-8F4D-C6D671AA6159}
		{B4FC53BE-5825-3562-A16F-F6A1A41ED8BE} = {B4FC53BE-5825-3562-A16F-F6A1A41ED8BE}
		{83A76BD8-AEA0-319D-8D16-482A720313A1} = {83A76BD8-AEA0-319D-8D16-482A720313A1}
		{9A84E771-4D6A-3B8D-8F0E-D1FE5F2C64E0} = {9A84E771-4D6A-3B8D-8F0E-D1FE5F2C64E0}
		{00FF0D86-C1F6-34A5-986B-EA7C9D3F47B6} = {00FF0D86-C1F6-34A5-986B-EA7C9D3F47B6}
		{FEC1853A-4BD8-39A3-B8B6-4C1DA17B50EE} = {FEC1853A-4BD8-39A3-B8B6-4C1DA17B50EE}
		{1C053C4F-11C7-3281-ABFF-D8173BDE17FC} = {1C053C4F-11C7-3281-ABFF-D8173BDE17FC}
		{6352B205-5873-3FD7-89EA-C480A8A32EC2} = {6352B205-5873-3FD7-89EA-C480A8A32EC2}
		{31BFE22F-2D69-39E6-8E1B-8007B8C2FC80} = {31BFE22F-2D69-39E6-8E1B-8007B8C2FC80}
		{6CA83470-3D76-3791-89A4-6700AC9E26D0} = {6CA83470-3D76-3791-89A4-6700AC9E26D0}
		{148E3B45-6F67-3E56-BD6E-C0872BD1C6CD} = {148E3B45-6F67-3E56-BD6E-C0872BD1C6CD}
		{060FE19B-6D8A-36B4-8FE3-4D1EAA5431C2} = {060FE19B-6D8A-36B4-8FE3-4D1EAA5431C2}
		{CBBC0664-DE4B-34DE-A867-18414584B9C6} = {CBBC0664-DE4B-34DE-A867-18414584B9C6}
		{4F30BB95-45FC-3DCE-B14D-33E2AD56CBEC} = {4F30BB95-45FC-3DCE-B14D-33E2AD56CBEC}
		{093D21AA-6FBD-3DC0-A6D8-D1A92B8D8A36} = {093D21AA-6FBD-3DC0-A6D8-D1A92B8D8A36}
		{06F27592-917A-30EF-BEC8-34422CBC4401} = {06F27592-917A-30EF-BEC8-34422CBC4401}
		{A6958E23-6A44-3672-ADE1-E51E5310C147} = {A6958E23-6A44-3672-ADE1-E51E5310C147}
		{CADF8993-B8D7-3917-AD64-2551E8D239DD} = {CADF8993-B8D7-3917-AD64-2551E8D239DD}
		{F3E1981B-8B8C-35DB-93AF-1FA154776D31} = {F3E1981B-8B8C-35DB-93AF-1FA154776D31}
		{B21D8596-0D69-3526-825C-2EEC30ED52F5} = {B21D8596-0D69-3526-825C-2EEC30ED52F5}
		{38BA505C-2B54-374B-A7E6-5C4AFD22DC28} = {38BA505C-2B54-374B-A7E6-5C4AFD22DC28}
	EndProjectSection
EndProject
Project("{8BC9CEB8-8B4A-11D0-8D11-00A0C91BC942}") = "mvfst_codec", "quic\codec\mvfst_codec.vcxproj", "{727C53CC-D3C6-33FA-AB3B-7975330EED54}"
	ProjectSection(ProjectDependencies) = postProject
		{4AF9F8B5-0D1C-3E5B-9253-DBD72747D6D9} = {4AF9F8B5-0D1C-3E5B-9253-DBD72747D6D9}
		{17FE56C1-7FCC-3764-BF3D-5ABDD91200DF} = {17FE56C1-7FCC-3764-BF3D-5ABDD91200DF}
		{F6153ED5-D5FB-355C-8E4C-5E7FC3BEB9EE} = {F6153ED5-D5FB-355C-8E4C-5E7FC3BEB9EE}
		{B911BE9E-D01B-3321-A556-22D4D1496F40} = {B911BE9E-D01B-3321-A556-22D4D1496F40}
		{715CA54D-B7F7-3087-8D15-8D50B8CACADA} = {715CA54D-B7F7-3087-8D15-8D50B8CACADA}
		{B4FC53BE-5825-3562-A16F-F6A1A41ED8BE} = {B4FC53BE-5825-3562-A16F-F6A1A41ED8BE}
		{83A76BD8-AEA0-319D-8D16-482A720313A1} = {83A76BD8-AEA0-319D-8D16-482A720313A1}
		{FEC1853A-4BD8-39A3-B8B6-4C1DA17B50EE} = {FEC1853A-4BD8-39A3-B8B6-4C1DA17B50EE}
		{6352B205-5873-3FD7-89EA-C480A8A32EC2} = {6352B205-5873-3FD7-89EA-C480A8A32EC2}
	EndProjectSection
EndProject
Project("{8BC9CEB8-8B4A-11D0-8D11-00A0C91BC942}") = "mvfst_codec_decode", "quic\codec\mvfst_codec_decode.vcxproj", "{F6153ED5-D5FB-355C-8E4C-5E7FC3BEB9EE}"
	ProjectSection(ProjectDependencies) = postProject
		{4AF9F8B5-0D1C-3E5B-9253-DBD72747D6D9} = {4AF9F8B5-0D1C-3E5B-9253-DBD72747D6D9}
		{17FE56C1-7FCC-3764-BF3D-5ABDD91200DF} = {17FE56C1-7FCC-3764-BF3D-5ABDD91200DF}
		{B4FC53BE-5825-3562-A16F-F6A1A41ED8BE} = {B4FC53BE-5825-3562-A16F-F6A1A41ED8BE}
		{83A76BD8-AEA0-319D-8D16-482A720313A1} = {83A76BD8-AEA0-319D-8D16-482A720313A1}
		{FEC1853A-4BD8-39A3-B8B6-4C1DA17B50EE} = {FEC1853A-4BD8-39A3-B8B6-4C1DA17B50EE}
	EndProjectSection
EndProject
Project("{8BC9CEB8-8B4A-11D0-8D11-00A0C91BC942}") = "mvfst_codec_packet_number_cipher", "quic\codec\mvfst_codec_packet_number_cipher.vcxproj", "{B911BE9E-D01B-3321-A556-22D4D1496F40}"
	ProjectSection(ProjectDependencies) = postProject
		{4AF9F8B5-0D1C-3E5B-9253-DBD72747D6D9} = {4AF9F8B5-0D1C-3E5B-9253-DBD72747D6D9}
		{17FE56C1-7FCC-3764-BF3D-5ABDD91200DF} = {17FE56C1-7FCC-3764-BF3D-5ABDD91200DF}
		{F6153ED5-D5FB-355C-8E4C-5E7FC3BEB9EE} = {F6153ED5-D5FB-355C-8E4C-5E7FC3BEB9EE}
		{B4FC53BE-5825-3562-A16F-F6A1A41ED8BE} = {B4FC53BE-5825-3562-A16F-F6A1A41ED8BE}
		{83A76BD8-AEA0-319D-8D16-482A720313A1} = {83A76BD8-AEA0-319D-8D16-482A720313A1}
		{FEC1853A-4BD8-39A3-B8B6-4C1DA17B50EE} = {FEC1853A-4BD8-39A3-B8B6-4C1DA17B50EE}
	EndProjectSection
EndProject
Project("{8BC9CEB8-8B4A-11D0-8D11-00A0C91BC942}") = "mvfst_codec_pktbuilder", "quic\codec\mvfst_codec_pktbuilder.vcxproj", "{715CA54D-B7F7-3087-8D15-8D50B8CACADA}"
	ProjectSection(ProjectDependencies) = postProject
		{4AF9F8B5-0D1C-3E5B-9253-DBD72747D6D9} = {4AF9F8B5-0D1C-3E5B-9253-DBD72747D6D9}
		{17FE56C1-7FCC-3764-BF3D-5ABDD91200DF} = {17FE56C1-7FCC-3764-BF3D-5ABDD91200DF}
		{F6153ED5-D5FB-355C-8E4C-5E7FC3BEB9EE} = {F6153ED5-D5FB-355C-8E4C-5E7FC3BEB9EE}
		{B911BE9E-D01B-3321-A556-22D4D1496F40} = {B911BE9E-D01B-3321-A556-22D4D1496F40}
		{B4FC53BE-5825-3562-A16F-F6A1A41ED8BE} = {B4FC53BE-5825-3562-A16F-F6A1A41ED8BE}
		{83A76BD8-AEA0-319D-8D16-482A720313A1} = {83A76BD8-AEA0-319D-8D16-482A720313A1}
		{FEC1853A-4BD8-39A3-B8B6-4C1DA17B50EE} = {FEC1853A-4BD8-39A3-B8B6-4C1DA17B50EE}
		{6352B205-5873-3FD7-89EA-C480A8A32EC2} = {6352B205-5873-3FD7-89EA-C480A8A32EC2}
	EndProjectSection
EndProject
Project("{8BC9CEB8-8B4A-11D0-8D11-00A0C91BC942}") = "mvfst_codec_pktrebuilder", "quic\codec\mvfst_codec_pktrebuilder.vcxproj", "{E67D6C90-CBA3-38CA-8F4D-C6D671AA6159}"
	ProjectSection(ProjectDependencies) = postProject
		{4AF9F8B5-0D1C-3E5B-9253-DBD72747D6D9} = {4AF9F8B5-0D1C-3E5B-9253-DBD72747D6D9}
		{17FE56C1-7FCC-3764-BF3D-5ABDD91200DF} = {17FE56C1-7FCC-3764-BF3D-5ABDD91200DF}
		{727C53CC-D3C6-33FA-AB3B-7975330EED54} = {727C53CC-D3C6-33FA-AB3B-7975330EED54}
		{F6153ED5-D5FB-355C-8E4C-5E7FC3BEB9EE} = {F6153ED5-D5FB-355C-8E4C-5E7FC3BEB9EE}
		{B911BE9E-D01B-3321-A556-22D4D1496F40} = {B911BE9E-D01B-3321-A556-22D4D1496F40}
		{715CA54D-B7F7-3087-8D15-8D50B8CACADA} = {715CA54D-B7F7-3087-8D15-8D50B8CACADA}
		{B4FC53BE-5825-3562-A16F-F6A1A41ED8BE} = {B4FC53BE-5825-3562-A16F-F6A1A41ED8BE}
		{83A76BD8-AEA0-319D-8D16-482A720313A1} = {83A76BD8-AEA0-319D-8D16-482A720313A1}
		{00FF0D86-C1F6-34A5-986B-EA7C9D3F47B6} = {00FF0D86-C1F6-34A5-986B-EA7C9D3F47B6}
		{FEC1853A-4BD8-39A3-B8B6-4C1DA17B50EE} = {FEC1853A-4BD8-39A3-B8B6-4C1DA17B50EE}
		{1C053C4F-11C7-3281-ABFF-D8173BDE17FC} = {1C053C4F-11C7-3281-ABFF-D8173BDE17FC}
		{6352B205-5873-3FD7-89EA-C480A8A32EC2} = {6352B205-5873-3FD7-89EA-C480A8A32EC2}
		{060FE19B-6D8A-36B4-8FE3-4D1EAA5431C2} = {060FE19B-6D8A-36B4-8FE3-4D1EAA5431C2}
		{093D21AA-6FBD-3DC0-A6D8-D1A92B8D8A36} = {093D21AA-6FBD-3DC0-A6D8-D1A92B8D8A36}
		{06F27592-917A-30EF-BEC8-34422CBC4401} = {06F27592-917A-30EF-BEC8-34422CBC4401}
		{CADF8993-B8D7-3917-AD64-2551E8D239DD} = {CADF8993-B8D7-3917-AD64-2551E8D239DD}
		{F3E1981B-8B8C-35DB-93AF-1FA154776D31} = {F3E1981B-8B8C-35DB-93AF-1FA154776D31}
		{B21D8596-0D69-3526-825C-2EEC30ED52F5} = {B21D8596-0D69-3526-825C-2EEC30ED52F5}
	EndProjectSection
EndProject
Project("{8BC9CEB8-8B4A-11D0-8D11-00A0C91BC942}") = "mvfst_codec_types", "quic\codec\mvfst_codec_types.vcxproj", "{B4FC53BE-5825-3562-A16F-F6A1A41ED8BE}"
	ProjectSection(ProjectDependencies) = postProject
		{4AF9F8B5-0D1C-3E5B-9253-DBD72747D6D9} = {4AF9F8B5-0D1C-3E5B-9253-DBD72747D6D9}
		{17FE56C1-7FCC-3764-BF3D-5ABDD91200DF} = {17FE56C1-7FCC-3764-BF3D-5ABDD91200DF}
		{83A76BD8-AEA0-319D-8D16-482A720313A1} = {83A76BD8-AEA0-319D-8D16-482A720313A1}
		{FEC1853A-4BD8-39A3-B8B6-4C1DA17B50EE} = {FEC1853A-4BD8-39A3-B8B6-4C1DA17B50EE}
	EndProjectSection
EndProject
Project("{8BC9CEB8-8B4A-11D0-8D11-00A0C91BC942}") = "mvfst_constants", "quic\mvfst_constants.vcxproj", "{83A76BD8-AEA0-319D-8D16-482A720313A1}"
	ProjectSection(ProjectDependencies) = postProject
		{4AF9F8B5-0D1C-3E5B-9253-DBD72747D6D9} = {4AF9F8B5-0D1C-3E5B-9253-DBD72747D6D9}
	EndProjectSection
EndProject
Project("{8BC9CEB8-8B4A-11D0-8D11-00A0C91BC942}") = "mvfst_d6d_state_functions", "quic\d6d\mvfst_d6d_state_functions.vcxproj", "{9A84E771-4D6A-3B8D-8F0E-D1FE5F2C64E0}"
	ProjectSection(ProjectDependencies) = postProject
		{4AF9F8B5-0D1C-3E5B-9253-DBD72747D6D9} = {4AF9F8B5-0D1C-3E5B-9253-DBD72747D6D9}
		{17FE56C1-7FCC-3764-BF3D-5ABDD91200DF} = {17FE56C1-7FCC-3764-BF3D-5ABDD91200DF}
		{727C53CC-D3C6-33FA-AB3B-7975330EED54} = {727C53CC-D3C6-33FA-AB3B-7975330EED54}
		{F6153ED5-D5FB-355C-8E4C-5E7FC3BEB9EE} = {F6153ED5-D5FB-355C-8E4C-5E7FC3BEB9EE}
		{B911BE9E-D01B-3321-A556-22D4D1496F40} = {B911BE9E-D01B-3321-A556-22D4D1496F40}
		{B4FC53BE-5825-3562-A16F-F6A1A41ED8BE} = {B4FC53BE-5825-3562-A16F-F6A1A41ED8BE}
		{83A76BD8-AEA0-319D-8D16-482A720313A1} = {83A76BD8-AEA0-319D-8D16-482A720313A1}
		{00FF0D86-C1F6-34A5-986B-EA7C9D3F47B6} = {00FF0D86-C1F6-34A5-986B-EA7C9D3F47B6}
		{FEC1853A-4BD8-39A3-B8B6-4C1DA17B50EE} = {FEC1853A-4BD8-39A3-B8B6-4C1DA17B50EE}
		{6352B205-5873-3FD7-89EA-C480A8A32EC2} = {6352B205-5873-3FD7-89EA-C480A8A32EC2}
		{06F27592-917A-30EF-BEC8-34422CBC4401} = {06F27592-917A-30EF-BEC8-34422CBC4401}
	EndProjectSection
EndProject
Project("{8BC9CEB8-8B4A-11D0-8D11-00A0C91BC942}") = "mvfst_d6d_types", "quic\d6d\mvfst_d6d_types.vcxproj", "{00FF0D86-C1F6-34A5-986B-EA7C9D3F47B6}"
	ProjectSection(ProjectDependencies) = postProject
		{4AF9F8B5-0D1C-3E5B-9253-DBD72747D6D9} = {4AF9F8B5-0D1C-3E5B-9253-DBD72747D6D9}
		{17FE56C1-7FCC-3764-BF3D-5ABDD91200DF} = {17FE56C1-7FCC-3764-BF3D-5ABDD91200DF}
		{B4FC53BE-5825-3562-A16F-F6A1A41ED8BE} = {B4FC53BE-5825-3562-A16F-F6A1A41ED8BE}
		{83A76BD8-AEA0-319D-8D16-482A720313A1} = {83A76BD8-AEA0-319D-8D16-482A720313A1}
		{FEC1853A-4BD8-39A3-B8B6-4C1DA17B50EE} = {FEC1853A-4BD8-39A3-B8B6-4C1DA17B50EE}
	EndProjectSection
EndProject
Project("{8BC9CEB8-8B4A-11D0-8D11-00A0C91BC942}") = "mvfst_exception", "quic\mvfst_exception.vcxproj", "{FEC1853A-4BD8-39A3-B8B6-4C1DA17B50EE}"
	ProjectSection(ProjectDependencies) = postProject
		{4AF9F8B5-0D1C-3E5B-9253-DBD72747D6D9} = {4AF9F8B5-0D1C-3E5B-9253-DBD72747D6D9}
	EndProjectSection
EndProject
Project("{8BC9CEB8-8B4A-11D0-8D11-00A0C91BC942}") = "mvfst_fizz_client", "quic\fizz\client\mvfst_fizz_client.vcxproj", "{3A5A0B01-8191-3178-ACF9-AEA4DD5927A5}"
	ProjectSection(ProjectDependencies) = postProject
		{4AF9F8B5-0D1C-3E5B-9253-DBD72747D6D9} = {4AF9F8B5-0D1C-3E5B-9253-DBD72747D6D9}
		{35B5DDDB-D43A-34DC-AC91-C44072B74009} = {35B5DDDB-D43A-34DC-AC91-C44072B74009}
		{17FE56C1-7FCC-3764-BF3D-5ABDD91200DF} = {17FE56C1-7FCC-3764-BF3D-5ABDD91200DF}
		{EAC17CCD-7BBF-3D13-87C9-58BEC81C5B89} = {EAC17CCD-7BBF-3D13-87C9-58BEC81C5B89}
		{8C577FCF-09FF-31C3-8C5C-386A47228C36} = {8C577FCF-09FF-31C3-8C5C-386A47228C36}
		{727C53CC-D3C6-33FA-AB3B-7975330EED54} = {727C53CC-D3C6-33FA-AB3B-7975330EED54}
		{F6153ED5-D5FB-355C-8E4C-5E7FC3BEB9EE} = {F6153ED5-D5FB-355C-8E4C-5E7FC3BEB9EE}
		{B911BE9E-D01B-3321-A556-22D4D1496F40} = {B911BE9E-D01B-3321-A556-22D4D1496F40}
		{715CA54D-B7F7-3087-8D15-8D50B8CACADA} = {715CA54D-B7F7-3087-8D15-8D50B8CACADA}
		{E67D6C90-CBA3-38CA-8F4D-C6D671AA6159} = {E67D6C90-CBA3-38CA-8F4D-C6D671AA6159}
		{B4FC53BE-5825-3562-A16F-F6A1A41ED8BE} = {B4FC53BE-5825-3562-A16F-F6A1A41ED8BE}
		{83A76BD8-AEA0-319D-8D16-482A720313A1} = {83A76BD8-AEA0-319D-8D16-482A720313A1}
		{9A84E771-4D6A-3B8D-8F0E-D1FE5F2C64E0} = {9A84E771-4D6A-3B8D-8F0E-D1FE5F2C64E0}
		{00FF0D86-C1F6-34A5-986B-EA7C9D3F47B6} = {00FF0D86-C1F6-34A5-986B-EA7C9D3F47B6}
		{FEC1853A-4BD8-39A3-B8B6-4C1DA17B50EE} = {FEC1853A-4BD8-39A3-B8B6-4C1DA17B50EE}
		{E8DA0E6E-F6ED-3E26-90B3-C6258B0F284D} = {E8DA0E6E-F6ED-3E26-90B3-C6258B0F284D}
		{1C053C4F-11C7-3281-ABFF-D8173BDE17FC} = {1C053C4F-11C7-3281-ABFF-D8173BDE17FC}
		{6352B205-5873-3FD7-89EA-C480A8A32EC2} = {6352B205-5873-3FD7-89EA-C480A8A32EC2}
		{31BFE22F-2D69-39E6-8E1B-8007B8C2FC80} = {31BFE22F-2D69-39E6-8E1B-8007B8C2FC80}
		{6CA83470-3D76-3791-89A4-6700AC9E26D0} = {6CA83470-3D76-3791-89A4-6700AC9E26D0}
		{148E3B45-6F67-3E56-BD6E-C0872BD1C6CD} = {148E3B45-6F67-3E56-BD6E-C0872BD1C6CD}
		{060FE19B-6D8A-36B4-8FE3-4D1EAA5431C2} = {060FE19B-6D8A-36B4-8FE3-4D1EAA5431C2}
		{CBBC0664-DE4B-34DE-A867-18414584B9C6} = {CBBC0664-DE4B-34DE-A867-18414584B9C6}
		{4F30BB95-45FC-3DCE-B14D-33E2AD56CBEC} = {4F30BB95-45FC-3DCE-B14D-33E2AD56CBEC}
		{093D21AA-6FBD-3DC0-A6D8-D1A92B8D8A36} = {093D21AA-6FBD-3DC0-A6D8-D1A92B8D8A36}
		{06F27592-917A-30EF-BEC8-34422CBC4401} = {06F27592-917A-30EF-BEC8-34422CBC4401}
		{A6958E23-6A44-3672-ADE1-E51E5310C147} = {A6958E23-6A44-3672-ADE1-E51E5310C147}
		{CADF8993-B8D7-3917-AD64-2551E8D239DD} = {CADF8993-B8D7-3917-AD64-2551E8D239DD}
		{F3E1981B-8B8C-35DB-93AF-1FA154776D31} = {F3E1981B-8B8C-35DB-93AF-1FA154776D31}
		{B21D8596-0D69-3526-825C-2EEC30ED52F5} = {B21D8596-0D69-3526-825C-2EEC30ED52F5}
		{38BA505C-2B54-374B-A7E6-5C4AFD22DC28} = {38BA505C-2B54-374B-A7E6-5C4AFD22DC28}
	EndProjectSection
EndProject
Project("{8BC9CEB8-8B4A-11D0-8D11-00A0C91BC942}") = "mvfst_fizz_handshake", "quic\fizz\handshake\mvfst_fizz_handshake.vcxproj", "{E8DA0E6E-F6ED-3E26-90B3-C6258B0F284D}"
	ProjectSection(ProjectDependencies) = postProject
		{4AF9F8B5-0D1C-3E5B-9253-DBD72747D6D9} = {4AF9F8B5-0D1C-3E5B-9253-DBD72747D6D9}
		{17FE56C1-7FCC-3764-BF3D-5ABDD91200DF} = {17FE56C1-7FCC-3764-BF3D-5ABDD91200DF}
		{F6153ED5-D5FB-355C-8E4C-5E7FC3BEB9EE} = {F6153ED5-D5FB-355C-8E4C-5E7FC3BEB9EE}
		{B911BE9E-D01B-3321-A556-22D4D1496F40} = {B911BE9E-D01B-3321-A556-22D4D1496F40}
		{B4FC53BE-5825-3562-A16F-F6A1A41ED8BE} = {B4FC53BE-5825-3562-A16F-F6A1A41ED8BE}
		{83A76BD8-AEA0-319D-8D16-482A720313A1} = {83A76BD8-AEA0-319D-8D16-482A720313A1}
		{FEC1853A-4BD8-39A3-B8B6-4C1DA17B50EE} = {FEC1853A-4BD8-39A3-B8B6-4C1DA17B50EE}
		{6352B205-5873-3FD7-89EA-C480A8A32EC2} = {6352B205-5873-3FD7-89EA-C480A8A32EC2}
	EndProjectSection
EndProject
Project("{8BC9CEB8-8B4A-11D0-8D11-00A0C91BC942}") = "mvfst_flowcontrol", "quic\flowcontrol\mvfst_flowcontrol.vcxproj", "{1C053C4F-11C7-3281-ABFF-D8173BDE17FC}"
	ProjectSection(ProjectDependencies) = postProject
		{4AF9F8B5-0D1C-3E5B-9253-DBD72747D6D9} = {4AF9F8B5-0D1C-3E5B-9253-DBD72747D6D9}
		{17FE56C1-7FCC-3764-BF3D-5ABDD91200DF} = {17FE56C1-7FCC-3764-BF3D-5ABDD91200DF}
		{727C53CC-D3C6-33FA-AB3B-7975330EED54} = {727C53CC-D3C6-33FA-AB3B-7975330EED54}
		{F6153ED5-D5FB-355C-8E4C-5E7FC3BEB9EE} = {F6153ED5-D5FB-355C-8E4C-5E7FC3BEB9EE}
		{B911BE9E-D01B-3321-A556-22D4D1496F40} = {B911BE9E-D01B-3321-A556-22D4D1496F40}
		{B4FC53BE-5825-3562-A16F-F6A1A41ED8BE} = {B4FC53BE-5825-3562-A16F-F6A1A41ED8BE}
		{83A76BD8-AEA0-319D-8D16-482A720313A1} = {83A76BD8-AEA0-319D-8D16-482A720313A1}
		{00FF0D86-C1F6-34A5-986B-EA7C9D3F47B6} = {00FF0D86-C1F6-34A5-986B-EA7C9D3F47B6}
		{FEC1853A-4BD8-39A3-B8B6-4C1DA17B50EE} = {FEC1853A-4BD8-39A3-B8B6-4C1DA17B50EE}
		{6352B205-5873-3FD7-89EA-C480A8A32EC2} = {6352B205-5873-3FD7-89EA-C480A8A32EC2}
		{060FE19B-6D8A-36B4-8FE3-4D1EAA5431C2} = {060FE19B-6D8A-36B4-8FE3-4D1EAA5431C2}
		{06F27592-917A-30EF-BEC8-34422CBC4401} = {06F27592-917A-30EF-BEC8-34422CBC4401}
	EndProjectSection
EndProject
Project("{8BC9CEB8-8B4A-11D0-8D11-00A0C91BC942}") = "mvfst_handshake", "quic\handshake\mvfst_handshake.vcxproj", "{6352B205-5873-3FD7-89EA-C480A8A32EC2}"
	ProjectSection(ProjectDependencies) = postProject
		{4AF9F8B5-0D1C-3E5B-9253-DBD72747D6D9} = {4AF9F8B5-0D1C-3E5B-9253-DBD72747D6D9}
		{17FE56C1-7FCC-3764-BF3D-5ABDD91200DF} = {17FE56C1-7FCC-3764-BF3D-5ABDD91200DF}
		{F6153ED5-D5FB-355C-8E4C-5E7FC3BEB9EE} = {F6153ED5-D5FB-355C-8E4C-5E7FC3BEB9EE}
		{B911BE9E-D01B-3321-A556-22D4D1496F40} = {B911BE9E-D01B-3321-A556-22D4D1496F40}
		{B4FC53BE-5825-3562-A16F-F6A1A41ED8BE} = {B4FC53BE-5825-3562-A16F-F6A1A41ED8BE}
		{83A76BD8-AEA0-319D-8D16-482A720313A1} = {83A76BD8-AEA0-319D-8D16-482A720313A1}
		{FEC1853A-4BD8-39A3-B8B6-4C1DA17B50EE} = {FEC1853A-4BD8-39A3-B8B6-4C1DA17B50EE}
	EndProjectSection
EndProject
Project("{8BC9CEB8-8B4A-11D0-8D11-00A0C91BC942}") = "mvfst_happyeyeballs", "quic\happyeyeballs\mvfst_happyeyeballs.vcxproj", "{31BFE22F-2D69-39E6-8E1B-8007B8C2FC80}"
	ProjectSection(ProjectDependencies) = postProject
		{4AF9F8B5-0D1C-3E5B-9253-DBD72747D6D9} = {4AF9F8B5-0D1C-3E5B-9253-DBD72747D6D9}
		{17FE56C1-7FCC-3764-BF3D-5ABDD91200DF} = {17FE56C1-7FCC-3764-BF3D-5ABDD91200DF}
		{727C53CC-D3C6-33FA-AB3B-7975330EED54} = {727C53CC-D3C6-33FA-AB3B-7975330EED54}
		{F6153ED5-D5FB-355C-8E4C-5E7FC3BEB9EE} = {F6153ED5-D5FB-355C-8E4C-5E7FC3BEB9EE}
		{B911BE9E-D01B-3321-A556-22D4D1496F40} = {B911BE9E-D01B-3321-A556-22D4D1496F40}
		{B4FC53BE-5825-3562-A16F-F6A1A41ED8BE} = {B4FC53BE-5825-3562-A16F-F6A1A41ED8BE}
		{83A76BD8-AEA0-319D-8D16-482A720313A1} = {83A76BD8-AEA0-319D-8D16-482A720313A1}
		{00FF0D86-C1F6-34A5-986B-EA7C9D3F47B6} = {00FF0D86-C1F6-34A5-986B-EA7C9D3F47B6}
		{FEC1853A-4BD8-39A3-B8B6-4C1DA17B50EE} = {FEC1853A-4BD8-39A3-B8B6-4C1DA17B50EE}
		{6352B205-5873-3FD7-89EA-C480A8A32EC2} = {6352B205-5873-3FD7-89EA-C480A8A32EC2}
		{06F27592-917A-30EF-BEC8-34422CBC4401} = {06F27592-917A-30EF-BEC8-34422CBC4401}
	EndProjectSection
EndProject
Project("{8BC9CEB8-8B4A-11D0-8D11-00A0C91BC942}") = "mvfst_looper", "quic\common\mvfst_looper.vcxproj", "{6CA83470-3D76-3791-89A4-6700AC9E26D0}"
	ProjectSection(ProjectDependencies) = postProject
		{4AF9F8B5-0D1C-3E5B-9253-DBD72747D6D9} = {4AF9F8B5-0D1C-3E5B-9253-DBD72747D6D9}
	EndProjectSection
EndProject
Project("{8BC9CEB8-8B4A-11D0-8D11-00A0C91BC942}") = "mvfst_loss", "quic\loss\mvfst_loss.vcxproj", "{148E3B45-6F67-3E56-BD6E-C0872BD1C6CD}"
	ProjectSection(ProjectDependencies) = postProject
		{4AF9F8B5-0D1C-3E5B-9253-DBD72747D6D9} = {4AF9F8B5-0D1C-3E5B-9253-DBD72747D6D9}
		{17FE56C1-7FCC-3764-BF3D-5ABDD91200DF} = {17FE56C1-7FCC-3764-BF3D-5ABDD91200DF}
		{727C53CC-D3C6-33FA-AB3B-7975330EED54} = {727C53CC-D3C6-33FA-AB3B-7975330EED54}
		{F6153ED5-D5FB-355C-8E4C-5E7FC3BEB9EE} = {F6153ED5-D5FB-355C-8E4C-5E7FC3BEB9EE}
		{B911BE9E-D01B-3321-A556-22D4D1496F40} = {B911BE9E-D01B-3321-A556-22D4D1496F40}
		{715CA54D-B7F7-3087-8D15-8D50B8CACADA} = {715CA54D-B7F7-3087-8D15-8D50B8CACADA}
		{B4FC53BE-5825-3562-A16F-F6A1A41ED8BE} = {B4FC53BE-5825-3562-A16F-F6A1A41ED8BE}
		{83A76BD8-AEA0-319D-8D16-482A720313A1} = {83A76BD8-AEA0-319D-8D16-482A720313A1}
		{9A84E771-4D6A-3B8D-8F0E-D1FE5F2C64E0} = {9A84E771-4D6A-3B8D-8F0E-D1FE5F2C64E0}
		{00FF0D86-C1F6-34A5-986B-EA7C9D3F47B6} = {00FF0D86-C1F6-34A5-986B-EA7C9D3F47B6}
		{FEC1853A-4BD8-39A3-B8B6-4C1DA17B50EE} = {FEC1853A-4BD8-39A3-B8B6-4C1DA17B50EE}
		{1C053C4F-11C7-3281-ABFF-D8173BDE17FC} = {1C053C4F-11C7-3281-ABFF-D8173BDE17FC}
		{6352B205-5873-3FD7-89EA-C480A8A32EC2} = {6352B205-5873-3FD7-89EA-C480A8A32EC2}
		{060FE19B-6D8A-36B4-8FE3-4D1EAA5431C2} = {060FE19B-6D8A-36B4-8FE3-4D1EAA5431C2}
		{093D21AA-6FBD-3DC0-A6D8-D1A92B8D8A36} = {093D21AA-6FBD-3DC0-A6D8-D1A92B8D8A36}
		{06F27592-917A-30EF-BEC8-34422CBC4401} = {06F27592-917A-30EF-BEC8-34422CBC4401}
		{CADF8993-B8D7-3917-AD64-2551E8D239DD} = {CADF8993-B8D7-3917-AD64-2551E8D239DD}
		{F3E1981B-8B8C-35DB-93AF-1FA154776D31} = {F3E1981B-8B8C-35DB-93AF-1FA154776D31}
		{B21D8596-0D69-3526-825C-2EEC30ED52F5} = {B21D8596-0D69-3526-825C-2EEC30ED52F5}
	EndProjectSection
EndProject
Project("{8BC9CEB8-8B4A-11D0-8D11-00A0C91BC942}") = "mvfst_qlogger", "quic\logging\mvfst_qlogger.vcxproj", "{060FE19B-6D8A-36B4-8FE3-4D1EAA5431C2}"
	ProjectSection(ProjectDependencies) = postProject
		{4AF9F8B5-0D1C-3E5B-9253-DBD72747D6D9} = {4AF9F8B5-0D1C-3E5B-9253-DBD72747D6D9}
		{17FE56C1-7FCC-3764-BF3D-5ABDD91200DF} = {17FE56C1-7FCC-3764-BF3D-5ABDD91200DF}
		{B4FC53BE-5825-3562-A16F-F6A1A41ED8BE} = {B4FC53BE-5825-3562-A16F-F6A1A41ED8BE}
		{83A76BD8-AEA0-319D-8D16-482A720313A1} = {83A76BD8-AEA0-319D-8D16-482A720313A1}
		{FEC1853A-4BD8-39A3-B8B6-4C1DA17B50EE} = {FEC1853A-4BD8-39A3-B8B6-4C1DA17B50EE}
		{06F27592-917A-30EF-BEC8-34422CBC4401} = {06F27592-917A-30EF-BEC8-34422CBC4401}
	EndProjectSection
EndProject
Project("{8BC9CEB8-8B4A-11D0-8D11-00A0C91BC942}") = "mvfst_server", "quic\server\mvfst_server.vcxproj", "{9163CF7A-6DA3-3DAB-8B39-5CB6EC37147E}"
	ProjectSection(ProjectDependencies) = postProject
		{4AF9F8B5-0D1C-3E5B-9253-DBD72747D6D9} = {4AF9F8B5-0D1C-3E5B-9253-DBD72747D6D9}
		{35B5DDDB-D43A-34DC-AC91-C44072B74009} = {35B5DDDB-D43A-34DC-AC91-C44072B74009}
		{17FE56C1-7FCC-3764-BF3D-5ABDD91200DF} = {17FE56C1-7FCC-3764-BF3D-5ABDD91200DF}
		{EAC17CCD-7BBF-3D13-87C9-58BEC81C5B89} = {EAC17CCD-7BBF-3D13-87C9-58BEC81C5B89}
		{727C53CC-D3C6-33FA-AB3B-7975330EED54} = {727C53CC-D3C6-33FA-AB3B-7975330EED54}
		{F6153ED5-D5FB-355C-8E4C-5E7FC3BEB9EE} = {F6153ED5-D5FB-355C-8E4C-5E7FC3BEB9EE}
		{B911BE9E-D01B-3321-A556-22D4D1496F40} = {B911BE9E-D01B-3321-A556-22D4D1496F40}
		{715CA54D-B7F7-3087-8D15-8D50B8CACADA} = {715CA54D-B7F7-3087-8D15-8D50B8CACADA}
		{E67D6C90-CBA3-38CA-8F4D-C6D671AA6159} = {E67D6C90-CBA3-38CA-8F4D-C6D671AA6159}
		{B4FC53BE-5825-3562-A16F-F6A1A41ED8BE} = {B4FC53BE-5825-3562-A16F-F6A1A41ED8BE}
		{83A76BD8-AEA0-319D-8D16-482A720313A1} = {83A76BD8-AEA0-319D-8D16-482A720313A1}
		{9A84E771-4D6A-3B8D-8F0E-D1FE5F2C64E0} = {9A84E771-4D6A-3B8D-8F0E-D1FE5F2C64E0}
		{00FF0D86-C1F6-34A5-986B-EA7C9D3F47B6} = {00FF0D86-C1F6-34A5-986B-EA7C9D3F47B6}
		{FEC1853A-4BD8-39A3-B8B6-4C1DA17B50EE} = {FEC1853A-4BD8-39A3-B8B6-4C1DA17B50EE}
		{E8DA0E6E-F6ED-3E26-90B3-C6258B0F284D} = {E8DA0E6E-F6ED-3E26-90B3-C6258B0F284D}
		{1C053C4F-11C7-3281-ABFF-D8173BDE17FC} = {1C053C4F-11C7-3281-ABFF-D8173BDE17FC}
		{6352B205-5873-3FD7-89EA-C480A8A32EC2} = {6352B205-5873-3FD7-89EA-C480A8A32EC2}
		{31BFE22F-2D69-39E6-8E1B-8007B8C2FC80} = {31BFE22F-2D69-39E6-8E1B-8007B8C2FC80}
		{6CA83470-3D76-3791-89A4-6700AC9E26D0} = {6CA83470-3D76-3791-89A4-6700AC9E26D0}
		{148E3B45-6F67-3E56-BD6E-C0872BD1C6CD} = {148E3B45-6F67-3E56-BD6E-C0872BD1C6CD}
		{060FE19B-6D8A-36B4-8FE3-4D1EAA5431C2} = {060FE19B-6D8A-36B4-8FE3-4D1EAA5431C2}
		{CBBC0664-DE4B-34DE-A867-18414584B9C6} = {CBBC0664-DE4B-34DE-A867-18414584B9C6}
		{4F30BB95-45FC-3DCE-B14D-33E2AD56CBEC} = {4F30BB95-45FC-3DCE-B14D-33E2AD56CBEC}
		{093D21AA-6FBD-3DC0-A6D8-D1A92B8D8A36} = {093D21AA-6FBD-3DC0-A6D8-D1A92B8D8A36}
		{06F27592-917A-30EF-BEC8-34422CBC4401} = {06F27592-917A-30EF-BEC8-34422CBC4401}
		{A6958E23-6A44-3672-ADE1-E51E5310C147} = {A6958E23-6A44-3672-ADE1-E51E5310C147}
		{CADF8993-B8D7-3917-AD64-2551E8D239DD} = {CADF8993-B8D7-3917-AD64-2551E8D239DD}
		{F3E1981B-8B8C-35DB-93AF-1FA154776D31} = {F3E1981B-8B8C-35DB-93AF-1FA154776D31}
		{B21D8596-0D69-3526-825C-2EEC30ED52F5} = {B21D8596-0D69-3526-825C-2EEC30ED52F5}
		{38BA505C-2B54-374B-A7E6-5C4AFD22DC28} = {38BA505C-2B54-374B-A7E6-5C4AFD22DC28}
		{9ACB8AC8-3E0C-31F6-8B84-F4A4884FE1E9} = {9ACB8AC8-3E0C-31F6-8B84-F4A4884FE1E9}
	EndProjectSection
EndProject
Project("{8BC9CEB8-8B4A-11D0-8D11-00A0C91BC942}") = "mvfst_socketutil", "quic\common\mvfst_socketutil.vcxproj", "{CBBC0664-DE4B-34DE-A867-18414584B9C6}"
	ProjectSection(ProjectDependencies) = postProject
		{4AF9F8B5-0D1C-3E5B-9253-DBD72747D6D9} = {4AF9F8B5-0D1C-3E5B-9253-DBD72747D6D9}
	EndProjectSection
EndProject
Project("{8BC9CEB8-8B4A-11D0-8D11-00A0C91BC942}") = "mvfst_state_ack_handler", "quic\state\mvfst_state_ack_handler.vcxproj", "{4F30BB95-45FC-3DCE-B14D-33E2AD56CBEC}"
	ProjectSection(ProjectDependencies) = postProject
		{4AF9F8B5-0D1C-3E5B-9253-DBD72747D6D9} = {4AF9F8B5-0D1C-3E5B-9253-DBD72747D6D9}
		{17FE56C1-7FCC-3764-BF3D-5ABDD91200DF} = {17FE56C1-7FCC-3764-BF3D-5ABDD91200DF}
		{727C53CC-D3C6-33FA-AB3B-7975330EED54} = {727C53CC-D3C6-33FA-AB3B-7975330EED54}
		{F6153ED5-D5FB-355C-8E4C-5E7FC3BEB9EE} = {F6153ED5-D5FB-355C-8E4C-5E7FC3BEB9EE}
		{B911BE9E-D01B-3321-A556-22D4D1496F40} = {B911BE9E-D01B-3321-A556-22D4D1496F40}
		{715CA54D-B7F7-3087-8D15-8D50B8CACADA} = {715CA54D-B7F7-3087-8D15-8D50B8CACADA}
		{B4FC53BE-5825-3562-A16F-F6A1A41ED8BE} = {B4FC53BE-5825-3562-A16F-F6A1A41ED8BE}
		{83A76BD8-AEA0-319D-8D16-482A720313A1} = {83A76BD8-AEA0-319D-8D16-482A720313A1}
		{9A84E771-4D6A-3B8D-8F0E-D1FE5F2C64E0} = {9A84E771-4D6A-3B8D-8F0E-D1FE5F2C64E0}
		{00FF0D86-C1F6-34A5-986B-EA7C9D3F47B6} = {00FF0D86-C1F6-34A5-986B-EA7C9D3F47B6}
		{FEC1853A-4BD8-39A3-B8B6-4C1DA17B50EE} = {FEC1853A-4BD8-39A3-B8B6-4C1DA17B50EE}
		{1C053C4F-11C7-3281-ABFF-D8173BDE17FC} = {1C053C4F-11C7-3281-ABFF-D8173BDE17FC}
		{6352B205-5873-3FD7-89EA-C480A8A32EC2} = {6352B205-5873-3FD7-89EA-C480A8A32EC2}
		{148E3B45-6F67-3E56-BD6E-C0872BD1C6CD} = {148E3B45-6F67-3E56-BD6E-C0872BD1C6CD}
		{060FE19B-6D8A-36B4-8FE3-4D1EAA5431C2} = {060FE19B-6D8A-36B4-8FE3-4D1EAA5431C2}
		{093D21AA-6FBD-3DC0-A6D8-D1A92B8D8A36} = {093D21AA-6FBD-3DC0-A6D8-D1A92B8D8A36}
		{06F27592-917A-30EF-BEC8-34422CBC4401} = {06F27592-917A-30EF-BEC8-34422CBC4401}
		{CADF8993-B8D7-3917-AD64-2551E8D239DD} = {CADF8993-B8D7-3917-AD64-2551E8D239DD}
		{F3E1981B-8B8C-35DB-93AF-1FA154776D31} = {F3E1981B-8B8C-35DB-93AF-1FA154776D31}
		{B21D8596-0D69-3526-825C-2EEC30ED52F5} = {B21D8596-0D69-3526-825C-2EEC30ED52F5}
	EndProjectSection
EndProject
Project("{8BC9CEB8-8B4A-11D0-8D11-00A0C91BC942}") = "mvfst_state_functions", "quic\state\mvfst_state_functions.vcxproj", "{093D21AA-6FBD-3DC0-A6D8-D1A92B8D8A36}"
	ProjectSection(ProjectDependencies) = postProject
		{4AF9F8B5-0D1C-3E5B-9253-DBD72747D6D9} = {4AF9F8B5-0D1C-3E5B-9253-DBD72747D6D9}
		{17FE56C1-7FCC-3764-BF3D-5ABDD91200DF} = {17FE56C1-7FCC-3764-BF3D-5ABDD91200DF}
		{727C53CC-D3C6-33FA-AB3B-7975330EED54} = {727C53CC-D3C6-33FA-AB3B-7975330EED54}
		{F6153ED5-D5FB-355C-8E4C-5E7FC3BEB9EE} = {F6153ED5-D5FB-355C-8E4C-5E7FC3BEB9EE}
		{B911BE9E-D01B-3321-A556-22D4D1496F40} = {B911BE9E-D01B-3321-A556-22D4D1496F40}
		{715CA54D-B7F7-3087-8D15-8D50B8CACADA} = {715CA54D-B7F7-3087-8D15-8D50B8CACADA}
		{B4FC53BE-5825-3562-A16F-F6A1A41ED8BE} = {B4FC53BE-5825-3562-A16F-F6A1A41ED8BE}
		{83A76BD8-AEA0-319D-8D16-482A720313A1} = {83A76BD8-AEA0-319D-8D16-482A720313A1}
		{00FF0D86-C1F6-34A5-986B-EA7C9D3F47B6} = {00FF0D86-C1F6-34A5-986B-EA7C9D3F47B6}
		{FEC1853A-4BD8-39A3-B8B6-4C1DA17B50EE} = {FEC1853A-4BD8-39A3-B8B6-4C1DA17B50EE}
		{1C053C4F-11C7-3281-ABFF-D8173BDE17FC} = {1C053C4F-11C7-3281-ABFF-D8173BDE17FC}
		{6352B205-5873-3FD7-89EA-C480A8A32EC2} = {6352B205-5873-3FD7-89EA-C480A8A32EC2}
		{060FE19B-6D8A-36B4-8FE3-4D1EAA5431C2} = {060FE19B-6D8A-36B4-8FE3-4D1EAA5431C2}
		{06F27592-917A-30EF-BEC8-34422CBC4401} = {06F27592-917A-30EF-BEC8-34422CBC4401}
		{F3E1981B-8B8C-35DB-93AF-1FA154776D31} = {F3E1981B-8B8C-35DB-93AF-1FA154776D31}
		{B21D8596-0D69-3526-825C-2EEC30ED52F5} = {B21D8596-0D69-3526-825C-2EEC30ED52F5}
	EndProjectSection
EndProject
Project("{8BC9CEB8-8B4A-11D0-8D11-00A0C91BC942}") = "mvfst_state_machine", "quic\state\mvfst_state_machine.vcxproj", "{06F27592-917A-30EF-BEC8-34422CBC4401}"
	ProjectSection(ProjectDependencies) = postProject
		{4AF9F8B5-0D1C-3E5B-9253-DBD72747D6D9} = {4AF9F8B5-0D1C-3E5B-9253-DBD72747D6D9}
		{35B5DDDB-D43A-34DC-AC91-C44072B74009} = {35B5DDDB-D43A-34DC-AC91-C44072B74009}
		{17FE56C1-7FCC-3764-BF3D-5ABDD91200DF} = {17FE56C1-7FCC-3764-BF3D-5ABDD91200DF}
		{727C53CC-D3C6-33FA-AB3B-7975330EED54} = {727C53CC-D3C6-33FA-AB3B-7975330EED54}
		{F6153ED5-D5FB-355C-8E4C-5E7FC3BEB9EE} = {F6153ED5-D5FB-355C-8E4C-5E7FC3BEB9EE}
		{B911BE9E-D01B-3321-A556-22D4D1496F40} = {B911BE9E-D01B-3321-A556-22D4D1496F40}
		{B4FC53BE-5825-3562-A16F-F6A1A41ED8BE} = {B4FC53BE-5825-3562-A16F-F6A1A41ED8BE}
		{83A76BD8-AEA0-319D-8D16-482A720313A1} = {83A76BD8-AEA0-319D-8D16-482A720313A1}
		{00FF0D86-C1F6-34A5-986B-EA7C9D3F47B6} = {00FF0D86-C1F6-34A5-986B-EA7C9D3F47B6}
		{FEC1853A-4BD8-39A3-B8B6-4C1DA17B50EE} = {FEC1853A-4BD8-39A3-B8B6-4C1DA17B50EE}
		{6352B205-5873-3FD7-89EA-C480A8A32EC2} = {6352B205-5873-3FD7-89EA-C480A8A32EC2}
	EndProjectSection
EndProject
Project("{8BC9CEB8-8B4A-11D0-8D11-00A0C91BC942}") = "mvfst_state_pacing_functions", "quic\state\mvfst_state_pacing_functions.vcxproj", "{A6958E23-6A44-3672-ADE1-E51E5310C147}"
	ProjectSection(ProjectDependencies) = postProject
		{4AF9F8B5-0D1C-3E5B-9253-DBD72747D6D9} = {4AF9F8B5-0D1C-3E5B-9253-DBD72747D6D9}
		{17FE56C1-7FCC-3764-BF3D-5ABDD91200DF} = {17FE56C1-7FCC-3764-BF3D-5ABDD91200DF}
		{727C53CC-D3C6-33FA-AB3B-7975330EED54} = {727C53CC-D3C6-33FA-AB3B-7975330EED54}
		{F6153ED5-D5FB-355C-8E4C-5E7FC3BEB9EE} = {F6153ED5-D5FB-355C-8E4C-5E7FC3BEB9EE}
		{B911BE9E-D01B-3321-A556-22D4D1496F40} = {B911BE9E-D01B-3321-A556-22D4D1496F40}
		{B4FC53BE-5825-3562-A16F-F6A1A41ED8BE} = {B4FC53BE-5825-3562-A16F-F6A1A41ED8BE}
		{83A76BD8-AEA0-319D-8D16-482A720313A1} = {83A76BD8-AEA0-319D-8D16-482A720313A1}
		{00FF0D86-C1F6-34A5-986B-EA7C9D3F47B6} = {00FF0D86-C1F6-34A5-986B-EA7C9D3F47B6}
		{FEC1853A-4BD8-39A3-B8B6-4C1DA17B50EE} = {FEC1853A-4BD8-39A3-B8B6-4C1DA17B50EE}
		{6352B205-5873-3FD7-89EA-C480A8A32EC2} = {6352B205-5873-3FD7-89EA-C480A8A32EC2}
		{06F27592-917A-30EF-BEC8-34422CBC4401} = {06F27592-917A-30EF-BEC8-34422CBC4401}
	EndProjectSection
EndProject
Project("{8BC9CEB8-8B4A-11D0-8D11-00A0C91BC942}") = "mvfst_state_simple_frame_functions", "quic\state\mvfst_state_simple_frame_functions.vcxproj", "{CADF8993-B8D7-3917-AD64-2551E8D239DD}"
	ProjectSection(ProjectDependencies) = postProject
		{4AF9F8B5-0D1C-3E5B-9253-DBD72747D6D9} = {4AF9F8B5-0D1C-3E5B-9253-DBD72747D6D9}
		{17FE56C1-7FCC-3764-BF3D-5ABDD91200DF} = {17FE56C1-7FCC-3764-BF3D-5ABDD91200DF}
		{727C53CC-D3C6-33FA-AB3B-7975330EED54} = {727C53CC-D3C6-33FA-AB3B-7975330EED54}
		{F6153ED5-D5FB-355C-8E4C-5E7FC3BEB9EE} = {F6153ED5-D5FB-355C-8E4C-5E7FC3BEB9EE}
		{B911BE9E-D01B-3321-A556-22D4D1496F40} = {B911BE9E-D01B-3321-A556-22D4D1496F40}
		{715CA54D-B7F7-3087-8D15-8D50B8CACADA} = {715CA54D-B7F7-3087-8D15-8D50B8CACADA}
		{B4FC53BE-5825-3562-A16F-F6A1A41ED8BE} = {B4FC53BE-5825-3562-A16F-F6A1A41ED8BE}
		{83A76BD8-AEA0-319D-8D16-482A720313A1} = {83A76BD8-AEA0-319D-8D16-482A720313A1}
		{00FF0D86-C1F6-34A5-986B-EA7C9D3F47B6} = {00FF0D86-C1F6-34A5-986B-EA7C9D3F47B6}
		{FEC1853A-4BD8-39A3-B8B6-4C1DA17B50EE} = {FEC1853A-4BD8-39A3-B8B6-4C1DA17B50EE}
		{1C053C4F-11C7-3281-ABFF-D8173BDE17FC} = {1C053C4F-11C7-3281-ABFF-D8173BDE17FC}
		{6352B205-5873-3FD7-89EA-C480A8A32EC2} = {6352B205-5873-3FD7-89EA-C480A8A32EC2}
		{060FE19B-6D8A-36B4-8FE3-4D1EAA5431C2} = {060FE19B-6D8A-36B4-8FE3-4D1EAA5431C2}
		{093D21AA-6FBD-3DC0-A6D8-D1A92B8D8A36} = {093D21AA-6FBD-3DC0-A6D8-D1A92B8D8A36}
		{06F27592-917A-30EF-BEC8-34422CBC4401} = {06F27592-917A-30EF-BEC8-34422CBC4401}
		{F3E1981B-8B8C-35DB-93AF-1FA154776D31} = {F3E1981B-8B8C-35DB-93AF-1FA154776D31}
		{B21D8596-0D69-3526-825C-2EEC30ED52F5} = {B21D8596-0D69-3526-825C-2EEC30ED52F5}
	EndProjectSection
EndProject
Project("{8BC9CEB8-8B4A-11D0-8D11-00A0C91BC942}") = "mvfst_state_stream", "quic\state\mvfst_state_stream.vcxproj", "{F3E1981B-8B8C-35DB-93AF-1FA154776D31}"
	ProjectSection(ProjectDependencies) = postProject
		{4AF9F8B5-0D1C-3E5B-9253-DBD72747D6D9} = {4AF9F8B5-0D1C-3E5B-9253-DBD72747D6D9}
		{17FE56C1-7FCC-3764-BF3D-5ABDD91200DF} = {17FE56C1-7FCC-3764-BF3D-5ABDD91200DF}
		{727C53CC-D3C6-33FA-AB3B-7975330EED54} = {727C53CC-D3C6-33FA-AB3B-7975330EED54}
		{F6153ED5-D5FB-355C-8E4C-5E7FC3BEB9EE} = {F6153ED5-D5FB-355C-8E4C-5E7FC3BEB9EE}
		{B911BE9E-D01B-3321-A556-22D4D1496F40} = {B911BE9E-D01B-3321-A556-22D4D1496F40}
		{B4FC53BE-5825-3562-A16F-F6A1A41ED8BE} = {B4FC53BE-5825-3562-A16F-F6A1A41ED8BE}
		{83A76BD8-AEA0-319D-8D16-482A720313A1} = {83A76BD8-AEA0-319D-8D16-482A720313A1}
		{00FF0D86-C1F6-34A5-986B-EA7C9D3F47B6} = {00FF0D86-C1F6-34A5-986B-EA7C9D3F47B6}
		{FEC1853A-4BD8-39A3-B8B6-4C1DA17B50EE} = {FEC1853A-4BD8-39A3-B8B6-4C1DA17B50EE}
		{1C053C4F-11C7-3281-ABFF-D8173BDE17FC} = {1C053C4F-11C7-3281-ABFF-D8173BDE17FC}
		{6352B205-5873-3FD7-89EA-C480A8A32EC2} = {6352B205-5873-3FD7-89EA-C480A8A32EC2}
		{060FE19B-6D8A-36B4-8FE3-4D1EAA5431C2} = {060FE19B-6D8A-36B4-8FE3-4D1EAA5431C2}
		{06F27592-917A-30EF-BEC8-34422CBC4401} = {06F27592-917A-30EF-BEC8-34422CBC4401}
		{B21D8596-0D69-3526-825C-2EEC30ED52F5} = {B21D8596-0D69-3526-825C-2EEC30ED52F5}
	EndProjectSection
EndProject
Project("{8BC9CEB8-8B4A-11D0-8D11-00A0C91BC942}") = "mvfst_state_stream_functions", "quic\state\mvfst_state_stream_functions.vcxproj", "{B21D8596-0D69-3526-825C-2EEC30ED52F5}"
	ProjectSection(ProjectDependencies) = postProject
		{4AF9F8B5-0D1C-3E5B-9253-DBD72747D6D9} = {4AF9F8B5-0D1C-3E5B-9253-DBD72747D6D9}
		{17FE56C1-7FCC-3764-BF3D-5ABDD91200DF} = {17FE56C1-7FCC-3764-BF3D-5ABDD91200DF}
		{727C53CC-D3C6-33FA-AB3B-7975330EED54} = {727C53CC-D3C6-33FA-AB3B-7975330EED54}
		{F6153ED5-D5FB-355C-8E4C-5E7FC3BEB9EE} = {F6153ED5-D5FB-355C-8E4C-5E7FC3BEB9EE}
		{B911BE9E-D01B-3321-A556-22D4D1496F40} = {B911BE9E-D01B-3321-A556-22D4D1496F40}
		{B4FC53BE-5825-3562-A16F-F6A1A41ED8BE} = {B4FC53BE-5825-3562-A16F-F6A1A41ED8BE}
		{83A76BD8-AEA0-319D-8D16-482A720313A1} = {83A76BD8-AEA0-319D-8D16-482A720313A1}
		{00FF0D86-C1F6-34A5-986B-EA7C9D3F47B6} = {00FF0D86-C1F6-34A5-986B-EA7C9D3F47B6}
		{FEC1853A-4BD8-39A3-B8B6-4C1DA17B50EE} = {FEC1853A-4BD8-39A3-B8B6-4C1DA17B50EE}
		{6352B205-5873-3FD7-89EA-C480A8A32EC2} = {6352B205-5873-3FD7-89EA-C480A8A32EC2}
		{06F27592-917A-30EF-BEC8-34422CBC4401} = {06F27592-917A-30EF-BEC8-34422CBC4401}
	EndProjectSection
EndProject
Project("{8BC9CEB8-8B4A-11D0-8D11-00A0C91BC942}") = "mvfst_transport", "quic\api\mvfst_transport.vcxproj", "{38BA505C-2B54-374B-A7E6-5C4AFD22DC28}"
	ProjectSection(ProjectDependencies) = postProject
		{4AF9F8B5-0D1C-3E5B-9253-DBD72747D6D9} = {4AF9F8B5-0D1C-3E5B-9253-DBD72747D6D9}
		{35B5DDDB-D43A-34DC-AC91-C44072B74009} = {35B5DDDB-D43A-34DC-AC91-C44072B74009}
		{17FE56C1-7FCC-3764-BF3D-5ABDD91200DF} = {17FE56C1-7FCC-3764-BF3D-5ABDD91200DF}
		{EAC17CCD-7BBF-3D13-87C9-58BEC81C5B89} = {EAC17CCD-7BBF-3D13-87C9-58BEC81C5B89}
		{727C53CC-D3C6-33FA-AB3B-7975330EED54} = {727C53CC-D3C6-33FA-AB3B-7975330EED54}
		{F6153ED5-D5FB-355C-8E4C-5E7FC3BEB9EE} = {F6153ED5-D5FB-355C-8E4C-5E7FC3BEB9EE}
		{B911BE9E-D01B-3321-A556-22D4D1496F40} = {B911BE9E-D01B-3321-A556-22D4D1496F40}
		{715CA54D-B7F7-3087-8D15-8D50B8CACADA} = {715CA54D-B7F7-3087-8D15-8D50B8CACADA}
		{E67D6C90-CBA3-38CA-8F4D-C6D671AA6159} = {E67D6C90-CBA3-38CA-8F4D-C6D671AA6159}
		{B4FC53BE-5825-3562-A16F-F6A1A41ED8BE} = {B4FC53BE-5825-3562-A16F-F6A1A41ED8BE}
		{83A76BD8-AEA0-319D-8D16-482A720313A1} = {83A76BD8-AEA0-319D-8D16-482A720313A1}
		{9A84E771-4D6A-3B8D-8F0E-D1FE5F2C64E0} = {9A84E771-4D6A-3B8D-8F0E-D1FE5F2C64E0}
		{00FF0D86-C1F6-34A5-986B-EA7C9D3F47B6} = {00FF0D86-C1F6-34A5-986B-EA7C9D3F47B6}
		{FEC1853A-4BD8-39A3-B8B6-4C1DA17B50EE} = {FEC1853A-4BD8-39A3-B8B6-4C1DA17B50EE}
		{1C053C4F-11C7-3281-ABFF-D8173BDE17FC} = {1C053C4F-11C7-3281-ABFF-D8173BDE17FC}
		{6352B205-5873-3FD7-89EA-C480A8A32EC2} = {6352B205-5873-3FD7-89EA-C480A8A32EC2}
		{31BFE22F-2D69-39E6-8E1B-8007B8C2FC80} = {31BFE22F-2D69-39E6-8E1B-8007B8C2FC80}
		{6CA83470-3D76-3791-89A4-6700AC9E26D0} = {6CA83470-3D76-3791-89A4-6700AC9E26D0}
		{148E3B45-6F67-3E56-BD6E-C0872BD1C6CD} = {148E3B45-6F67-3E56-BD6E-C0872BD1C6CD}
		{060FE19B-6D8A-36B4-8FE3-4D1EAA5431C2} = {060FE19B-6D8A-36B4-8FE3-4D1EAA5431C2}
		{CBBC0664-DE4B-34DE-A867-18414584B9C6} = {CBBC0664-DE4B-34DE-A867-18414584B9C6}
		{4F30BB95-45FC-3DCE-B14D-33E2AD56CBEC} = {4F30BB95-45FC-3DCE-B14D-33E2AD56CBEC}
		{093D21AA-6FBD-3DC0-A6D8-D1A92B8D8A36} = {093D21AA-6FBD-3DC0-A6D8-D1A92B8D8A36}
		{06F27592-917A-30EF-BEC8-34422CBC4401} = {06F27592-917A-30EF-BEC8-34422CBC4401}
		{A6958E23-6A44-3672-ADE1-E51E5310C147} = {A6958E23-6A44-3672-ADE1-E51E5310C147}
		{CADF8993-B8D7-3917-AD64-2551E8D239DD} = {CADF8993-B8D7-3917-AD64-2551E8D239DD}
		{F3E1981B-8B8C-35DB-93AF-1FA154776D31} = {F3E1981B-8B8C-35DB-93AF-1FA154776D31}
		{B21D8596-0D69-3526-825C-2EEC30ED52F5} = {B21D8596-0D69-3526-825C-2EEC30ED52F5}
	EndProjectSection
EndProject
Project("{8BC9CEB8-8B4A-11D0-8D11-00A0C91BC942}") = "mvfst_transport_knobs", "quic\common\mvfst_transport_knobs.vcxproj", "{9ACB8AC8-3E0C-31F6-8B84-F4A4884FE1E9}"
	ProjectSection(ProjectDependencies) = postProject
		{4AF9F8B5-0D1C-3E5B-9253-DBD72747D6D9} = {4AF9F8B5-0D1C-3E5B-9253-DBD72747D6D9}
	EndProjectSection
EndProject
Project("{8BC9CEB8-8B4A-11D0-8D11-00A0C91BC942}") = "echo", "quic\samples\echo.vcxproj", "{891CCB6E-7027-4B53-9221-8FC9E730F359}"
EndProject
Project("{8BC9CEB8-8B4A-11D0-8D11-00A0C91BC942}") = "mvfst_test_utils", "quic\common\test\mvfst_test_utils.vcxproj", "{2E3A5D34-F781-41DF-AC72-1567895B08F0}"
EndProject
Global
	GlobalSection(SolutionConfigurationPlatforms) = preSolution
		Debug|x64 = Debug|x64
		Debug|x86 = Debug|x86
		MinSizeRel|x64 = MinSizeRel|x64
		MinSizeRel|x86 = MinSizeRel|x86
		Release|x64 = Release|x64
		Release|x86 = Release|x86
		RelWithDebInfo|x64 = RelWithDebInfo|x64
		RelWithDebInfo|x86 = RelWithDebInfo|x86
	EndGlobalSection
	GlobalSection(ProjectConfigurationPlatforms) = postSolution
		{7B92365F-B5CD-3F63-B4E3-A526A3348C6C}.Debug|x64.ActiveCfg = Debug|x64
		{7B92365F-B5CD-3F63-B4E3-A526A3348C6C}.Debug|x64.Build.0 = Debug|x64
		{7B92365F-B5CD-3F63-B4E3-A526A3348C6C}.Debug|x86.ActiveCfg = Debug|x64
		{7B92365F-B5CD-3F63-B4E3-A526A3348C6C}.MinSizeRel|x64.ActiveCfg = MinSizeRel|x64
		{7B92365F-B5CD-3F63-B4E3-A526A3348C6C}.MinSizeRel|x64.Build.0 = MinSizeRel|x64
		{7B92365F-B5CD-3F63-B4E3-A526A3348C6C}.MinSizeRel|x86.ActiveCfg = MinSizeRel|x64
		{7B92365F-B5CD-3F63-B4E3-A526A3348C6C}.Release|x64.ActiveCfg = Release|x64
		{7B92365F-B5CD-3F63-B4E3-A526A3348C6C}.Release|x64.Build.0 = Release|x64
		{7B92365F-B5CD-3F63-B4E3-A526A3348C6C}.Release|x86.ActiveCfg = Release|x64
		{7B92365F-B5CD-3F63-B4E3-A526A3348C6C}.RelWithDebInfo|x64.ActiveCfg = RelWithDebInfo|x64
		{7B92365F-B5CD-3F63-B4E3-A526A3348C6C}.RelWithDebInfo|x64.Build.0 = RelWithDebInfo|x64
		{7B92365F-B5CD-3F63-B4E3-A526A3348C6C}.RelWithDebInfo|x86.ActiveCfg = RelWithDebInfo|x64
		{FE854073-1207-3B6C-B33B-A38E059E2FC3}.Debug|x64.ActiveCfg = Debug|x64
		{FE854073-1207-3B6C-B33B-A38E059E2FC3}.Debug|x86.ActiveCfg = Debug|x64
		{FE854073-1207-3B6C-B33B-A38E059E2FC3}.MinSizeRel|x64.ActiveCfg = MinSizeRel|x64
		{FE854073-1207-3B6C-B33B-A38E059E2FC3}.MinSizeRel|x86.ActiveCfg = MinSizeRel|x64
		{FE854073-1207-3B6C-B33B-A38E059E2FC3}.Release|x64.ActiveCfg = Release|x64
		{FE854073-1207-3B6C-B33B-A38E059E2FC3}.Release|x86.ActiveCfg = Release|x64
		{FE854073-1207-3B6C-B33B-A38E059E2FC3}.RelWithDebInfo|x64.ActiveCfg = RelWithDebInfo|x64
		{FE854073-1207-3B6C-B33B-A38E059E2FC3}.RelWithDebInfo|x86.ActiveCfg = RelWithDebInfo|x64
		{4AF9F8B5-0D1C-3E5B-9253-DBD72747D6D9}.Debug|x64.ActiveCfg = Debug|x64
		{4AF9F8B5-0D1C-3E5B-9253-DBD72747D6D9}.Debug|x64.Build.0 = Debug|x64
		{4AF9F8B5-0D1C-3E5B-9253-DBD72747D6D9}.Debug|x86.ActiveCfg = Debug|x64
		{4AF9F8B5-0D1C-3E5B-9253-DBD72747D6D9}.MinSizeRel|x64.ActiveCfg = MinSizeRel|x64
		{4AF9F8B5-0D1C-3E5B-9253-DBD72747D6D9}.MinSizeRel|x64.Build.0 = MinSizeRel|x64
		{4AF9F8B5-0D1C-3E5B-9253-DBD72747D6D9}.MinSizeRel|x86.ActiveCfg = MinSizeRel|x64
		{4AF9F8B5-0D1C-3E5B-9253-DBD72747D6D9}.Release|x64.ActiveCfg = Release|x64
		{4AF9F8B5-0D1C-3E5B-9253-DBD72747D6D9}.Release|x64.Build.0 = Release|x64
		{4AF9F8B5-0D1C-3E5B-9253-DBD72747D6D9}.Release|x86.ActiveCfg = Release|x64
		{4AF9F8B5-0D1C-3E5B-9253-DBD72747D6D9}.RelWithDebInfo|x64.ActiveCfg = RelWithDebInfo|x64
		{4AF9F8B5-0D1C-3E5B-9253-DBD72747D6D9}.RelWithDebInfo|x64.Build.0 = RelWithDebInfo|x64
		{4AF9F8B5-0D1C-3E5B-9253-DBD72747D6D9}.RelWithDebInfo|x86.ActiveCfg = RelWithDebInfo|x64
		{35B5DDDB-D43A-34DC-AC91-C44072B74009}.Debug|x64.ActiveCfg = Debug|x64
		{35B5DDDB-D43A-34DC-AC91-C44072B74009}.Debug|x64.Build.0 = Debug|x64
		{35B5DDDB-D43A-34DC-AC91-C44072B74009}.Debug|x86.ActiveCfg = Debug|x64
		{35B5DDDB-D43A-34DC-AC91-C44072B74009}.MinSizeRel|x64.ActiveCfg = MinSizeRel|x64
		{35B5DDDB-D43A-34DC-AC91-C44072B74009}.MinSizeRel|x64.Build.0 = MinSizeRel|x64
		{35B5DDDB-D43A-34DC-AC91-C44072B74009}.MinSizeRel|x86.ActiveCfg = MinSizeRel|x64
		{35B5DDDB-D43A-34DC-AC91-C44072B74009}.Release|x64.ActiveCfg = Release|x64
		{35B5DDDB-D43A-34DC-AC91-C44072B74009}.Release|x64.Build.0 = Release|x64
		{35B5DDDB-D43A-34DC-AC91-C44072B74009}.Release|x86.ActiveCfg = Release|x64
		{35B5DDDB-D43A-34DC-AC91-C44072B74009}.RelWithDebInfo|x64.ActiveCfg = RelWithDebInfo|x64
		{35B5DDDB-D43A-34DC-AC91-C44072B74009}.RelWithDebInfo|x64.Build.0 = RelWithDebInfo|x64
		{35B5DDDB-D43A-34DC-AC91-C44072B74009}.RelWithDebInfo|x86.ActiveCfg = RelWithDebInfo|x64
		{17FE56C1-7FCC-3764-BF3D-5ABDD91200DF}.Debug|x64.ActiveCfg = Debug|x64
		{17FE56C1-7FCC-3764-BF3D-5ABDD91200DF}.Debug|x64.Build.0 = Debug|x64
		{17FE56C1-7FCC-3764-BF3D-5ABDD91200DF}.Debug|x86.ActiveCfg = Debug|x64
		{17FE56C1-7FCC-3764-BF3D-5ABDD91200DF}.MinSizeRel|x64.ActiveCfg = MinSizeRel|x64
		{17FE56C1-7FCC-3764-BF3D-5ABDD91200DF}.MinSizeRel|x64.Build.0 = MinSizeRel|x64
		{17FE56C1-7FCC-3764-BF3D-5ABDD91200DF}.MinSizeRel|x86.ActiveCfg = MinSizeRel|x64
		{17FE56C1-7FCC-3764-BF3D-5ABDD91200DF}.Release|x64.ActiveCfg = Release|x64
		{17FE56C1-7FCC-3764-BF3D-5ABDD91200DF}.Release|x64.Build.0 = Release|x64
		{17FE56C1-7FCC-3764-BF3D-5ABDD91200DF}.Release|x86.ActiveCfg = Release|x64
		{17FE56C1-7FCC-3764-BF3D-5ABDD91200DF}.RelWithDebInfo|x64.ActiveCfg = RelWithDebInfo|x64
		{17FE56C1-7FCC-3764-BF3D-5ABDD91200DF}.RelWithDebInfo|x64.Build.0 = RelWithDebInfo|x64
		{17FE56C1-7FCC-3764-BF3D-5ABDD91200DF}.RelWithDebInfo|x86.ActiveCfg = RelWithDebInfo|x64
		{EAC17CCD-7BBF-3D13-87C9-58BEC81C5B89}.Debug|x64.ActiveCfg = Debug|x64
		{EAC17CCD-7BBF-3D13-87C9-58BEC81C5B89}.Debug|x64.Build.0 = Debug|x64
		{EAC17CCD-7BBF-3D13-87C9-58BEC81C5B89}.Debug|x86.ActiveCfg = Debug|x64
		{EAC17CCD-7BBF-3D13-87C9-58BEC81C5B89}.MinSizeRel|x64.ActiveCfg = MinSizeRel|x64
		{EAC17CCD-7BBF-3D13-87C9-58BEC81C5B89}.MinSizeRel|x64.Build.0 = MinSizeRel|x64
		{EAC17CCD-7BBF-3D13-87C9-58BEC81C5B89}.MinSizeRel|x86.ActiveCfg = MinSizeRel|x64
		{EAC17CCD-7BBF-3D13-87C9-58BEC81C5B89}.Release|x64.ActiveCfg = Release|x64
		{EAC17CCD-7BBF-3D13-87C9-58BEC81C5B89}.Release|x64.Build.0 = Release|x64
		{EAC17CCD-7BBF-3D13-87C9-58BEC81C5B89}.Release|x86.ActiveCfg = Release|x64
		{EAC17CCD-7BBF-3D13-87C9-58BEC81C5B89}.RelWithDebInfo|x64.ActiveCfg = RelWithDebInfo|x64
		{EAC17CCD-7BBF-3D13-87C9-58BEC81C5B89}.RelWithDebInfo|x64.Build.0 = RelWithDebInfo|x64
		{EAC17CCD-7BBF-3D13-87C9-58BEC81C5B89}.RelWithDebInfo|x86.ActiveCfg = RelWithDebInfo|x64
		{8C577FCF-09FF-31C3-8C5C-386A47228C36}.Debug|x64.ActiveCfg = Debug|x64
		{8C577FCF-09FF-31C3-8C5C-386A47228C36}.Debug|x64.Build.0 = Debug|x64
		{8C577FCF-09FF-31C3-8C5C-386A47228C36}.Debug|x86.ActiveCfg = Debug|x64
		{8C577FCF-09FF-31C3-8C5C-386A47228C36}.MinSizeRel|x64.ActiveCfg = MinSizeRel|x64
		{8C577FCF-09FF-31C3-8C5C-386A47228C36}.MinSizeRel|x64.Build.0 = MinSizeRel|x64
		{8C577FCF-09FF-31C3-8C5C-386A47228C36}.MinSizeRel|x86.ActiveCfg = MinSizeRel|x64
		{8C577FCF-09FF-31C3-8C5C-386A47228C36}.Release|x64.ActiveCfg = Release|x64
		{8C577FCF-09FF-31C3-8C5C-386A47228C36}.Release|x64.Build.0 = Release|x64
		{8C577FCF-09FF-31C3-8C5C-386A47228C36}.Release|x86.ActiveCfg = Release|x64
		{8C577FCF-09FF-31C3-8C5C-386A47228C36}.RelWithDebInfo|x64.ActiveCfg = RelWithDebInfo|x64
		{8C577FCF-09FF-31C3-8C5C-386A47228C36}.RelWithDebInfo|x64.Build.0 = RelWithDebInfo|x64
		{8C577FCF-09FF-31C3-8C5C-386A47228C36}.RelWithDebInfo|x86.ActiveCfg = RelWithDebInfo|x64
		{727C53CC-D3C6-33FA-AB3B-7975330EED54}.Debug|x64.ActiveCfg = Debug|x64
		{727C53CC-D3C6-33FA-AB3B-7975330EED54}.Debug|x64.Build.0 = Debug|x64
		{727C53CC-D3C6-33FA-AB3B-7975330EED54}.Debug|x86.ActiveCfg = Debug|x64
		{727C53CC-D3C6-33FA-AB3B-7975330EED54}.MinSizeRel|x64.ActiveCfg = MinSizeRel|x64
		{727C53CC-D3C6-33FA-AB3B-7975330EED54}.MinSizeRel|x64.Build.0 = MinSizeRel|x64
		{727C53CC-D3C6-33FA-AB3B-7975330EED54}.MinSizeRel|x86.ActiveCfg = MinSizeRel|x64
		{727C53CC-D3C6-33FA-AB3B-7975330EED54}.Release|x64.ActiveCfg = Release|x64
		{727C53CC-D3C6-33FA-AB3B-7975330EED54}.Release|x64.Build.0 = Release|x64
		{727C53CC-D3C6-33FA-AB3B-7975330EED54}.Release|x86.ActiveCfg = Release|x64
		{727C53CC-D3C6-33FA-AB3B-7975330EED54}.RelWithDebInfo|x64.ActiveCfg = RelWithDebInfo|x64
		{727C53CC-D3C6-33FA-AB3B-7975330EED54}.RelWithDebInfo|x64.Build.0 = RelWithDebInfo|x64
		{727C53CC-D3C6-33FA-AB3B-7975330EED54}.RelWithDebInfo|x86.ActiveCfg = RelWithDebInfo|x64
		{F6153ED5-D5FB-355C-8E4C-5E7FC3BEB9EE}.Debug|x64.ActiveCfg = Debug|x64
		{F6153ED5-D5FB-355C-8E4C-5E7FC3BEB9EE}.Debug|x64.Build.0 = Debug|x64
		{F6153ED5-D5FB-355C-8E4C-5E7FC3BEB9EE}.Debug|x86.ActiveCfg = Debug|x64
		{F6153ED5-D5FB-355C-8E4C-5E7FC3BEB9EE}.MinSizeRel|x64.ActiveCfg = MinSizeRel|x64
		{F6153ED5-D5FB-355C-8E4C-5E7FC3BEB9EE}.MinSizeRel|x64.Build.0 = MinSizeRel|x64
		{F6153ED5-D5FB-355C-8E4C-5E7FC3BEB9EE}.MinSizeRel|x86.ActiveCfg = MinSizeRel|x64
		{F6153ED5-D5FB-355C-8E4C-5E7FC3BEB9EE}.Release|x64.ActiveCfg = Release|x64
		{F6153ED5-D5FB-355C-8E4C-5E7FC3BEB9EE}.Release|x64.Build.0 = Release|x64
		{F6153ED5-D5FB-355C-8E4C-5E7FC3BEB9EE}.Release|x86.ActiveCfg = Release|x64
		{F6153ED5-D5FB-355C-8E4C-5E7FC3BEB9EE}.RelWithDebInfo|x64.ActiveCfg = RelWithDebInfo|x64
		{F6153ED5-D5FB-355C-8E4C-5E7FC3BEB9EE}.RelWithDebInfo|x64.Build.0 = RelWithDebInfo|x64
		{F6153ED5-D5FB-355C-8E4C-5E7FC3BEB9EE}.RelWithDebInfo|x86.ActiveCfg = RelWithDebInfo|x64
		{B911BE9E-D01B-3321-A556-22D4D1496F40}.Debug|x64.ActiveCfg = Debug|x64
		{B911BE9E-D01B-3321-A556-22D4D1496F40}.Debug|x64.Build.0 = Debug|x64
		{B911BE9E-D01B-3321-A556-22D4D1496F40}.Debug|x86.ActiveCfg = Debug|x64
		{B911BE9E-D01B-3321-A556-22D4D1496F40}.MinSizeRel|x64.ActiveCfg = MinSizeRel|x64
		{B911BE9E-D01B-3321-A556-22D4D1496F40}.MinSizeRel|x64.Build.0 = MinSizeRel|x64
		{B911BE9E-D01B-3321-A556-22D4D1496F40}.MinSizeRel|x86.ActiveCfg = MinSizeRel|x64
		{B911BE9E-D01B-3321-A556-22D4D1496F40}.Release|x64.ActiveCfg = Release|x64
		{B911BE9E-D01B-3321-A556-22D4D1496F40}.Release|x64.Build.0 = Release|x64
		{B911BE9E-D01B-3321-A556-22D4D1496F40}.Release|x86.ActiveCfg = Release|x64
		{B911BE9E-D01B-3321-A556-22D4D1496F40}.RelWithDebInfo|x64.ActiveCfg = RelWithDebInfo|x64
		{B911BE9E-D01B-3321-A556-22D4D1496F40}.RelWithDebInfo|x64.Build.0 = RelWithDebInfo|x64
		{B911BE9E-D01B-3321-A556-22D4D1496F40}.RelWithDebInfo|x86.ActiveCfg = RelWithDebInfo|x64
		{715CA54D-B7F7-3087-8D15-8D50B8CACADA}.Debug|x64.ActiveCfg = Debug|x64
		{715CA54D-B7F7-3087-8D15-8D50B8CACADA}.Debug|x64.Build.0 = Debug|x64
		{715CA54D-B7F7-3087-8D15-8D50B8CACADA}.Debug|x86.ActiveCfg = Debug|x64
		{715CA54D-B7F7-3087-8D15-8D50B8CACADA}.MinSizeRel|x64.ActiveCfg = MinSizeRel|x64
		{715CA54D-B7F7-3087-8D15-8D50B8CACADA}.MinSizeRel|x64.Build.0 = MinSizeRel|x64
		{715CA54D-B7F7-3087-8D15-8D50B8CACADA}.MinSizeRel|x86.ActiveCfg = MinSizeRel|x64
		{715CA54D-B7F7-3087-8D15-8D50B8CACADA}.Release|x64.ActiveCfg = Release|x64
		{715CA54D-B7F7-3087-8D15-8D50B8CACADA}.Release|x64.Build.0 = Release|x64
		{715CA54D-B7F7-3087-8D15-8D50B8CACADA}.Release|x86.ActiveCfg = Release|x64
		{715CA54D-B7F7-3087-8D15-8D50B8CACADA}.RelWithDebInfo|x64.ActiveCfg = RelWithDebInfo|x64
		{715CA54D-B7F7-3087-8D15-8D50B8CACADA}.RelWithDebInfo|x64.Build.0 = RelWithDebInfo|x64
		{715CA54D-B7F7-3087-8D15-8D50B8CACADA}.RelWithDebInfo|x86.ActiveCfg = RelWithDebInfo|x64
		{E67D6C90-CBA3-38CA-8F4D-C6D671AA6159}.Debug|x64.ActiveCfg = Debug|x64
		{E67D6C90-CBA3-38CA-8F4D-C6D671AA6159}.Debug|x64.Build.0 = Debug|x64
		{E67D6C90-CBA3-38CA-8F4D-C6D671AA6159}.Debug|x86.ActiveCfg = Debug|x64
		{E67D6C90-CBA3-38CA-8F4D-C6D671AA6159}.MinSizeRel|x64.ActiveCfg = MinSizeRel|x64
		{E67D6C90-CBA3-38CA-8F4D-C6D671AA6159}.MinSizeRel|x64.Build.0 = MinSizeRel|x64
		{E67D6C90-CBA3-38CA-8F4D-C6D671AA6159}.MinSizeRel|x86.ActiveCfg = MinSizeRel|x64
		{E67D6C90-CBA3-38CA-8F4D-C6D671AA6159}.Release|x64.ActiveCfg = Release|x64
		{E67D6C90-CBA3-38CA-8F4D-C6D671AA6159}.Release|x64.Build.0 = Release|x64
		{E67D6C90-CBA3-38CA-8F4D-C6D671AA6159}.Release|x86.ActiveCfg = Release|x64
		{E67D6C90-CBA3-38CA-8F4D-C6D671AA6159}.RelWithDebInfo|x64.ActiveCfg = RelWithDebInfo|x64
		{E67D6C90-CBA3-38CA-8F4D-C6D671AA6159}.RelWithDebInfo|x64.Build.0 = RelWithDebInfo|x64
		{E67D6C90-CBA3-38CA-8F4D-C6D671AA6159}.RelWithDebInfo|x86.ActiveCfg = RelWithDebInfo|x64
		{B4FC53BE-5825-3562-A16F-F6A1A41ED8BE}.Debug|x64.ActiveCfg = Debug|x64
		{B4FC53BE-5825-3562-A16F-F6A1A41ED8BE}.Debug|x64.Build.0 = Debug|x64
		{B4FC53BE-5825-3562-A16F-F6A1A41ED8BE}.Debug|x86.ActiveCfg = Debug|x64
		{B4FC53BE-5825-3562-A16F-F6A1A41ED8BE}.MinSizeRel|x64.ActiveCfg = MinSizeRel|x64
		{B4FC53BE-5825-3562-A16F-F6A1A41ED8BE}.MinSizeRel|x64.Build.0 = MinSizeRel|x64
		{B4FC53BE-5825-3562-A16F-F6A1A41ED8BE}.MinSizeRel|x86.ActiveCfg = MinSizeRel|x64
		{B4FC53BE-5825-3562-A16F-F6A1A41ED8BE}.Release|x64.ActiveCfg = Release|x64
		{B4FC53BE-5825-3562-A16F-F6A1A41ED8BE}.Release|x64.Build.0 = Release|x64
		{B4FC53BE-5825-3562-A16F-F6A1A41ED8BE}.Release|x86.ActiveCfg = Release|x64
		{B4FC53BE-5825-3562-A16F-F6A1A41ED8BE}.RelWithDebInfo|x64.ActiveCfg = RelWithDebInfo|x64
		{B4FC53BE-5825-3562-A16F-F6A1A41ED8BE}.RelWithDebInfo|x64.Build.0 = RelWithDebInfo|x64
		{B4FC53BE-5825-3562-A16F-F6A1A41ED8BE}.RelWithDebInfo|x86.ActiveCfg = RelWithDebInfo|x64
		{83A76BD8-AEA0-319D-8D16-482A720313A1}.Debug|x64.ActiveCfg = Debug|x64
		{83A76BD8-AEA0-319D-8D16-482A720313A1}.Debug|x64.Build.0 = Debug|x64
		{83A76BD8-AEA0-319D-8D16-482A720313A1}.Debug|x86.ActiveCfg = Debug|x64
		{83A76BD8-AEA0-319D-8D16-482A720313A1}.MinSizeRel|x64.ActiveCfg = MinSizeRel|x64
		{83A76BD8-AEA0-319D-8D16-482A720313A1}.MinSizeRel|x64.Build.0 = MinSizeRel|x64
		{83A76BD8-AEA0-319D-8D16-482A720313A1}.MinSizeRel|x86.ActiveCfg = MinSizeRel|x64
		{83A76BD8-AEA0-319D-8D16-482A720313A1}.Release|x64.ActiveCfg = Release|x64
		{83A76BD8-AEA0-319D-8D16-482A720313A1}.Release|x64.Build.0 = Release|x64
		{83A76BD8-AEA0-319D-8D16-482A720313A1}.Release|x86.ActiveCfg = Release|x64
		{83A76BD8-AEA0-319D-8D16-482A720313A1}.RelWithDebInfo|x64.ActiveCfg = RelWithDebInfo|x64
		{83A76BD8-AEA0-319D-8D16-482A720313A1}.RelWithDebInfo|x64.Build.0 = RelWithDebInfo|x64
		{83A76BD8-AEA0-319D-8D16-482A720313A1}.RelWithDebInfo|x86.ActiveCfg = RelWithDebInfo|x64
		{9A84E771-4D6A-3B8D-8F0E-D1FE5F2C64E0}.Debug|x64.ActiveCfg = Debug|x64
		{9A84E771-4D6A-3B8D-8F0E-D1FE5F2C64E0}.Debug|x64.Build.0 = Debug|x64
		{9A84E771-4D6A-3B8D-8F0E-D1FE5F2C64E0}.Debug|x86.ActiveCfg = Debug|x64
		{9A84E771-4D6A-3B8D-8F0E-D1FE5F2C64E0}.MinSizeRel|x64.ActiveCfg = MinSizeRel|x64
		{9A84E771-4D6A-3B8D-8F0E-D1FE5F2C64E0}.MinSizeRel|x64.Build.0 = MinSizeRel|x64
		{9A84E771-4D6A-3B8D-8F0E-D1FE5F2C64E0}.MinSizeRel|x86.ActiveCfg = MinSizeRel|x64
		{9A84E771-4D6A-3B8D-8F0E-D1FE5F2C64E0}.Release|x64.ActiveCfg = Release|x64
		{9A84E771-4D6A-3B8D-8F0E-D1FE5F2C64E0}.Release|x64.Build.0 = Release|x64
		{9A84E771-4D6A-3B8D-8F0E-D1FE5F2C64E0}.Release|x86.ActiveCfg = Release|x64
		{9A84E771-4D6A-3B8D-8F0E-D1FE5F2C64E0}.RelWithDebInfo|x64.ActiveCfg = RelWithDebInfo|x64
		{9A84E771-4D6A-3B8D-8F0E-D1FE5F2C64E0}.RelWithDebInfo|x64.Build.0 = RelWithDebInfo|x64
		{9A84E771-4D6A-3B8D-8F0E-D1FE5F2C64E0}.RelWithDebInfo|x86.ActiveCfg = RelWithDebInfo|x64
		{00FF0D86-C1F6-34A5-986B-EA7C9D3F47B6}.Debug|x64.ActiveCfg = Debug|x64
		{00FF0D86-C1F6-34A5-986B-EA7C9D3F47B6}.Debug|x64.Build.0 = Debug|x64
		{00FF0D86-C1F6-34A5-986B-EA7C9D3F47B6}.Debug|x86.ActiveCfg = Debug|x64
		{00FF0D86-C1F6-34A5-986B-EA7C9D3F47B6}.MinSizeRel|x64.ActiveCfg = MinSizeRel|x64
		{00FF0D86-C1F6-34A5-986B-EA7C9D3F47B6}.MinSizeRel|x64.Build.0 = MinSizeRel|x64
		{00FF0D86-C1F6-34A5-986B-EA7C9D3F47B6}.MinSizeRel|x86.ActiveCfg = MinSizeRel|x64
		{00FF0D86-C1F6-34A5-986B-EA7C9D3F47B6}.Release|x64.ActiveCfg = Release|x64
		{00FF0D86-C1F6-34A5-986B-EA7C9D3F47B6}.Release|x64.Build.0 = Release|x64
		{00FF0D86-C1F6-34A5-986B-EA7C9D3F47B6}.Release|x86.ActiveCfg = Release|x64
		{00FF0D86-C1F6-34A5-986B-EA7C9D3F47B6}.RelWithDebInfo|x64.ActiveCfg = RelWithDebInfo|x64
		{00FF0D86-C1F6-34A5-986B-EA7C9D3F47B6}.RelWithDebInfo|x64.Build.0 = RelWithDebInfo|x64
		{00FF0D86-C1F6-34A5-986B-EA7C9D3F47B6}.RelWithDebInfo|x86.ActiveCfg = RelWithDebInfo|x64
		{FEC1853A-4BD8-39A3-B8B6-4C1DA17B50EE}.Debug|x64.ActiveCfg = Debug|x64
		{FEC1853A-4BD8-39A3-B8B6-4C1DA17B50EE}.Debug|x64.Build.0 = Debug|x64
		{FEC1853A-4BD8-39A3-B8B6-4C1DA17B50EE}.Debug|x86.ActiveCfg = Debug|x64
		{FEC1853A-4BD8-39A3-B8B6-4C1DA17B50EE}.MinSizeRel|x64.ActiveCfg = MinSizeRel|x64
		{FEC1853A-4BD8-39A3-B8B6-4C1DA17B50EE}.MinSizeRel|x64.Build.0 = MinSizeRel|x64
		{FEC1853A-4BD8-39A3-B8B6-4C1DA17B50EE}.MinSizeRel|x86.ActiveCfg = MinSizeRel|x64
		{FEC1853A-4BD8-39A3-B8B6-4C1DA17B50EE}.Release|x64.ActiveCfg = Release|x64
		{FEC1853A-4BD8-39A3-B8B6-4C1DA17B50EE}.Release|x64.Build.0 = Release|x64
		{FEC1853A-4BD8-39A3-B8B6-4C1DA17B50EE}.Release|x86.ActiveCfg = Release|x64
		{FEC1853A-4BD8-39A3-B8B6-4C1DA17B50EE}.RelWithDebInfo|x64.ActiveCfg = RelWithDebInfo|x64
		{FEC1853A-4BD8-39A3-B8B6-4C1DA17B50EE}.RelWithDebInfo|x64.Build.0 = RelWithDebInfo|x64
		{FEC1853A-4BD8-39A3-B8B6-4C1DA17B50EE}.RelWithDebInfo|x86.ActiveCfg = RelWithDebInfo|x64
		{3A5A0B01-8191-3178-ACF9-AEA4DD5927A5}.Debug|x64.ActiveCfg = Debug|x64
		{3A5A0B01-8191-3178-ACF9-AEA4DD5927A5}.Debug|x64.Build.0 = Debug|x64
		{3A5A0B01-8191-3178-ACF9-AEA4DD5927A5}.Debug|x86.ActiveCfg = Debug|x64
		{3A5A0B01-8191-3178-ACF9-AEA4DD5927A5}.MinSizeRel|x64.ActiveCfg = MinSizeRel|x64
		{3A5A0B01-8191-3178-ACF9-AEA4DD5927A5}.MinSizeRel|x64.Build.0 = MinSizeRel|x64
		{3A5A0B01-8191-3178-ACF9-AEA4DD5927A5}.MinSizeRel|x86.ActiveCfg = MinSizeRel|x64
		{3A5A0B01-8191-3178-ACF9-AEA4DD5927A5}.Release|x64.ActiveCfg = Release|x64
		{3A5A0B01-8191-3178-ACF9-AEA4DD5927A5}.Release|x64.Build.0 = Release|x64
		{3A5A0B01-8191-3178-ACF9-AEA4DD5927A5}.Release|x86.ActiveCfg = Release|x64
		{3A5A0B01-8191-3178-ACF9-AEA4DD5927A5}.RelWithDebInfo|x64.ActiveCfg = RelWithDebInfo|x64
		{3A5A0B01-8191-3178-ACF9-AEA4DD5927A5}.RelWithDebInfo|x64.Build.0 = RelWithDebInfo|x64
		{3A5A0B01-8191-3178-ACF9-AEA4DD5927A5}.RelWithDebInfo|x86.ActiveCfg = RelWithDebInfo|x64
		{E8DA0E6E-F6ED-3E26-90B3-C6258B0F284D}.Debug|x64.ActiveCfg = Debug|x64
		{E8DA0E6E-F6ED-3E26-90B3-C6258B0F284D}.Debug|x64.Build.0 = Debug|x64
		{E8DA0E6E-F6ED-3E26-90B3-C6258B0F284D}.Debug|x86.ActiveCfg = Debug|x64
		{E8DA0E6E-F6ED-3E26-90B3-C6258B0F284D}.MinSizeRel|x64.ActiveCfg = MinSizeRel|x64
		{E8DA0E6E-F6ED-3E26-90B3-C6258B0F284D}.MinSizeRel|x64.Build.0 = MinSizeRel|x64
		{E8DA0E6E-F6ED-3E26-90B3-C6258B0F284D}.MinSizeRel|x86.ActiveCfg = MinSizeRel|x64
		{E8DA0E6E-F6ED-3E26-90B3-C6258B0F284D}.Release|x64.ActiveCfg = Release|x64
		{E8DA0E6E-F6ED-3E26-90B3-C6258B0F284D}.Release|x64.Build.0 = Release|x64
		{E8DA0E6E-F6ED-3E26-90B3-C6258B0F284D}.Release|x86.ActiveCfg = Release|x64
		{E8DA0E6E-F6ED-3E26-90B3-C6258B0F284D}.RelWithDebInfo|x64.ActiveCfg = RelWithDebInfo|x64
		{E8DA0E6E-F6ED-3E26-90B3-C6258B0F284D}.RelWithDebInfo|x64.Build.0 = RelWithDebInfo|x64
		{E8DA0E6E-F6ED-3E26-90B3-C6258B0F284D}.RelWithDebInfo|x86.ActiveCfg = RelWithDebInfo|x64
		{1C053C4F-11C7-3281-ABFF-D8173BDE17FC}.Debug|x64.ActiveCfg = Debug|x64
		{1C053C4F-11C7-3281-ABFF-D8173BDE17FC}.Debug|x64.Build.0 = Debug|x64
		{1C053C4F-11C7-3281-ABFF-D8173BDE17FC}.Debug|x86.ActiveCfg = Debug|x64
		{1C053C4F-11C7-3281-ABFF-D8173BDE17FC}.MinSizeRel|x64.ActiveCfg = MinSizeRel|x64
		{1C053C4F-11C7-3281-ABFF-D8173BDE17FC}.MinSizeRel|x64.Build.0 = MinSizeRel|x64
		{1C053C4F-11C7-3281-ABFF-D8173BDE17FC}.MinSizeRel|x86.ActiveCfg = MinSizeRel|x64
		{1C053C4F-11C7-3281-ABFF-D8173BDE17FC}.Release|x64.ActiveCfg = Release|x64
		{1C053C4F-11C7-3281-ABFF-D8173BDE17FC}.Release|x64.Build.0 = Release|x64
		{1C053C4F-11C7-3281-ABFF-D8173BDE17FC}.Release|x86.ActiveCfg = Release|x64
		{1C053C4F-11C7-3281-ABFF-D8173BDE17FC}.RelWithDebInfo|x64.ActiveCfg = RelWithDebInfo|x64
		{1C053C4F-11C7-3281-ABFF-D8173BDE17FC}.RelWithDebInfo|x64.Build.0 = RelWithDebInfo|x64
		{1C053C4F-11C7-3281-ABFF-D8173BDE17FC}.RelWithDebInfo|x86.ActiveCfg = RelWithDebInfo|x64
		{6352B205-5873-3FD7-89EA-C480A8A32EC2}.Debug|x64.ActiveCfg = Debug|x64
		{6352B205-5873-3FD7-89EA-C480A8A32EC2}.Debug|x64.Build.0 = Debug|x64
		{6352B205-5873-3FD7-89EA-C480A8A32EC2}.Debug|x86.ActiveCfg = Debug|x64
		{6352B205-5873-3FD7-89EA-C480A8A32EC2}.MinSizeRel|x64.ActiveCfg = MinSizeRel|x64
		{6352B205-5873-3FD7-89EA-C480A8A32EC2}.MinSizeRel|x64.Build.0 = MinSizeRel|x64
		{6352B205-5873-3FD7-89EA-C480A8A32EC2}.MinSizeRel|x86.ActiveCfg = MinSizeRel|x64
		{6352B205-5873-3FD7-89EA-C480A8A32EC2}.Release|x64.ActiveCfg = Release|x64
		{6352B205-5873-3FD7-89EA-C480A8A32EC2}.Release|x64.Build.0 = Release|x64
		{6352B205-5873-3FD7-89EA-C480A8A32EC2}.Release|x86.ActiveCfg = Release|x64
		{6352B205-5873-3FD7-89EA-C480A8A32EC2}.RelWithDebInfo|x64.ActiveCfg = RelWithDebInfo|x64
		{6352B205-5873-3FD7-89EA-C480A8A32EC2}.RelWithDebInfo|x64.Build.0 = RelWithDebInfo|x64
		{6352B205-5873-3FD7-89EA-C480A8A32EC2}.RelWithDebInfo|x86.ActiveCfg = RelWithDebInfo|x64
		{31BFE22F-2D69-39E6-8E1B-8007B8C2FC80}.Debug|x64.ActiveCfg = Debug|x64
		{31BFE22F-2D69-39E6-8E1B-8007B8C2FC80}.Debug|x64.Build.0 = Debug|x64
		{31BFE22F-2D69-39E6-8E1B-8007B8C2FC80}.Debug|x86.ActiveCfg = Debug|x64
		{31BFE22F-2D69-39E6-8E1B-8007B8C2FC80}.MinSizeRel|x64.ActiveCfg = MinSizeRel|x64
		{31BFE22F-2D69-39E6-8E1B-8007B8C2FC80}.MinSizeRel|x64.Build.0 = MinSizeRel|x64
		{31BFE22F-2D69-39E6-8E1B-8007B8C2FC80}.MinSizeRel|x86.ActiveCfg = MinSizeRel|x64
		{31BFE22F-2D69-39E6-8E1B-8007B8C2FC80}.Release|x64.ActiveCfg = Release|x64
		{31BFE22F-2D69-39E6-8E1B-8007B8C2FC80}.Release|x64.Build.0 = Release|x64
		{31BFE22F-2D69-39E6-8E1B-8007B8C2FC80}.Release|x86.ActiveCfg = Release|x64
		{31BFE22F-2D69-39E6-8E1B-8007B8C2FC80}.RelWithDebInfo|x64.ActiveCfg = RelWithDebInfo|x64
		{31BFE22F-2D69-39E6-8E1B-8007B8C2FC80}.RelWithDebInfo|x64.Build.0 = RelWithDebInfo|x64
		{31BFE22F-2D69-39E6-8E1B-8007B8C2FC80}.RelWithDebInfo|x86.ActiveCfg = RelWithDebInfo|x64
		{6CA83470-3D76-3791-89A4-6700AC9E26D0}.Debug|x64.ActiveCfg = Debug|x64
		{6CA83470-3D76-3791-89A4-6700AC9E26D0}.Debug|x64.Build.0 = Debug|x64
		{6CA83470-3D76-3791-89A4-6700AC9E26D0}.Debug|x86.ActiveCfg = Debug|x64
		{6CA83470-3D76-3791-89A4-6700AC9E26D0}.MinSizeRel|x64.ActiveCfg = MinSizeRel|x64
		{6CA83470-3D76-3791-89A4-6700AC9E26D0}.MinSizeRel|x64.Build.0 = MinSizeRel|x64
		{6CA83470-3D76-3791-89A4-6700AC9E26D0}.MinSizeRel|x86.ActiveCfg = MinSizeRel|x64
		{6CA83470-3D76-3791-89A4-6700AC9E26D0}.Release|x64.ActiveCfg = Release|x64
		{6CA83470-3D76-3791-89A4-6700AC9E26D0}.Release|x64.Build.0 = Release|x64
		{6CA83470-3D76-3791-89A4-6700AC9E26D0}.Release|x86.ActiveCfg = Release|x64
		{6CA83470-3D76-3791-89A4-6700AC9E26D0}.RelWithDebInfo|x64.ActiveCfg = RelWithDebInfo|x64
		{6CA83470-3D76-3791-89A4-6700AC9E26D0}.RelWithDebInfo|x64.Build.0 = RelWithDebInfo|x64
		{6CA83470-3D76-3791-89A4-6700AC9E26D0}.RelWithDebInfo|x86.ActiveCfg = RelWithDebInfo|x64
		{148E3B45-6F67-3E56-BD6E-C0872BD1C6CD}.Debug|x64.ActiveCfg = Debug|x64
		{148E3B45-6F67-3E56-BD6E-C0872BD1C6CD}.Debug|x64.Build.0 = Debug|x64
		{148E3B45-6F67-3E56-BD6E-C0872BD1C6CD}.Debug|x86.ActiveCfg = Debug|x64
		{148E3B45-6F67-3E56-BD6E-C0872BD1C6CD}.MinSizeRel|x64.ActiveCfg = MinSizeRel|x64
		{148E3B45-6F67-3E56-BD6E-C0872BD1C6CD}.MinSizeRel|x64.Build.0 = MinSizeRel|x64
		{148E3B45-6F67-3E56-BD6E-C0872BD1C6CD}.MinSizeRel|x86.ActiveCfg = MinSizeRel|x64
		{148E3B45-6F67-3E56-BD6E-C0872BD1C6CD}.Release|x64.ActiveCfg = Release|x64
		{148E3B45-6F67-3E56-BD6E-C0872BD1C6CD}.Release|x64.Build.0 = Release|x64
		{148E3B45-6F67-3E56-BD6E-C0872BD1C6CD}.Release|x86.ActiveCfg = Release|x64
		{148E3B45-6F67-3E56-BD6E-C0872BD1C6CD}.RelWithDebInfo|x64.ActiveCfg = RelWithDebInfo|x64
		{148E3B45-6F67-3E56-BD6E-C0872BD1C6CD}.RelWithDebInfo|x64.Build.0 = RelWithDebInfo|x64
		{148E3B45-6F67-3E56-BD6E-C0872BD1C6CD}.RelWithDebInfo|x86.ActiveCfg = RelWithDebInfo|x64
		{060FE19B-6D8A-36B4-8FE3-4D1EAA5431C2}.Debug|x64.ActiveCfg = Debug|x64
		{060FE19B-6D8A-36B4-8FE3-4D1EAA5431C2}.Debug|x64.Build.0 = Debug|x64
		{060FE19B-6D8A-36B4-8FE3-4D1EAA5431C2}.Debug|x86.ActiveCfg = Debug|x64
		{060FE19B-6D8A-36B4-8FE3-4D1EAA5431C2}.MinSizeRel|x64.ActiveCfg = MinSizeRel|x64
		{060FE19B-6D8A-36B4-8FE3-4D1EAA5431C2}.MinSizeRel|x64.Build.0 = MinSizeRel|x64
		{060FE19B-6D8A-36B4-8FE3-4D1EAA5431C2}.MinSizeRel|x86.ActiveCfg = MinSizeRel|x64
		{060FE19B-6D8A-36B4-8FE3-4D1EAA5431C2}.Release|x64.ActiveCfg = Release|x64
		{060FE19B-6D8A-36B4-8FE3-4D1EAA5431C2}.Release|x64.Build.0 = Release|x64
		{060FE19B-6D8A-36B4-8FE3-4D1EAA5431C2}.Release|x86.ActiveCfg = Release|x64
		{060FE19B-6D8A-36B4-8FE3-4D1EAA5431C2}.RelWithDebInfo|x64.ActiveCfg = RelWithDebInfo|x64
		{060FE19B-6D8A-36B4-8FE3-4D1EAA5431C2}.RelWithDebInfo|x64.Build.0 = RelWithDebInfo|x64
		{060FE19B-6D8A-36B4-8FE3-4D1EAA5431C2}.RelWithDebInfo|x86.ActiveCfg = RelWithDebInfo|x64
		{9163CF7A-6DA3-3DAB-8B39-5CB6EC37147E}.Debug|x64.ActiveCfg = Debug|x64
		{9163CF7A-6DA3-3DAB-8B39-5CB6EC37147E}.Debug|x64.Build.0 = Debug|x64
		{9163CF7A-6DA3-3DAB-8B39-5CB6EC37147E}.Debug|x86.ActiveCfg = Debug|x64
		{9163CF7A-6DA3-3DAB-8B39-5CB6EC37147E}.MinSizeRel|x64.ActiveCfg = MinSizeRel|x64
		{9163CF7A-6DA3-3DAB-8B39-5CB6EC37147E}.MinSizeRel|x64.Build.0 = MinSizeRel|x64
		{9163CF7A-6DA3-3DAB-8B39-5CB6EC37147E}.MinSizeRel|x86.ActiveCfg = MinSizeRel|x64
		{9163CF7A-6DA3-3DAB-8B39-5CB6EC37147E}.Release|x64.ActiveCfg = Release|x64
		{9163CF7A-6DA3-3DAB-8B39-5CB6EC37147E}.Release|x64.Build.0 = Release|x64
		{9163CF7A-6DA3-3DAB-8B39-5CB6EC37147E}.Release|x86.ActiveCfg = Release|x64
		{9163CF7A-6DA3-3DAB-8B39-5CB6EC37147E}.RelWithDebInfo|x64.ActiveCfg = RelWithDebInfo|x64
		{9163CF7A-6DA3-3DAB-8B39-5CB6EC37147E}.RelWithDebInfo|x64.Build.0 = RelWithDebInfo|x64
		{9163CF7A-6DA3-3DAB-8B39-5CB6EC37147E}.RelWithDebInfo|x86.ActiveCfg = RelWithDebInfo|x64
		{CBBC0664-DE4B-34DE-A867-18414584B9C6}.Debug|x64.ActiveCfg = Debug|x64
		{CBBC0664-DE4B-34DE-A867-18414584B9C6}.Debug|x64.Build.0 = Debug|x64
		{CBBC0664-DE4B-34DE-A867-18414584B9C6}.Debug|x86.ActiveCfg = Debug|x64
		{CBBC0664-DE4B-34DE-A867-18414584B9C6}.MinSizeRel|x64.ActiveCfg = MinSizeRel|x64
		{CBBC0664-DE4B-34DE-A867-18414584B9C6}.MinSizeRel|x64.Build.0 = MinSizeRel|x64
		{CBBC0664-DE4B-34DE-A867-18414584B9C6}.MinSizeRel|x86.ActiveCfg = MinSizeRel|x64
		{CBBC0664-DE4B-34DE-A867-18414584B9C6}.Release|x64.ActiveCfg = Release|x64
		{CBBC0664-DE4B-34DE-A867-18414584B9C6}.Release|x64.Build.0 = Release|x64
		{CBBC0664-DE4B-34DE-A867-18414584B9C6}.Release|x86.ActiveCfg = Release|x64
		{CBBC0664-DE4B-34DE-A867-18414584B9C6}.RelWithDebInfo|x64.ActiveCfg = RelWithDebInfo|x64
		{CBBC0664-DE4B-34DE-A867-18414584B9C6}.RelWithDebInfo|x64.Build.0 = RelWithDebInfo|x64
		{CBBC0664-DE4B-34DE-A867-18414584B9C6}.RelWithDebInfo|x86.ActiveCfg = RelWithDebInfo|x64
		{4F30BB95-45FC-3DCE-B14D-33E2AD56CBEC}.Debug|x64.ActiveCfg = Debug|x64
		{4F30BB95-45FC-3DCE-B14D-33E2AD56CBEC}.Debug|x64.Build.0 = Debug|x64
		{4F30BB95-45FC-3DCE-B14D-33E2AD56CBEC}.Debug|x86.ActiveCfg = Debug|x64
		{4F30BB95-45FC-3DCE-B14D-33E2AD56CBEC}.MinSizeRel|x64.ActiveCfg = MinSizeRel|x64
		{4F30BB95-45FC-3DCE-B14D-33E2AD56CBEC}.MinSizeRel|x64.Build.0 = MinSizeRel|x64
		{4F30BB95-45FC-3DCE-B14D-33E2AD56CBEC}.MinSizeRel|x86.ActiveCfg = MinSizeRel|x64
		{4F30BB95-45FC-3DCE-B14D-33E2AD56CBEC}.Release|x64.ActiveCfg = Release|x64
		{4F30BB95-45FC-3DCE-B14D-33E2AD56CBEC}.Release|x64.Build.0 = Release|x64
		{4F30BB95-45FC-3DCE-B14D-33E2AD56CBEC}.Release|x86.ActiveCfg = Release|x64
		{4F30BB95-45FC-3DCE-B14D-33E2AD56CBEC}.RelWithDebInfo|x64.ActiveCfg = RelWithDebInfo|x64
		{4F30BB95-45FC-3DCE-B14D-33E2AD56CBEC}.RelWithDebInfo|x64.Build.0 = RelWithDebInfo|x64
		{4F30BB95-45FC-3DCE-B14D-33E2AD56CBEC}.RelWithDebInfo|x86.ActiveCfg = RelWithDebInfo|x64
		{093D21AA-6FBD-3DC0-A6D8-D1A92B8D8A36}.Debug|x64.ActiveCfg = Debug|x64
		{093D21AA-6FBD-3DC0-A6D8-D1A92B8D8A36}.Debug|x64.Build.0 = Debug|x64
		{093D21AA-6FBD-3DC0-A6D8-D1A92B8D8A36}.Debug|x86.ActiveCfg = Debug|x64
		{093D21AA-6FBD-3DC0-A6D8-D1A92B8D8A36}.MinSizeRel|x64.ActiveCfg = MinSizeRel|x64
		{093D21AA-6FBD-3DC0-A6D8-D1A92B8D8A36}.MinSizeRel|x64.Build.0 = MinSizeRel|x64
		{093D21AA-6FBD-3DC0-A6D8-D1A92B8D8A36}.MinSizeRel|x86.ActiveCfg = MinSizeRel|x64
		{093D21AA-6FBD-3DC0-A6D8-D1A92B8D8A36}.Release|x64.ActiveCfg = Release|x64
		{093D21AA-6FBD-3DC0-A6D8-D1A92B8D8A36}.Release|x64.Build.0 = Release|x64
		{093D21AA-6FBD-3DC0-A6D8-D1A92B8D8A36}.Release|x86.ActiveCfg = Release|x64
		{093D21AA-6FBD-3DC0-A6D8-D1A92B8D8A36}.RelWithDebInfo|x64.ActiveCfg = RelWithDebInfo|x64
		{093D21AA-6FBD-3DC0-A6D8-D1A92B8D8A36}.RelWithDebInfo|x64.Build.0 = RelWithDebInfo|x64
		{093D21AA-6FBD-3DC0-A6D8-D1A92B8D8A36}.RelWithDebInfo|x86.ActiveCfg = RelWithDebInfo|x64
		{06F27592-917A-30EF-BEC8-34422CBC4401}.Debug|x64.ActiveCfg = Debug|x64
		{06F27592-917A-30EF-BEC8-34422CBC4401}.Debug|x64.Build.0 = Debug|x64
		{06F27592-917A-30EF-BEC8-34422CBC4401}.Debug|x86.ActiveCfg = Debug|x64
		{06F27592-917A-30EF-BEC8-34422CBC4401}.MinSizeRel|x64.ActiveCfg = MinSizeRel|x64
		{06F27592-917A-30EF-BEC8-34422CBC4401}.MinSizeRel|x64.Build.0 = MinSizeRel|x64
		{06F27592-917A-30EF-BEC8-34422CBC4401}.MinSizeRel|x86.ActiveCfg = MinSizeRel|x64
		{06F27592-917A-30EF-BEC8-34422CBC4401}.Release|x64.ActiveCfg = Release|x64
		{06F27592-917A-30EF-BEC8-34422CBC4401}.Release|x64.Build.0 = Release|x64
		{06F27592-917A-30EF-BEC8-34422CBC4401}.Release|x86.ActiveCfg = Release|x64
		{06F27592-917A-30EF-BEC8-34422CBC4401}.RelWithDebInfo|x64.ActiveCfg = RelWithDebInfo|x64
		{06F27592-917A-30EF-BEC8-34422CBC4401}.RelWithDebInfo|x64.Build.0 = RelWithDebInfo|x64
		{06F27592-917A-30EF-BEC8-34422CBC4401}.RelWithDebInfo|x86.ActiveCfg = RelWithDebInfo|x64
		{A6958E23-6A44-3672-ADE1-E51E5310C147}.Debug|x64.ActiveCfg = Debug|x64
		{A6958E23-6A44-3672-ADE1-E51E5310C147}.Debug|x64.Build.0 = Debug|x64
		{A6958E23-6A44-3672-ADE1-E51E5310C147}.Debug|x86.ActiveCfg = Debug|x64
		{A6958E23-6A44-3672-ADE1-E51E5310C147}.MinSizeRel|x64.ActiveCfg = MinSizeRel|x64
		{A6958E23-6A44-3672-ADE1-E51E5310C147}.MinSizeRel|x64.Build.0 = MinSizeRel|x64
		{A6958E23-6A44-3672-ADE1-E51E5310C147}.MinSizeRel|x86.ActiveCfg = MinSizeRel|x64
		{A6958E23-6A44-3672-ADE1-E51E5310C147}.Release|x64.ActiveCfg = Release|x64
		{A6958E23-6A44-3672-ADE1-E51E5310C147}.Release|x64.Build.0 = Release|x64
		{A6958E23-6A44-3672-ADE1-E51E5310C147}.Release|x86.ActiveCfg = Release|x64
		{A6958E23-6A44-3672-ADE1-E51E5310C147}.RelWithDebInfo|x64.ActiveCfg = RelWithDebInfo|x64
		{A6958E23-6A44-3672-ADE1-E51E5310C147}.RelWithDebInfo|x64.Build.0 = RelWithDebInfo|x64
		{A6958E23-6A44-3672-ADE1-E51E5310C147}.RelWithDebInfo|x86.ActiveCfg = RelWithDebInfo|x64
		{CADF8993-B8D7-3917-AD64-2551E8D239DD}.Debug|x64.ActiveCfg = Debug|x64
		{CADF8993-B8D7-3917-AD64-2551E8D239DD}.Debug|x64.Build.0 = Debug|x64
		{CADF8993-B8D7-3917-AD64-2551E8D239DD}.Debug|x86.ActiveCfg = Debug|x64
		{CADF8993-B8D7-3917-AD64-2551E8D239DD}.MinSizeRel|x64.ActiveCfg = MinSizeRel|x64
		{CADF8993-B8D7-3917-AD64-2551E8D239DD}.MinSizeRel|x64.Build.0 = MinSizeRel|x64
		{CADF8993-B8D7-3917-AD64-2551E8D239DD}.MinSizeRel|x86.ActiveCfg = MinSizeRel|x64
		{CADF8993-B8D7-3917-AD64-2551E8D239DD}.Release|x64.ActiveCfg = Release|x64
		{CADF8993-B8D7-3917-AD64-2551E8D239DD}.Release|x64.Build.0 = Release|x64
		{CADF8993-B8D7-3917-AD64-2551E8D239DD}.Release|x86.ActiveCfg = Release|x64
		{CADF8993-B8D7-3917-AD64-2551E8D239DD}.RelWithDebInfo|x64.ActiveCfg = RelWithDebInfo|x64
		{CADF8993-B8D7-3917-AD64-2551E8D239DD}.RelWithDebInfo|x64.Build.0 = RelWithDebInfo|x64
		{CADF8993-B8D7-3917-AD64-2551E8D239DD}.RelWithDebInfo|x86.ActiveCfg = RelWithDebInfo|x64
		{F3E1981B-8B8C-35DB-93AF-1FA154776D31}.Debug|x64.ActiveCfg = Debug|x64
		{F3E1981B-8B8C-35DB-93AF-1FA154776D31}.Debug|x64.Build.0 = Debug|x64
		{F3E1981B-8B8C-35DB-93AF-1FA154776D31}.Debug|x86.ActiveCfg = Debug|x64
		{F3E1981B-8B8C-35DB-93AF-1FA154776D31}.MinSizeRel|x64.ActiveCfg = MinSizeRel|x64
		{F3E1981B-8B8C-35DB-93AF-1FA154776D31}.MinSizeRel|x64.Build.0 = MinSizeRel|x64
		{F3E1981B-8B8C-35DB-93AF-1FA154776D31}.MinSizeRel|x86.ActiveCfg = MinSizeRel|x64
		{F3E1981B-8B8C-35DB-93AF-1FA154776D31}.Release|x64.ActiveCfg = Release|x64
		{F3E1981B-8B8C-35DB-93AF-1FA154776D31}.Release|x64.Build.0 = Release|x64
		{F3E1981B-8B8C-35DB-93AF-1FA154776D31}.Release|x86.ActiveCfg = Release|x64
		{F3E1981B-8B8C-35DB-93AF-1FA154776D31}.RelWithDebInfo|x64.ActiveCfg = RelWithDebInfo|x64
		{F3E1981B-8B8C-35DB-93AF-1FA154776D31}.RelWithDebInfo|x64.Build.0 = RelWithDebInfo|x64
		{F3E1981B-8B8C-35DB-93AF-1FA154776D31}.RelWithDebInfo|x86.ActiveCfg = RelWithDebInfo|x64
		{B21D8596-0D69-3526-825C-2EEC30ED52F5}.Debug|x64.ActiveCfg = Debug|x64
		{B21D8596-0D69-3526-825C-2EEC30ED52F5}.Debug|x64.Build.0 = Debug|x64
		{B21D8596-0D69-3526-825C-2EEC30ED52F5}.Debug|x86.ActiveCfg = Debug|x64
		{B21D8596-0D69-3526-825C-2EEC30ED52F5}.MinSizeRel|x64.ActiveCfg = MinSizeRel|x64
		{B21D8596-0D69-3526-825C-2EEC30ED52F5}.MinSizeRel|x64.Build.0 = MinSizeRel|x64
		{B21D8596-0D69-3526-825C-2EEC30ED52F5}.MinSizeRel|x86.ActiveCfg = MinSizeRel|x64
		{B21D8596-0D69-3526-825C-2EEC30ED52F5}.Release|x64.ActiveCfg = Release|x64
		{B21D8596-0D69-3526-825C-2EEC30ED52F5}.Release|x64.Build.0 = Release|x64
		{B21D8596-0D69-3526-825C-2EEC30ED52F5}.Release|x86.ActiveCfg = Release|x64
		{B21D8596-0D69-3526-825C-2EEC30ED52F5}.RelWithDebInfo|x64.ActiveCfg = RelWithDebInfo|x64
		{B21D8596-0D69-3526-825C-2EEC30ED52F5}.RelWithDebInfo|x64.Build.0 = RelWithDebInfo|x64
		{B21D8596-0D69-3526-825C-2EEC30ED52F5}.RelWithDebInfo|x86.ActiveCfg = RelWithDebInfo|x64
		{38BA505C-2B54-374B-A7E6-5C4AFD22DC28}.Debug|x64.ActiveCfg = Debug|x64
		{38BA505C-2B54-374B-A7E6-5C4AFD22DC28}.Debug|x64.Build.0 = Debug|x64
		{38BA505C-2B54-374B-A7E6-5C4AFD22DC28}.Debug|x86.ActiveCfg = Debug|x64
		{38BA505C-2B54-374B-A7E6-5C4AFD22DC28}.MinSizeRel|x64.ActiveCfg = MinSizeRel|x64
		{38BA505C-2B54-374B-A7E6-5C4AFD22DC28}.MinSizeRel|x64.Build.0 = MinSizeRel|x64
		{38BA505C-2B54-374B-A7E6-5C4AFD22DC28}.MinSizeRel|x86.ActiveCfg = MinSizeRel|x64
		{38BA505C-2B54-374B-A7E6-5C4AFD22DC28}.Release|x64.ActiveCfg = Release|x64
		{38BA505C-2B54-374B-A7E6-5C4AFD22DC28}.Release|x64.Build.0 = Release|x64
		{38BA505C-2B54-374B-A7E6-5C4AFD22DC28}.Release|x86.ActiveCfg = Release|x64
		{38BA505C-2B54-374B-A7E6-5C4AFD22DC28}.RelWithDebInfo|x64.ActiveCfg = RelWithDebInfo|x64
		{38BA505C-2B54-374B-A7E6-5C4AFD22DC28}.RelWithDebInfo|x64.Build.0 = RelWithDebInfo|x64
		{38BA505C-2B54-374B-A7E6-5C4AFD22DC28}.RelWithDebInfo|x86.ActiveCfg = RelWithDebInfo|x64
		{9ACB8AC8-3E0C-31F6-8B84-F4A4884FE1E9}.Debug|x64.ActiveCfg = Debug|x64
		{9ACB8AC8-3E0C-31F6-8B84-F4A4884FE1E9}.Debug|x64.Build.0 = Debug|x64
		{9ACB8AC8-3E0C-31F6-8B84-F4A4884FE1E9}.Debug|x86.ActiveCfg = Debug|x64
		{9ACB8AC8-3E0C-31F6-8B84-F4A4884FE1E9}.MinSizeRel|x64.ActiveCfg = MinSizeRel|x64
		{9ACB8AC8-3E0C-31F6-8B84-F4A4884FE1E9}.MinSizeRel|x64.Build.0 = MinSizeRel|x64
		{9ACB8AC8-3E0C-31F6-8B84-F4A4884FE1E9}.MinSizeRel|x86.ActiveCfg = MinSizeRel|x64
		{9ACB8AC8-3E0C-31F6-8B84-F4A4884FE1E9}.Release|x64.ActiveCfg = Release|x64
		{9ACB8AC8-3E0C-31F6-8B84-F4A4884FE1E9}.Release|x64.Build.0 = Release|x64
		{9ACB8AC8-3E0C-31F6-8B84-F4A4884FE1E9}.Release|x86.ActiveCfg = Release|x64
		{9ACB8AC8-3E0C-31F6-8B84-F4A4884FE1E9}.RelWithDebInfo|x64.ActiveCfg = RelWithDebInfo|x64
		{9ACB8AC8-3E0C-31F6-8B84-F4A4884FE1E9}.RelWithDebInfo|x64.Build.0 = RelWithDebInfo|x64
		{9ACB8AC8-3E0C-31F6-8B84-F4A4884FE1E9}.RelWithDebInfo|x86.ActiveCfg = RelWithDebInfo|x64
		{891CCB6E-7027-4B53-9221-8FC9E730F359}.Debug|x64.ActiveCfg = Debug|x64
		{891CCB6E-7027-4B53-9221-8FC9E730F359}.Debug|x64.Build.0 = Debug|x64
		{891CCB6E-7027-4B53-9221-8FC9E730F359}.Debug|x86.ActiveCfg = Debug|Win32
		{891CCB6E-7027-4B53-9221-8FC9E730F359}.Debug|x86.Build.0 = Debug|Win32
		{891CCB6E-7027-4B53-9221-8FC9E730F359}.MinSizeRel|x64.ActiveCfg = Debug|x64
		{891CCB6E-7027-4B53-9221-8FC9E730F359}.MinSizeRel|x64.Build.0 = Debug|x64
		{891CCB6E-7027-4B53-9221-8FC9E730F359}.MinSizeRel|x86.ActiveCfg = Debug|Win32
		{891CCB6E-7027-4B53-9221-8FC9E730F359}.MinSizeRel|x86.Build.0 = Debug|Win32
		{891CCB6E-7027-4B53-9221-8FC9E730F359}.Release|x64.ActiveCfg = Release|x64
		{891CCB6E-7027-4B53-9221-8FC9E730F359}.Release|x64.Build.0 = Release|x64
		{891CCB6E-7027-4B53-9221-8FC9E730F359}.Release|x86.ActiveCfg = Release|Win32
		{891CCB6E-7027-4B53-9221-8FC9E730F359}.Release|x86.Build.0 = Release|Win32
		{891CCB6E-7027-4B53-9221-8FC9E730F359}.RelWithDebInfo|x64.ActiveCfg = Release|x64
		{891CCB6E-7027-4B53-9221-8FC9E730F359}.RelWithDebInfo|x64.Build.0 = Release|x64
		{891CCB6E-7027-4B53-9221-8FC9E730F359}.RelWithDebInfo|x86.ActiveCfg = Release|Win32
		{891CCB6E-7027-4B53-9221-8FC9E730F359}.RelWithDebInfo|x86.Build.0 = Release|Win32
		{2E3A5D34-F781-41DF-AC72-1567895B08F0}.Debug|x64.ActiveCfg = Debug|x64
		{2E3A5D34-F781-41DF-AC72-1567895B08F0}.Debug|x64.Build.0 = Debug|x64
		{2E3A5D34-F781-41DF-AC72-1567895B08F0}.Debug|x86.ActiveCfg = Debug|Win32
		{2E3A5D34-F781-41DF-AC72-1567895B08F0}.Debug|x86.Build.0 = Debug|Win32
		{2E3A5D34-F781-41DF-AC72-1567895B08F0}.MinSizeRel|x64.ActiveCfg = Debug|x64
		{2E3A5D34-F781-41DF-AC72-1567895B08F0}.MinSizeRel|x64.Build.0 = Debug|x64
		{2E3A5D34-F781-41DF-AC72-1567895B08F0}.MinSizeRel|x86.ActiveCfg = Debug|Win32
		{2E3A5D34-F781-41DF-AC72-1567895B08F0}.MinSizeRel|x86.Build.0 = Debug|Win32
		{2E3A5D34-F781-41DF-AC72-1567895B08F0}.Release|x64.ActiveCfg = Release|x64
		{2E3A5D34-F781-41DF-AC72-1567895B08F0}.Release|x64.Build.0 = Release|x64
		{2E3A5D34-F781-41DF-AC72-1567895B08F0}.Release|x86.ActiveCfg = Release|Win32
		{2E3A5D34-F781-41DF-AC72-1567895B08F0}.Release|x86.Build.0 = Release|Win32
		{2E3A5D34-F781-41DF-AC72-1567895B08F0}.RelWithDebInfo|x64.ActiveCfg = Release|x64
		{2E3A5D34-F781-41DF-AC72-1567895B08F0}.RelWithDebInfo|x64.Build.0 = Release|x64
		{2E3A5D34-F781-41DF-AC72-1567895B08F0}.RelWithDebInfo|x86.ActiveCfg = Release|Win32
		{2E3A5D34-F781-41DF-AC72-1567895B08F0}.RelWithDebInfo|x86.Build.0 = Release|Win32
	EndGlobalSection
	GlobalSection(SolutionProperties) = preSolution
		HideSolutionNode = FALSE
	EndGlobalSection
	GlobalSection(ExtensibilityGlobals) = postSolution
		SolutionGuid = {92E0AEE1-DCE4-375E-B650-5D66840A5424}
	EndGlobalSection
EndGlobal
