<?xml version="1.0" encoding="utf-8"?>
<Project ToolsVersion="16.0" xmlns="http://schemas.microsoft.com/developer/msbuild/2003">
  <ItemGroup>
    <CustomBuild Include="F:\quicNew\mvfst\vs2019\CMakeFiles\ffc24dbc62485571885617dc84c2f330\generate.stamp.rule">
      <Filter>CMake Rules</Filter>
    </CustomBuild>
  </ItemGroup>
  <ItemGroup>
    <Filter Include="CMake Rules">
      <UniqueIdentifier>{C13C9E38-BE8C-3606-9CD4-4CF80E5676BF}</UniqueIdentifier>
    </Filter>
  </ItemGroup>
</Project>
