<?xml version="1.0" encoding="utf-8"?>
<Project ToolsVersion="16.0" xmlns="http://schemas.microsoft.com/developer/msbuild/2003">
  <ItemGroup>
    <CustomBuild Include="F:\quicNew\mvfst\vs2019\CMakeFiles\d5161d1a0aa66fd2b623281b49f09cf0\INSTALL_force.rule">
      <Filter>CMake Rules</Filter>
    </CustomBuild>
  </ItemGroup>
  <ItemGroup>
    <Filter Include="CMake Rules">
      <UniqueIdentifier>{C13C9E38-BE8C-3606-9CD4-4CF80E5676BF}</UniqueIdentifier>
    </Filter>
  </ItemGroup>
</Project>
