<?xml version="1.0" encoding="utf-8"?>
<Project ToolsVersion="16.0" xmlns="http://schemas.microsoft.com/developer/msbuild/2003">
  <ItemGroup>
    <ClCompile Include="F:\quicNew\fmt\src\format.cc">
      <Filter>Source Files</Filter>
    </ClCompile>
    <ClCompile Include="F:\quicNew\fmt\src\os.cc">
      <Filter>Source Files</Filter>
    </ClCompile>
  </ItemGroup>
  <ItemGroup>
    <ClInclude Include="F:\quicNew\fmt\include\fmt\args.h">
      <Filter>Header Files</Filter>
    </ClInclude>
    <ClInclude Include="F:\quicNew\fmt\include\fmt\chrono.h">
      <Filter>Header Files</Filter>
    </ClInclude>
    <ClInclude Include="F:\quicNew\fmt\include\fmt\color.h">
      <Filter>Header Files</Filter>
    </ClInclude>
    <ClInclude Include="F:\quicNew\fmt\include\fmt\compile.h">
      <Filter>Header Files</Filter>
    </ClInclude>
    <ClInclude Include="F:\quicNew\fmt\include\fmt\core.h">
      <Filter>Header Files</Filter>
    </ClInclude>
    <ClInclude Include="F:\quicNew\fmt\include\fmt\format.h">
      <Filter>Header Files</Filter>
    </ClInclude>
    <ClInclude Include="F:\quicNew\fmt\include\fmt\format-inl.h">
      <Filter>Header Files</Filter>
    </ClInclude>
    <ClInclude Include="F:\quicNew\fmt\include\fmt\locale.h">
      <Filter>Header Files</Filter>
    </ClInclude>
    <ClInclude Include="F:\quicNew\fmt\include\fmt\os.h">
      <Filter>Header Files</Filter>
    </ClInclude>
    <ClInclude Include="F:\quicNew\fmt\include\fmt\ostream.h">
      <Filter>Header Files</Filter>
    </ClInclude>
    <ClInclude Include="F:\quicNew\fmt\include\fmt\posix.h">
      <Filter>Header Files</Filter>
    </ClInclude>
    <ClInclude Include="F:\quicNew\fmt\include\fmt\printf.h">
      <Filter>Header Files</Filter>
    </ClInclude>
    <ClInclude Include="F:\quicNew\fmt\include\fmt\ranges.h">
      <Filter>Header Files</Filter>
    </ClInclude>
  </ItemGroup>
  <ItemGroup>
    <CustomBuild Include="F:\quicNew\fmt\CMakeLists.txt" />
  </ItemGroup>
  <ItemGroup>
    <None Include="F:\quicNew\fmt\README.rst" />
    <None Include="F:\quicNew\fmt\ChangeLog.rst" />
  </ItemGroup>
  <ItemGroup>
    <Filter Include="Header Files">
      <UniqueIdentifier>{C9E7FE44-F02D-3DB8-B030-2A325458979B}</UniqueIdentifier>
    </Filter>
    <Filter Include="Source Files">
      <UniqueIdentifier>{848D3CC9-C8F7-3435-8330-225AAAE81042}</UniqueIdentifier>
    </Filter>
  </ItemGroup>
</Project>
