
Microsoft Visual Studio Solution File, Format Version 12.00
# Visual Studio Version 16
Project("{8BC9CEB8-8B4A-11D0-8D11-00A0C91BC942}") = "ALL_BUILD", "ALL_BUILD.vcxproj", "{7038BBF4-5F5A-3FB9-BDC8-B774E72EB41F}"
	ProjectSection(ProjectDependencies) = postProject
		{F57DFD38-91E6-3DB8-AF16-0A7766A0F10D} = {F57DFD38-91E6-3DB8-AF16-0A7766A0F10D}
		{A569798E-3CC5-3EAA-9D47-59194F4A582E} = {A569798E-3CC5-3EAA-9D47-59194F4A582E}
		{D4D9E6AB-E991-304D-B123-FC7091013777} = {D4D9E6AB-E991-304D-B123-FC7091013777}
		{A241670E-9DA8-34F7-8683-8F0814D4707B} = {A241670E-9DA8-34F7-8683-8F0814D4707B}
		{EAD00751-054C-3CB4-AE49-351F8BABFA0C} = {EAD00751-054C-3CB4-AE49-351F8BABFA0C}
	EndProjectSection
EndProject
Project("{8BC9CEB8-8B4A-11D0-8D11-00A0C91BC942}") = "INSTALL", "INSTALL.vcxproj", "{DC49D312-2BDA-39E2-842A-56CFD4AD7BE1}"
	ProjectSection(ProjectDependencies) = postProject
		{7038BBF4-5F5A-3FB9-BDC8-B774E72EB41F} = {7038BBF4-5F5A-3FB9-BDC8-B774E72EB41F}
		{F57DFD38-91E6-3DB8-AF16-0A7766A0F10D} = {F57DFD38-91E6-3DB8-AF16-0A7766A0F10D}
	EndProjectSection
EndProject
Project("{8BC9CEB8-8B4A-11D0-8D11-00A0C91BC942}") = "RUN_TESTS", "RUN_TESTS.vcxproj", "{8BD86E1C-C38C-3734-9D2E-80D408F4AABC}"
	ProjectSection(ProjectDependencies) = postProject
		{F57DFD38-91E6-3DB8-AF16-0A7766A0F10D} = {F57DFD38-91E6-3DB8-AF16-0A7766A0F10D}
	EndProjectSection
EndProject
Project("{8BC9CEB8-8B4A-11D0-8D11-00A0C91BC942}") = "ZERO_CHECK", "ZERO_CHECK.vcxproj", "{F57DFD38-91E6-3DB8-AF16-0A7766A0F10D}"
	ProjectSection(ProjectDependencies) = postProject
	EndProjectSection
EndProject
Project("{8BC9CEB8-8B4A-11D0-8D11-00A0C91BC942}") = "example", "example.vcxproj", "{A569798E-3CC5-3EAA-9D47-59194F4A582E}"
	ProjectSection(ProjectDependencies) = postProject
		{F57DFD38-91E6-3DB8-AF16-0A7766A0F10D} = {F57DFD38-91E6-3DB8-AF16-0A7766A0F10D}
		{A241670E-9DA8-34F7-8683-8F0814D4707B} = {A241670E-9DA8-34F7-8683-8F0814D4707B}
	EndProjectSection
EndProject
Project("{8BC9CEB8-8B4A-11D0-8D11-00A0C91BC942}") = "minigzip", "minigzip.vcxproj", "{D4D9E6AB-E991-304D-B123-FC7091013777}"
	ProjectSection(ProjectDependencies) = postProject
		{F57DFD38-91E6-3DB8-AF16-0A7766A0F10D} = {F57DFD38-91E6-3DB8-AF16-0A7766A0F10D}
		{A241670E-9DA8-34F7-8683-8F0814D4707B} = {A241670E-9DA8-34F7-8683-8F0814D4707B}
	EndProjectSection
EndProject
Project("{8BC9CEB8-8B4A-11D0-8D11-00A0C91BC942}") = "zlib", "zlib.vcxproj", "{A241670E-9DA8-34F7-8683-8F0814D4707B}"
	ProjectSection(ProjectDependencies) = postProject
		{F57DFD38-91E6-3DB8-AF16-0A7766A0F10D} = {F57DFD38-91E6-3DB8-AF16-0A7766A0F10D}
	EndProjectSection
EndProject
Project("{8BC9CEB8-8B4A-11D0-8D11-00A0C91BC942}") = "zlibstatic", "zlibstatic.vcxproj", "{EAD00751-054C-3CB4-AE49-351F8BABFA0C}"
	ProjectSection(ProjectDependencies) = postProject
		{F57DFD38-91E6-3DB8-AF16-0A7766A0F10D} = {F57DFD38-91E6-3DB8-AF16-0A7766A0F10D}
	EndProjectSection
EndProject
Global
	GlobalSection(SolutionConfigurationPlatforms) = preSolution
		Debug|x64 = Debug|x64
		Release|x64 = Release|x64
		MinSizeRel|x64 = MinSizeRel|x64
		RelWithDebInfo|x64 = RelWithDebInfo|x64
	EndGlobalSection
	GlobalSection(ProjectConfigurationPlatforms) = postSolution
		{7038BBF4-5F5A-3FB9-BDC8-B774E72EB41F}.Debug|x64.ActiveCfg = Debug|x64
		{7038BBF4-5F5A-3FB9-BDC8-B774E72EB41F}.Debug|x64.Build.0 = Debug|x64
		{7038BBF4-5F5A-3FB9-BDC8-B774E72EB41F}.Release|x64.ActiveCfg = Release|x64
		{7038BBF4-5F5A-3FB9-BDC8-B774E72EB41F}.Release|x64.Build.0 = Release|x64
		{7038BBF4-5F5A-3FB9-BDC8-B774E72EB41F}.MinSizeRel|x64.ActiveCfg = MinSizeRel|x64
		{7038BBF4-5F5A-3FB9-BDC8-B774E72EB41F}.MinSizeRel|x64.Build.0 = MinSizeRel|x64
		{7038BBF4-5F5A-3FB9-BDC8-B774E72EB41F}.RelWithDebInfo|x64.ActiveCfg = RelWithDebInfo|x64
		{7038BBF4-5F5A-3FB9-BDC8-B774E72EB41F}.RelWithDebInfo|x64.Build.0 = RelWithDebInfo|x64
		{DC49D312-2BDA-39E2-842A-56CFD4AD7BE1}.Debug|x64.ActiveCfg = Debug|x64
		{DC49D312-2BDA-39E2-842A-56CFD4AD7BE1}.Release|x64.ActiveCfg = Release|x64
		{DC49D312-2BDA-39E2-842A-56CFD4AD7BE1}.MinSizeRel|x64.ActiveCfg = MinSizeRel|x64
		{DC49D312-2BDA-39E2-842A-56CFD4AD7BE1}.RelWithDebInfo|x64.ActiveCfg = RelWithDebInfo|x64
		{8BD86E1C-C38C-3734-9D2E-80D408F4AABC}.Debug|x64.ActiveCfg = Debug|x64
		{8BD86E1C-C38C-3734-9D2E-80D408F4AABC}.Release|x64.ActiveCfg = Release|x64
		{8BD86E1C-C38C-3734-9D2E-80D408F4AABC}.MinSizeRel|x64.ActiveCfg = MinSizeRel|x64
		{8BD86E1C-C38C-3734-9D2E-80D408F4AABC}.RelWithDebInfo|x64.ActiveCfg = RelWithDebInfo|x64
		{F57DFD38-91E6-3DB8-AF16-0A7766A0F10D}.Debug|x64.ActiveCfg = Debug|x64
		{F57DFD38-91E6-3DB8-AF16-0A7766A0F10D}.Debug|x64.Build.0 = Debug|x64
		{F57DFD38-91E6-3DB8-AF16-0A7766A0F10D}.Release|x64.ActiveCfg = Release|x64
		{F57DFD38-91E6-3DB8-AF16-0A7766A0F10D}.Release|x64.Build.0 = Release|x64
		{F57DFD38-91E6-3DB8-AF16-0A7766A0F10D}.MinSizeRel|x64.ActiveCfg = MinSizeRel|x64
		{F57DFD38-91E6-3DB8-AF16-0A7766A0F10D}.MinSizeRel|x64.Build.0 = MinSizeRel|x64
		{F57DFD38-91E6-3DB8-AF16-0A7766A0F10D}.RelWithDebInfo|x64.ActiveCfg = RelWithDebInfo|x64
		{F57DFD38-91E6-3DB8-AF16-0A7766A0F10D}.RelWithDebInfo|x64.Build.0 = RelWithDebInfo|x64
		{A569798E-3CC5-3EAA-9D47-59194F4A582E}.Debug|x64.ActiveCfg = Debug|x64
		{A569798E-3CC5-3EAA-9D47-59194F4A582E}.Debug|x64.Build.0 = Debug|x64
		{A569798E-3CC5-3EAA-9D47-59194F4A582E}.Release|x64.ActiveCfg = Release|x64
		{A569798E-3CC5-3EAA-9D47-59194F4A582E}.Release|x64.Build.0 = Release|x64
		{A569798E-3CC5-3EAA-9D47-59194F4A582E}.MinSizeRel|x64.ActiveCfg = MinSizeRel|x64
		{A569798E-3CC5-3EAA-9D47-59194F4A582E}.MinSizeRel|x64.Build.0 = MinSizeRel|x64
		{A569798E-3CC5-3EAA-9D47-59194F4A582E}.RelWithDebInfo|x64.ActiveCfg = RelWithDebInfo|x64
		{A569798E-3CC5-3EAA-9D47-59194F4A582E}.RelWithDebInfo|x64.Build.0 = RelWithDebInfo|x64
		{D4D9E6AB-E991-304D-B123-FC7091013777}.Debug|x64.ActiveCfg = Debug|x64
		{D4D9E6AB-E991-304D-B123-FC7091013777}.Debug|x64.Build.0 = Debug|x64
		{D4D9E6AB-E991-304D-B123-FC7091013777}.Release|x64.ActiveCfg = Release|x64
		{D4D9E6AB-E991-304D-B123-FC7091013777}.Release|x64.Build.0 = Release|x64
		{D4D9E6AB-E991-304D-B123-FC7091013777}.MinSizeRel|x64.ActiveCfg = MinSizeRel|x64
		{D4D9E6AB-E991-304D-B123-FC7091013777}.MinSizeRel|x64.Build.0 = MinSizeRel|x64
		{D4D9E6AB-E991-304D-B123-FC7091013777}.RelWithDebInfo|x64.ActiveCfg = RelWithDebInfo|x64
		{D4D9E6AB-E991-304D-B123-FC7091013777}.RelWithDebInfo|x64.Build.0 = RelWithDebInfo|x64
		{A241670E-9DA8-34F7-8683-8F0814D4707B}.Debug|x64.ActiveCfg = Debug|x64
		{A241670E-9DA8-34F7-8683-8F0814D4707B}.Debug|x64.Build.0 = Debug|x64
		{A241670E-9DA8-34F7-8683-8F0814D4707B}.Release|x64.ActiveCfg = Release|x64
		{A241670E-9DA8-34F7-8683-8F0814D4707B}.Release|x64.Build.0 = Release|x64
		{A241670E-9DA8-34F7-8683-8F0814D4707B}.MinSizeRel|x64.ActiveCfg = MinSizeRel|x64
		{A241670E-9DA8-34F7-8683-8F0814D4707B}.MinSizeRel|x64.Build.0 = MinSizeRel|x64
		{A241670E-9DA8-34F7-8683-8F0814D4707B}.RelWithDebInfo|x64.ActiveCfg = RelWithDebInfo|x64
		{A241670E-9DA8-34F7-8683-8F0814D4707B}.RelWithDebInfo|x64.Build.0 = RelWithDebInfo|x64
		{EAD00751-054C-3CB4-AE49-351F8BABFA0C}.Debug|x64.ActiveCfg = Debug|x64
		{EAD00751-054C-3CB4-AE49-351F8BABFA0C}.Debug|x64.Build.0 = Debug|x64
		{EAD00751-054C-3CB4-AE49-351F8BABFA0C}.Release|x64.ActiveCfg = Release|x64
		{EAD00751-054C-3CB4-AE49-351F8BABFA0C}.Release|x64.Build.0 = Release|x64
		{EAD00751-054C-3CB4-AE49-351F8BABFA0C}.MinSizeRel|x64.ActiveCfg = MinSizeRel|x64
		{EAD00751-054C-3CB4-AE49-351F8BABFA0C}.MinSizeRel|x64.Build.0 = MinSizeRel|x64
		{EAD00751-054C-3CB4-AE49-351F8BABFA0C}.RelWithDebInfo|x64.ActiveCfg = RelWithDebInfo|x64
		{EAD00751-054C-3CB4-AE49-351F8BABFA0C}.RelWithDebInfo|x64.Build.0 = RelWithDebInfo|x64
	EndGlobalSection
	GlobalSection(ExtensibilityGlobals) = postSolution
		SolutionGuid = {EA75D34D-3E54-3DA2-91F7-851CFFE41F9F}
	EndGlobalSection
	GlobalSection(ExtensibilityAddIns) = postSolution
	EndGlobalSection
EndGlobal
