
Microsoft Visual Studio Solution File, Format Version 12.00
# Visual Studio Version 16
Project("{8BC9CEB8-8B4A-11D0-8D11-00A0C91BC942}") = "ALL_BUILD", "ALL_BUILD.vcxproj", "{941AC6BE-5905-3934-BDC8-AD78584D7E30}"
	ProjectSection(ProjectDependencies) = postProject
		{1A1233C6-7B44-3A1D-9CF4-18C4DDD968B6} = {1A1233C6-7B44-3A1D-9CF4-18C4DDD968B6}
		{74738E36-4A86-32B1-AFF1-684DD3C102D9} = {74738E36-4A86-32B1-AFF1-684DD3C102D9}
		{9A2487F2-EA56-3BBA-A9EF-97C92044BB19} = {9A2487F2-EA56-3BBA-A9EF-97C92044BB19}
		{7195F63E-8393-33AC-BC0B-7FF6883F2878} = {7195F63E-8393-33AC-BC0B-7FF6883F2878}
		{1C137291-8CEE-30EF-819C-0706A037E8E6} = {1C137291-8CEE-30EF-819C-0706A037E8E6}
	EndProjectSection
EndProject
Project("{8BC9CEB8-8B4A-11D0-8D11-00A0C91BC942}") = "BogoShim", "BogoShim.vcxproj", "{1A1233C6-7B44-3A1D-9CF4-18C4DDD968B6}"
	ProjectSection(ProjectDependencies) = postProject
		{9A2487F2-EA56-3BBA-A9EF-97C92044BB19} = {9A2487F2-EA56-3BBA-A9EF-97C92044BB19}
		{7195F63E-8393-33AC-BC0B-7FF6883F2878} = {7195F63E-8393-33AC-BC0B-7FF6883F2878}
	EndProjectSection
EndProject
Project("{8BC9CEB8-8B4A-11D0-8D11-00A0C91BC942}") = "FizzTool", "FizzTool.vcxproj", "{74738E36-4A86-32B1-AFF1-684DD3C102D9}"
	ProjectSection(ProjectDependencies) = postProject
		{9A2487F2-EA56-3BBA-A9EF-97C92044BB19} = {9A2487F2-EA56-3BBA-A9EF-97C92044BB19}
		{7195F63E-8393-33AC-BC0B-7FF6883F2878} = {7195F63E-8393-33AC-BC0B-7FF6883F2878}
	EndProjectSection
EndProject
Project("{8BC9CEB8-8B4A-11D0-8D11-00A0C91BC942}") = "INSTALL", "INSTALL.vcxproj", "{CF2543D6-5505-3F7B-90AA-FF812135B444}"
	ProjectSection(ProjectDependencies) = postProject
		{941AC6BE-5905-3934-BDC8-AD78584D7E30} = {941AC6BE-5905-3934-BDC8-AD78584D7E30}
		{9A2487F2-EA56-3BBA-A9EF-97C92044BB19} = {9A2487F2-EA56-3BBA-A9EF-97C92044BB19}
	EndProjectSection
EndProject
Project("{8BC9CEB8-8B4A-11D0-8D11-00A0C91BC942}") = "PACKAGE", "PACKAGE.vcxproj", "{21280C5D-E786-34A2-B6DE-7243A5B3354F}"
	ProjectSection(ProjectDependencies) = postProject
		{941AC6BE-5905-3934-BDC8-AD78584D7E30} = {941AC6BE-5905-3934-BDC8-AD78584D7E30}
		{9A2487F2-EA56-3BBA-A9EF-97C92044BB19} = {9A2487F2-EA56-3BBA-A9EF-97C92044BB19}
	EndProjectSection
EndProject
Project("{8BC9CEB8-8B4A-11D0-8D11-00A0C91BC942}") = "ZERO_CHECK", "ZERO_CHECK.vcxproj", "{9A2487F2-EA56-3BBA-A9EF-97C92044BB19}"
	ProjectSection(ProjectDependencies) = postProject
	EndProjectSection
EndProject
Project("{8BC9CEB8-8B4A-11D0-8D11-00A0C91BC942}") = "fizz", "fizz.vcxproj", "{7195F63E-8393-33AC-BC0B-7FF6883F2878}"
	ProjectSection(ProjectDependencies) = postProject
		{9A2487F2-EA56-3BBA-A9EF-97C92044BB19} = {9A2487F2-EA56-3BBA-A9EF-97C92044BB19}
	EndProjectSection
EndProject
Project("{8BC9CEB8-8B4A-11D0-8D11-00A0C91BC942}") = "fizz_test_support", "fizz_test_support.vcxproj", "{1C137291-8CEE-30EF-819C-0706A037E8E6}"
	ProjectSection(ProjectDependencies) = postProject
		{9A2487F2-EA56-3BBA-A9EF-97C92044BB19} = {9A2487F2-EA56-3BBA-A9EF-97C92044BB19}
		{7195F63E-8393-33AC-BC0B-7FF6883F2878} = {7195F63E-8393-33AC-BC0B-7FF6883F2878}
	EndProjectSection
EndProject
Global
	GlobalSection(SolutionConfigurationPlatforms) = preSolution
		Debug|x64 = Debug|x64
		Release|x64 = Release|x64
		MinSizeRel|x64 = MinSizeRel|x64
		RelWithDebInfo|x64 = RelWithDebInfo|x64
	EndGlobalSection
	GlobalSection(ProjectConfigurationPlatforms) = postSolution
		{941AC6BE-5905-3934-BDC8-AD78584D7E30}.Debug|x64.ActiveCfg = Debug|x64
		{941AC6BE-5905-3934-BDC8-AD78584D7E30}.Debug|x64.Build.0 = Debug|x64
		{941AC6BE-5905-3934-BDC8-AD78584D7E30}.Release|x64.ActiveCfg = Release|x64
		{941AC6BE-5905-3934-BDC8-AD78584D7E30}.Release|x64.Build.0 = Release|x64
		{941AC6BE-5905-3934-BDC8-AD78584D7E30}.MinSizeRel|x64.ActiveCfg = MinSizeRel|x64
		{941AC6BE-5905-3934-BDC8-AD78584D7E30}.MinSizeRel|x64.Build.0 = MinSizeRel|x64
		{941AC6BE-5905-3934-BDC8-AD78584D7E30}.RelWithDebInfo|x64.ActiveCfg = RelWithDebInfo|x64
		{941AC6BE-5905-3934-BDC8-AD78584D7E30}.RelWithDebInfo|x64.Build.0 = RelWithDebInfo|x64
		{1A1233C6-7B44-3A1D-9CF4-18C4DDD968B6}.Debug|x64.ActiveCfg = Debug|x64
		{1A1233C6-7B44-3A1D-9CF4-18C4DDD968B6}.Debug|x64.Build.0 = Debug|x64
		{1A1233C6-7B44-3A1D-9CF4-18C4DDD968B6}.Release|x64.ActiveCfg = Release|x64
		{1A1233C6-7B44-3A1D-9CF4-18C4DDD968B6}.Release|x64.Build.0 = Release|x64
		{1A1233C6-7B44-3A1D-9CF4-18C4DDD968B6}.MinSizeRel|x64.ActiveCfg = MinSizeRel|x64
		{1A1233C6-7B44-3A1D-9CF4-18C4DDD968B6}.MinSizeRel|x64.Build.0 = MinSizeRel|x64
		{1A1233C6-7B44-3A1D-9CF4-18C4DDD968B6}.RelWithDebInfo|x64.ActiveCfg = RelWithDebInfo|x64
		{1A1233C6-7B44-3A1D-9CF4-18C4DDD968B6}.RelWithDebInfo|x64.Build.0 = RelWithDebInfo|x64
		{74738E36-4A86-32B1-AFF1-684DD3C102D9}.Debug|x64.ActiveCfg = Debug|x64
		{74738E36-4A86-32B1-AFF1-684DD3C102D9}.Debug|x64.Build.0 = Debug|x64
		{74738E36-4A86-32B1-AFF1-684DD3C102D9}.Release|x64.ActiveCfg = Release|x64
		{74738E36-4A86-32B1-AFF1-684DD3C102D9}.Release|x64.Build.0 = Release|x64
		{74738E36-4A86-32B1-AFF1-684DD3C102D9}.MinSizeRel|x64.ActiveCfg = MinSizeRel|x64
		{74738E36-4A86-32B1-AFF1-684DD3C102D9}.MinSizeRel|x64.Build.0 = MinSizeRel|x64
		{74738E36-4A86-32B1-AFF1-684DD3C102D9}.RelWithDebInfo|x64.ActiveCfg = RelWithDebInfo|x64
		{74738E36-4A86-32B1-AFF1-684DD3C102D9}.RelWithDebInfo|x64.Build.0 = RelWithDebInfo|x64
		{CF2543D6-5505-3F7B-90AA-FF812135B444}.Debug|x64.ActiveCfg = Debug|x64
		{CF2543D6-5505-3F7B-90AA-FF812135B444}.Release|x64.ActiveCfg = Release|x64
		{CF2543D6-5505-3F7B-90AA-FF812135B444}.MinSizeRel|x64.ActiveCfg = MinSizeRel|x64
		{CF2543D6-5505-3F7B-90AA-FF812135B444}.RelWithDebInfo|x64.ActiveCfg = RelWithDebInfo|x64
		{21280C5D-E786-34A2-B6DE-7243A5B3354F}.Debug|x64.ActiveCfg = Debug|x64
		{21280C5D-E786-34A2-B6DE-7243A5B3354F}.Release|x64.ActiveCfg = Release|x64
		{21280C5D-E786-34A2-B6DE-7243A5B3354F}.MinSizeRel|x64.ActiveCfg = MinSizeRel|x64
		{21280C5D-E786-34A2-B6DE-7243A5B3354F}.RelWithDebInfo|x64.ActiveCfg = RelWithDebInfo|x64
		{9A2487F2-EA56-3BBA-A9EF-97C92044BB19}.Debug|x64.ActiveCfg = Debug|x64
		{9A2487F2-EA56-3BBA-A9EF-97C92044BB19}.Debug|x64.Build.0 = Debug|x64
		{9A2487F2-EA56-3BBA-A9EF-97C92044BB19}.Release|x64.ActiveCfg = Release|x64
		{9A2487F2-EA56-3BBA-A9EF-97C92044BB19}.Release|x64.Build.0 = Release|x64
		{9A2487F2-EA56-3BBA-A9EF-97C92044BB19}.MinSizeRel|x64.ActiveCfg = MinSizeRel|x64
		{9A2487F2-EA56-3BBA-A9EF-97C92044BB19}.MinSizeRel|x64.Build.0 = MinSizeRel|x64
		{9A2487F2-EA56-3BBA-A9EF-97C92044BB19}.RelWithDebInfo|x64.ActiveCfg = RelWithDebInfo|x64
		{9A2487F2-EA56-3BBA-A9EF-97C92044BB19}.RelWithDebInfo|x64.Build.0 = RelWithDebInfo|x64
		{7195F63E-8393-33AC-BC0B-7FF6883F2878}.Debug|x64.ActiveCfg = Debug|x64
		{7195F63E-8393-33AC-BC0B-7FF6883F2878}.Debug|x64.Build.0 = Debug|x64
		{7195F63E-8393-33AC-BC0B-7FF6883F2878}.Release|x64.ActiveCfg = Release|x64
		{7195F63E-8393-33AC-BC0B-7FF6883F2878}.Release|x64.Build.0 = Release|x64
		{7195F63E-8393-33AC-BC0B-7FF6883F2878}.MinSizeRel|x64.ActiveCfg = MinSizeRel|x64
		{7195F63E-8393-33AC-BC0B-7FF6883F2878}.MinSizeRel|x64.Build.0 = MinSizeRel|x64
		{7195F63E-8393-33AC-BC0B-7FF6883F2878}.RelWithDebInfo|x64.ActiveCfg = RelWithDebInfo|x64
		{7195F63E-8393-33AC-BC0B-7FF6883F2878}.RelWithDebInfo|x64.Build.0 = RelWithDebInfo|x64
		{1C137291-8CEE-30EF-819C-0706A037E8E6}.Debug|x64.ActiveCfg = Debug|x64
		{1C137291-8CEE-30EF-819C-0706A037E8E6}.Debug|x64.Build.0 = Debug|x64
		{1C137291-8CEE-30EF-819C-0706A037E8E6}.Release|x64.ActiveCfg = Release|x64
		{1C137291-8CEE-30EF-819C-0706A037E8E6}.Release|x64.Build.0 = Release|x64
		{1C137291-8CEE-30EF-819C-0706A037E8E6}.MinSizeRel|x64.ActiveCfg = MinSizeRel|x64
		{1C137291-8CEE-30EF-819C-0706A037E8E6}.MinSizeRel|x64.Build.0 = MinSizeRel|x64
		{1C137291-8CEE-30EF-819C-0706A037E8E6}.RelWithDebInfo|x64.ActiveCfg = RelWithDebInfo|x64
		{1C137291-8CEE-30EF-819C-0706A037E8E6}.RelWithDebInfo|x64.Build.0 = RelWithDebInfo|x64
	EndGlobalSection
	GlobalSection(ExtensibilityGlobals) = postSolution
		SolutionGuid = {8286689A-9E47-3EE5-9D1E-2AEBA7CA97FC}
	EndGlobalSection
	GlobalSection(ExtensibilityAddIns) = postSolution
	EndGlobalSection
EndGlobal
