<?xml version="1.0" encoding="utf-8"?>
<Project ToolsVersion="16.0" xmlns="http://schemas.microsoft.com/developer/msbuild/2003">
  <ItemGroup>
    <ClCompile Include="F:\quicNew\fizz\fizz\crypto\aead\test\TestUtil.cpp">
      <Filter>Source Files</Filter>
    </ClCompile>
    <ClCompile Include="F:\quicNew\fizz\fizz\crypto\test\TestUtil.cpp">
      <Filter>Source Files</Filter>
    </ClCompile>
    <ClCompile Include="F:\quicNew\fizz\fizz\protocol\ech\test\TestUtil.cpp">
      <Filter>Source Files</Filter>
    </ClCompile>
  </ItemGroup>
  <ItemGroup>
    <ClInclude Include="F:\quicNew\fizz\fizz\client\test\Mocks.h">
      <Filter>Header Files</Filter>
    </ClInclude>
    <ClInclude Include="F:\quicNew\fizz\fizz\client\test\Utilities.h">
      <Filter>Header Files</Filter>
    </ClInclude>
    <ClInclude Include="F:\quicNew\fizz\fizz\crypto\aead\test\Mocks.h">
      <Filter>Header Files</Filter>
    </ClInclude>
    <ClInclude Include="F:\quicNew\fizz\fizz\crypto\aead\test\TestUtil.h">
      <Filter>Header Files</Filter>
    </ClInclude>
    <ClInclude Include="F:\quicNew\fizz\fizz\crypto\exchange\test\Mocks.h">
      <Filter>Header Files</Filter>
    </ClInclude>
    <ClInclude Include="F:\quicNew\fizz\fizz\crypto\test\Mocks.h">
      <Filter>Header Files</Filter>
    </ClInclude>
    <ClInclude Include="F:\quicNew\fizz\fizz\crypto\test\TestUtil.h">
      <Filter>Header Files</Filter>
    </ClInclude>
    <ClInclude Include="F:\quicNew\fizz\fizz\crypto\hpke\test\Mocks.h">
      <Filter>Header Files</Filter>
    </ClInclude>
    <ClInclude Include="F:\quicNew\fizz\fizz\protocol\test\Matchers.h">
      <Filter>Header Files</Filter>
    </ClInclude>
    <ClInclude Include="F:\quicNew\fizz\fizz\protocol\test\Mocks.h">
      <Filter>Header Files</Filter>
    </ClInclude>
    <ClInclude Include="F:\quicNew\fizz\fizz\protocol\test\ProtocolTest.h">
      <Filter>Header Files</Filter>
    </ClInclude>
    <ClInclude Include="F:\quicNew\fizz\fizz\protocol\test\TestMessages.h">
      <Filter>Header Files</Filter>
    </ClInclude>
    <ClInclude Include="F:\quicNew\fizz\fizz\protocol\test\Utilities.h">
      <Filter>Header Files</Filter>
    </ClInclude>
    <ClInclude Include="F:\quicNew\fizz\fizz\protocol\clock\test\Mocks.h">
      <Filter>Header Files</Filter>
    </ClInclude>
    <ClInclude Include="F:\quicNew\fizz\fizz\record\test\ExtensionTestsBase.h">
      <Filter>Header Files</Filter>
    </ClInclude>
    <ClInclude Include="F:\quicNew\fizz\fizz\record\test\Mocks.h">
      <Filter>Header Files</Filter>
    </ClInclude>
    <ClInclude Include="F:\quicNew\fizz\fizz\server\test\Mocks.h">
      <Filter>Header Files</Filter>
    </ClInclude>
    <ClInclude Include="F:\quicNew\fizz\fizz\server\test\Utils.h">
      <Filter>Header Files</Filter>
    </ClInclude>
    <ClInclude Include="F:\quicNew\fizz\fizz\test\HandshakeTest.h">
      <Filter>Header Files</Filter>
    </ClInclude>
    <ClInclude Include="F:\quicNew\fizz\fizz\test\LocalTransport.h">
      <Filter>Header Files</Filter>
    </ClInclude>
  </ItemGroup>
  <ItemGroup>
    <CustomBuild Include="F:\quicNew\fizz\fizz\CMakeLists.txt" />
  </ItemGroup>
  <ItemGroup>
    <Filter Include="Header Files">
      <UniqueIdentifier>{B5504440-34F0-3292-839D-F137D5B90898}</UniqueIdentifier>
    </Filter>
    <Filter Include="Source Files">
      <UniqueIdentifier>{FAC972FA-BB4D-3671-A895-4FEC450456D8}</UniqueIdentifier>
    </Filter>
  </ItemGroup>
</Project>
