<?xml version="1.0" encoding="utf-8"?>
<Project ToolsVersion="16.0" xmlns="http://schemas.microsoft.com/developer/msbuild/2003">
  <ItemGroup>
    <ClCompile Include="F:\quicNew\fmt\test\gmock-gtest-all.cc">
      <Filter>Source Files</Filter>
    </ClCompile>
  </ItemGroup>
  <ItemGroup>
    <ClInclude Include="F:\quicNew\fmt\test\gmock\gmock.h">
      <Filter>Header Files</Filter>
    </ClInclude>
    <ClInclude Include="F:\quicNew\fmt\test\gtest\gtest.h">
      <Filter>Header Files</Filter>
    </ClInclude>
    <ClInclude Include="F:\quicNew\fmt\test\gtest\gtest-spi.h">
      <Filter>Header Files</Filter>
    </ClInclude>
  </ItemGroup>
  <ItemGroup>
    <CustomBuild Include="F:\quicNew\fmt\test\CMakeLists.txt" />
  </ItemGroup>
  <ItemGroup>
    <Filter Include="Header Files">
      <UniqueIdentifier>{C9E7FE44-F02D-3DB8-B030-2A325458979B}</UniqueIdentifier>
    </Filter>
    <Filter Include="Source Files">
      <UniqueIdentifier>{848D3CC9-C8F7-3435-8330-225AAAE81042}</UniqueIdentifier>
    </Filter>
  </ItemGroup>
</Project>
